
Microsoft Visual Studio Solution File, Format Version 12.00
# Visual Studio 2013
VisualStudioVersion = 12.0.30501.0
MinimumVisualStudioVersion = 10.0.40219.1
Project("{2150E333-8FDC-42A3-9474-1A3956D46DE8}") = ".Common", ".Common", "{E950E9B4-0546-4D84-A7CC-F17474D230CC}"
	ProjectSection(SolutionItems) = preProject
		CommonAssemblyInfo.cs = CommonAssemblyInfo.cs
		license.txt = license.txt
		nuspec\nuget.exe = nuspec\nuget.exe
		nuspec\pack.cmd = nuspec\pack.cmd
		readme.md = readme.md
	EndProjectSection
EndProject
Project("{2150E333-8FDC-42A3-9474-1A3956D46DE8}") = "Bar Code Scanner", "Bar Code Scanner", "{DD617AB3-E79F-44D8-9ED7-CE7DD06EA51A}"
	ProjectSection(SolutionItems) = preProject
		nuspec\Acr.XamForms.BarCodeScanner.nuspec = nuspec\Acr.XamForms.BarCodeScanner.nuspec
		nuspec\Bootstrap\BarCodeScannerBootstrap.cs.pp = nuspec\Bootstrap\BarCodeScannerBootstrap.cs.pp
	EndProjectSection
EndProject
Project("{2150E333-8FDC-42A3-9474-1A3956D46DE8}") = "User Dialogs", "User Dialogs", "{402AAF82-296F-4C93-8662-F3BB5185AB91}"
	ProjectSection(SolutionItems) = preProject
		nuspec\Acr.XamForms.UserDialogs.nuspec = nuspec\Acr.XamForms.UserDialogs.nuspec
		nuspec\Bootstrap\UserDialogsBootstrap.cs.pp = nuspec\Bootstrap\UserDialogsBootstrap.cs.pp
	EndProjectSection
EndProject
Project("{2150E333-8FDC-42A3-9474-1A3956D46DE8}") = ".Samples", ".Samples", "{21CC8547-CA75-41BF-91AB-319DCE25B7E9}"
EndProject
Project("{FAE04EC0-301F-11D3-BF4B-00C04F79EFBC}") = "Acr.XamForms", "Acr.XamForms\Acr.XamForms.csproj", "{85E3C63B-A17E-46EF-87CE-9A8E58FEDE4D}"
EndProject
Project("{2150E333-8FDC-42A3-9474-1A3956D46DE8}") = "Mobile Services", "Mobile Services", "{98DD5441-283D-4D48-AFD1-0522524F20C7}"
	ProjectSection(SolutionItems) = preProject
		nuspec\Acr.XamForms.Mobile.nuspec = nuspec\Acr.XamForms.Mobile.nuspec
		nuspec\Bootstrap\MobileBootstrap.cs.pp = nuspec\Bootstrap\MobileBootstrap.cs.pp
	EndProjectSection
EndProject
Project("{FAE04EC0-301F-11D3-BF4B-00C04F79EFBC}") = "Samples", "Samples\Samples\Samples.csproj", "{CC18E151-5792-4DA5-ADE6-7CFBA16A593E}"
EndProject
Project("{FAE04EC0-301F-11D3-BF4B-00C04F79EFBC}") = "Samples.iOS", "Samples\Samples.iOS\Samples.iOS.csproj", "{2142B859-21E9-484D-880A-26AD708569DB}"
EndProject
Project("{FAE04EC0-301F-11D3-BF4B-00C04F79EFBC}") = "Samples.Android", "Samples\Samples.Android\Samples.Android.csproj", "{3AC4ED82-3D1E-4767-8C17-39EF6337AA64}"
EndProject
Project("{FAE04EC0-301F-11D3-BF4B-00C04F79EFBC}") = "Samples.WinPhone", "Samples\Samples.WinPhone\Samples.WinPhone.csproj", "{5446C4A3-ED4C-48F0-99BD-F2B60F867475}"
EndProject
Project("{FAE04EC0-301F-11D3-BF4B-00C04F79EFBC}") = "Acr.XamForms.BarCodeScanner", "Acr.XamForms.BarCodeScanner\Acr.XamForms.BarCodeScanner.csproj", "{1ED7E825-98ED-4740-8DD7-96E4AA3F1128}"
EndProject
Project("{FAE04EC0-301F-11D3-BF4B-00C04F79EFBC}") = "Acr.XamForms.BarCodeScanner.Droid", "Acr.XamForms.BarCodeScanner.Droid\Acr.XamForms.BarCodeScanner.Droid.csproj", "{0EF6C543-9A82-4A29-A251-4D0A900232DD}"
EndProject
Project("{D954291E-2A0B-460D-934E-DC6B0785DB48}") = "Acr.XamForms.BarCodeScanner.Shared", "Acr.XamForms.BarCodeScanner.Shared\Acr.XamForms.BarCodeScanner.Shared.shproj", "{6646E5EE-5534-4274-B99F-39CA222B23EF}"
EndProject
Project("{FAE04EC0-301F-11D3-BF4B-00C04F79EFBC}") = "Acr.XamForms.BarCodeScanner.iOS", "Acr.XamForms.BarCodeScanner.iOS\Acr.XamForms.BarCodeScanner.iOS.csproj", "{F1FCED90-6343-42B9-8769-5F5B1C5FE1E3}"
EndProject
Project("{FAE04EC0-301F-11D3-BF4B-00C04F79EFBC}") = "Acr.XamForms.UserDialogs", "Acr.XamForms.UserDialogs\Acr.XamForms.UserDialogs.csproj", "{FB69B463-0DD5-49D2-AFED-6E3A31EB37A1}"
EndProject
Project("{FAE04EC0-301F-11D3-BF4B-00C04F79EFBC}") = "Acr.XamForms.BarCodeScanner.WindowsPhone", "Acr.XamForms.BarCodeScanner.WindowsPhone\Acr.XamForms.BarCodeScanner.WindowsPhone.csproj", "{DC51E5AC-4DFB-449E-95E3-A471C0EBB53C}"
EndProject
Project("{FAE04EC0-301F-11D3-BF4B-00C04F79EFBC}") = "Acr.XamForms.UserDialogs.Droid", "Acr.XamForms.UserDialogs.Droid\Acr.XamForms.UserDialogs.Droid.csproj", "{F68A14AB-0965-4582-9399-F22F5C4CEB15}"
EndProject
Project("{FAE04EC0-301F-11D3-BF4B-00C04F79EFBC}") = "Acr.XamForms.UserDialogs.iOS", "Acr.XamForms.UserDialogs.iOS\Acr.XamForms.UserDialogs.iOS.csproj", "{290F8977-F101-4BD8-8A29-19C78B4EBC23}"
EndProject
Project("{FAE04EC0-301F-11D3-BF4B-00C04F79EFBC}") = "Acr.XamForms.UserDialogs.WindowsPhone", "Acr.XamForms.UserDialogs.WindowsPhone\Acr.XamForms.UserDialogs.WindowsPhone.csproj", "{732D3A68-83F1-4CC0-97CB-AB5095998D70}"
EndProject
Project("{FAE04EC0-301F-11D3-BF4B-00C04F79EFBC}") = "Acr.XamForms.Mobile", "Acr.XamForms.Mobile\Acr.XamForms.Mobile.csproj", "{67F9D3A8-F71E-4428-913F-C37AE82CDB24}"
EndProject
Project("{FAE04EC0-301F-11D3-BF4B-00C04F79EFBC}") = "Acr.XamForms.Mobile.WindowsPhone", "Acr.XamForms.Mobile.WindowsPhone\Acr.XamForms.Mobile.WindowsPhone.csproj", "{D7098843-29D9-4AA9-9B11-C2D938E1AE89}"
EndProject
Project("{FAE04EC0-301F-11D3-BF4B-00C04F79EFBC}") = "Acr.XamForms.Mobile.iOS", "Acr.XamForms.Mobile.iOS\Acr.XamForms.Mobile.iOS.csproj", "{A2908B9C-D5D0-4715-851D-3EB81AB2E452}"
EndProject
Project("{FAE04EC0-301F-11D3-BF4B-00C04F79EFBC}") = "Acr.XamForms.Mobile.Droid", "Acr.XamForms.Mobile.Droid\Acr.XamForms.Mobile.Droid.csproj", "{07658008-EB02-4C74-B798-0B8ED2BECA6D}"
EndProject
Project("{D954291E-2A0B-460D-934E-DC6B0785DB48}") = "Acr.XamForms.Mobile.Shared", "Acr.XamForms.Mobile.Shared\Acr.XamForms.Mobile.Shared.shproj", "{1C973CC4-86F0-4798-B128-55FAE3AAD9E5}"
EndProject
Project("{2150E333-8FDC-42A3-9474-1A3956D46DE8}") = "SignaturePad", "SignaturePad", "{24AF2444-83DE-4C55-AE1D-0F6CA6BC11B6}"
	ProjectSection(SolutionItems) = preProject
		nuspec\Acr.XamForms.SignaturePad.nuspec = nuspec\Acr.XamForms.SignaturePad.nuspec
		nuspec\Bootstrap\SignaturePadBootstrap.cs.pp = nuspec\Bootstrap\SignaturePadBootstrap.cs.pp
	EndProjectSection
EndProject
Project("{FAE04EC0-301F-11D3-BF4B-00C04F79EFBC}") = "Acr.XamForms.SignaturePad", "Acr.XamForms.SignaturePad\Acr.XamForms.SignaturePad.csproj", "{B2AF970D-D640-451C-95AF-92AF531B8C1E}"
EndProject
Project("{FAE04EC0-301F-11D3-BF4B-00C04F79EFBC}") = "Acr.XamForms.SignaturePad.iOS", "Acr.XamForms.SignaturePad.iOS\Acr.XamForms.SignaturePad.iOS.csproj", "{B12D20AA-0EDF-4903-B385-BB8090848532}"
EndProject
Project("{FAE04EC0-301F-11D3-BF4B-00C04F79EFBC}") = "Acr.XamForms.SignaturePad.Droid", "Acr.XamForms.SignaturePad.Droid\Acr.XamForms.SignaturePad.Droid.csproj", "{1D5482F6-AA89-422C-9E34-88A8A1AD8AB6}"
EndProject
Project("{FAE04EC0-301F-11D3-BF4B-00C04F79EFBC}") = "Acr.XamForms.SignaturePad.WindowsPhone", "Acr.XamForms.SignaturePad.WindowsPhone\Acr.XamForms.SignaturePad.WindowsPhone.csproj", "{FB73D461-D197-42A2-8928-086333277E54}"
EndProject
Project("{2150E333-8FDC-42A3-9474-1A3956D46DE8}") = "Core", "Core", "{7AF68AE5-21E1-4618-BEF5-719BD52768F4}"
	ProjectSection(SolutionItems) = preProject
		nuspec\Acr.XamForms.nuspec = nuspec\Acr.XamForms.nuspec
	EndProjectSection
EndProject
Global
	GlobalSection(SharedMSBuildProjectFiles) = preSolution
		Acr.XamForms.BarCodeScanner.Shared\Acr.XamForms.BarCodeScanner.Shared.projitems*{f1fced90-6343-42b9-8769-5f5b1c5fe1e3}*SharedItemsImports = 4
		Acr.XamForms.Mobile.Shared\Acr.XamForms.Mobile.Shared.projitems*{1c973cc4-86f0-4798-b128-55fae3aad9e5}*SharedItemsImports = 13
		Acr.XamForms.BarCodeScanner.Shared\Acr.XamForms.BarCodeScanner.Shared.projitems*{0ef6c543-9a82-4a29-a251-4d0a900232dd}*SharedItemsImports = 4
		Acr.XamForms.Mobile.Shared\Acr.XamForms.Mobile.Shared.projitems*{07658008-eb02-4c74-b798-0b8ed2beca6d}*SharedItemsImports = 4
		Acr.XamForms.BarCodeScanner.Shared\Acr.XamForms.BarCodeScanner.Shared.projitems*{6646e5ee-5534-4274-b99f-39ca222b23ef}*SharedItemsImports = 13
		Acr.XamForms.BarCodeScanner.Shared\Acr.XamForms.BarCodeScanner.Shared.projitems*{dc51e5ac-4dfb-449e-95e3-a471c0ebb53c}*SharedItemsImports = 4
		Acr.XamForms.Mobile.Shared\Acr.XamForms.Mobile.Shared.projitems*{d7098843-29d9-4aa9-9b11-c2d938e1ae89}*SharedItemsImports = 4
		Acr.XamForms.Mobile.Shared\Acr.XamForms.Mobile.Shared.projitems*{a2908b9c-d5d0-4715-851d-3eb81ab2e452}*SharedItemsImports = 4
	EndGlobalSection
	GlobalSection(SolutionConfigurationPlatforms) = preSolution
		Ad-Hoc|Any CPU = Ad-Hoc|Any CPU
		Ad-Hoc|ARM = Ad-Hoc|ARM
		Ad-Hoc|iPhone = Ad-Hoc|iPhone
		Ad-Hoc|iPhoneSimulator = Ad-Hoc|iPhoneSimulator
		Ad-Hoc|Mixed Platforms = Ad-Hoc|Mixed Platforms
		Ad-Hoc|x86 = Ad-Hoc|x86
		AppStore|Any CPU = AppStore|Any CPU
		AppStore|ARM = AppStore|ARM
		AppStore|iPhone = AppStore|iPhone
		AppStore|iPhoneSimulator = AppStore|iPhoneSimulator
		AppStore|Mixed Platforms = AppStore|Mixed Platforms
		AppStore|x86 = AppStore|x86
		Debug|Any CPU = Debug|Any CPU
		Debug|ARM = Debug|ARM
		Debug|iPhone = Debug|iPhone
		Debug|iPhoneSimulator = Debug|iPhoneSimulator
		Debug|Mixed Platforms = Debug|Mixed Platforms
		Debug|x86 = Debug|x86
		Release|Any CPU = Release|Any CPU
		Release|ARM = Release|ARM
		Release|iPhone = Release|iPhone
		Release|iPhoneSimulator = Release|iPhoneSimulator
		Release|Mixed Platforms = Release|Mixed Platforms
		Release|x86 = Release|x86
	EndGlobalSection
	GlobalSection(ProjectConfigurationPlatforms) = postSolution
		{85E3C63B-A17E-46EF-87CE-9A8E58FEDE4D}.Ad-Hoc|Any CPU.ActiveCfg = Release|Any CPU
		{85E3C63B-A17E-46EF-87CE-9A8E58FEDE4D}.Ad-Hoc|Any CPU.Build.0 = Release|Any CPU
		{85E3C63B-A17E-46EF-87CE-9A8E58FEDE4D}.Ad-Hoc|ARM.ActiveCfg = Release|Any CPU
		{85E3C63B-A17E-46EF-87CE-9A8E58FEDE4D}.Ad-Hoc|iPhone.ActiveCfg = Release|Any CPU
		{85E3C63B-A17E-46EF-87CE-9A8E58FEDE4D}.Ad-Hoc|iPhoneSimulator.ActiveCfg = Release|Any CPU
		{85E3C63B-A17E-46EF-87CE-9A8E58FEDE4D}.Ad-Hoc|Mixed Platforms.ActiveCfg = Release|Any CPU
		{85E3C63B-A17E-46EF-87CE-9A8E58FEDE4D}.Ad-Hoc|Mixed Platforms.Build.0 = Release|Any CPU
		{85E3C63B-A17E-46EF-87CE-9A8E58FEDE4D}.Ad-Hoc|x86.ActiveCfg = Release|Any CPU
		{85E3C63B-A17E-46EF-87CE-9A8E58FEDE4D}.AppStore|Any CPU.ActiveCfg = Release|Any CPU
		{85E3C63B-A17E-46EF-87CE-9A8E58FEDE4D}.AppStore|Any CPU.Build.0 = Release|Any CPU
		{85E3C63B-A17E-46EF-87CE-9A8E58FEDE4D}.AppStore|ARM.ActiveCfg = Release|Any CPU
		{85E3C63B-A17E-46EF-87CE-9A8E58FEDE4D}.AppStore|iPhone.ActiveCfg = Release|Any CPU
		{85E3C63B-A17E-46EF-87CE-9A8E58FEDE4D}.AppStore|iPhoneSimulator.ActiveCfg = Release|Any CPU
		{85E3C63B-A17E-46EF-87CE-9A8E58FEDE4D}.AppStore|Mixed Platforms.ActiveCfg = Release|Any CPU
		{85E3C63B-A17E-46EF-87CE-9A8E58FEDE4D}.AppStore|Mixed Platforms.Build.0 = Release|Any CPU
		{85E3C63B-A17E-46EF-87CE-9A8E58FEDE4D}.AppStore|x86.ActiveCfg = Release|Any CPU
		{85E3C63B-A17E-46EF-87CE-9A8E58FEDE4D}.Debug|Any CPU.ActiveCfg = Debug|Any CPU
		{85E3C63B-A17E-46EF-87CE-9A8E58FEDE4D}.Debug|Any CPU.Build.0 = Debug|Any CPU
		{85E3C63B-A17E-46EF-87CE-9A8E58FEDE4D}.Debug|ARM.ActiveCfg = Debug|Any CPU
		{85E3C63B-A17E-46EF-87CE-9A8E58FEDE4D}.Debug|iPhone.ActiveCfg = Debug|Any CPU
		{85E3C63B-A17E-46EF-87CE-9A8E58FEDE4D}.Debug|iPhoneSimulator.ActiveCfg = Debug|Any CPU
		{85E3C63B-A17E-46EF-87CE-9A8E58FEDE4D}.Debug|Mixed Platforms.ActiveCfg = Debug|Any CPU
		{85E3C63B-A17E-46EF-87CE-9A8E58FEDE4D}.Debug|Mixed Platforms.Build.0 = Debug|Any CPU
		{85E3C63B-A17E-46EF-87CE-9A8E58FEDE4D}.Debug|x86.ActiveCfg = Debug|Any CPU
		{85E3C63B-A17E-46EF-87CE-9A8E58FEDE4D}.Release|Any CPU.ActiveCfg = Release|Any CPU
		{85E3C63B-A17E-46EF-87CE-9A8E58FEDE4D}.Release|Any CPU.Build.0 = Release|Any CPU
		{85E3C63B-A17E-46EF-87CE-9A8E58FEDE4D}.Release|ARM.ActiveCfg = Release|Any CPU
		{85E3C63B-A17E-46EF-87CE-9A8E58FEDE4D}.Release|iPhone.ActiveCfg = Release|Any CPU
		{85E3C63B-A17E-46EF-87CE-9A8E58FEDE4D}.Release|iPhoneSimulator.ActiveCfg = Release|Any CPU
		{85E3C63B-A17E-46EF-87CE-9A8E58FEDE4D}.Release|Mixed Platforms.ActiveCfg = Release|Any CPU
		{85E3C63B-A17E-46EF-87CE-9A8E58FEDE4D}.Release|Mixed Platforms.Build.0 = Release|Any CPU
		{85E3C63B-A17E-46EF-87CE-9A8E58FEDE4D}.Release|x86.ActiveCfg = Release|Any CPU
		{CC18E151-5792-4DA5-ADE6-7CFBA16A593E}.Ad-Hoc|Any CPU.ActiveCfg = Release|Any CPU
		{CC18E151-5792-4DA5-ADE6-7CFBA16A593E}.Ad-Hoc|Any CPU.Build.0 = Release|Any CPU
		{CC18E151-5792-4DA5-ADE6-7CFBA16A593E}.Ad-Hoc|ARM.ActiveCfg = Release|Any CPU
		{CC18E151-5792-4DA5-ADE6-7CFBA16A593E}.Ad-Hoc|iPhone.ActiveCfg = Release|Any CPU
		{CC18E151-5792-4DA5-ADE6-7CFBA16A593E}.Ad-Hoc|iPhoneSimulator.ActiveCfg = Release|Any CPU
		{CC18E151-5792-4DA5-ADE6-7CFBA16A593E}.Ad-Hoc|Mixed Platforms.ActiveCfg = Release|Any CPU
		{CC18E151-5792-4DA5-ADE6-7CFBA16A593E}.Ad-Hoc|Mixed Platforms.Build.0 = Release|Any CPU
		{CC18E151-5792-4DA5-ADE6-7CFBA16A593E}.Ad-Hoc|x86.ActiveCfg = Release|Any CPU
		{CC18E151-5792-4DA5-ADE6-7CFBA16A593E}.AppStore|Any CPU.ActiveCfg = Release|Any CPU
		{CC18E151-5792-4DA5-ADE6-7CFBA16A593E}.AppStore|Any CPU.Build.0 = Release|Any CPU
		{CC18E151-5792-4DA5-ADE6-7CFBA16A593E}.AppStore|ARM.ActiveCfg = Release|Any CPU
		{CC18E151-5792-4DA5-ADE6-7CFBA16A593E}.AppStore|iPhone.ActiveCfg = Release|Any CPU
		{CC18E151-5792-4DA5-ADE6-7CFBA16A593E}.AppStore|iPhoneSimulator.ActiveCfg = Release|Any CPU
		{CC18E151-5792-4DA5-ADE6-7CFBA16A593E}.AppStore|Mixed Platforms.ActiveCfg = Release|Any CPU
		{CC18E151-5792-4DA5-ADE6-7CFBA16A593E}.AppStore|Mixed Platforms.Build.0 = Release|Any CPU
		{CC18E151-5792-4DA5-ADE6-7CFBA16A593E}.AppStore|x86.ActiveCfg = Release|Any CPU
		{CC18E151-5792-4DA5-ADE6-7CFBA16A593E}.Debug|Any CPU.ActiveCfg = Debug|Any CPU
		{CC18E151-5792-4DA5-ADE6-7CFBA16A593E}.Debug|Any CPU.Build.0 = Debug|Any CPU
		{CC18E151-5792-4DA5-ADE6-7CFBA16A593E}.Debug|ARM.ActiveCfg = Debug|Any CPU
		{CC18E151-5792-4DA5-ADE6-7CFBA16A593E}.Debug|iPhone.ActiveCfg = Debug|Any CPU
		{CC18E151-5792-4DA5-ADE6-7CFBA16A593E}.Debug|iPhoneSimulator.ActiveCfg = Debug|Any CPU
		{CC18E151-5792-4DA5-ADE6-7CFBA16A593E}.Debug|Mixed Platforms.ActiveCfg = Debug|Any CPU
		{CC18E151-5792-4DA5-ADE6-7CFBA16A593E}.Debug|Mixed Platforms.Build.0 = Debug|Any CPU
		{CC18E151-5792-4DA5-ADE6-7CFBA16A593E}.Debug|x86.ActiveCfg = Debug|Any CPU
		{CC18E151-5792-4DA5-ADE6-7CFBA16A593E}.Release|Any CPU.ActiveCfg = Release|Any CPU
		{CC18E151-5792-4DA5-ADE6-7CFBA16A593E}.Release|Any CPU.Build.0 = Release|Any CPU
		{CC18E151-5792-4DA5-ADE6-7CFBA16A593E}.Release|ARM.ActiveCfg = Release|Any CPU
		{CC18E151-5792-4DA5-ADE6-7CFBA16A593E}.Release|iPhone.ActiveCfg = Release|Any CPU
		{CC18E151-5792-4DA5-ADE6-7CFBA16A593E}.Release|iPhoneSimulator.ActiveCfg = Release|Any CPU
		{CC18E151-5792-4DA5-ADE6-7CFBA16A593E}.Release|Mixed Platforms.ActiveCfg = Release|Any CPU
		{CC18E151-5792-4DA5-ADE6-7CFBA16A593E}.Release|Mixed Platforms.Build.0 = Release|Any CPU
		{CC18E151-5792-4DA5-ADE6-7CFBA16A593E}.Release|x86.ActiveCfg = Release|Any CPU
		{2142B859-21E9-484D-880A-26AD708569DB}.Ad-Hoc|Any CPU.ActiveCfg = Ad-Hoc|iPhone
		{2142B859-21E9-484D-880A-26AD708569DB}.Ad-Hoc|ARM.ActiveCfg = Ad-Hoc|iPhone
		{2142B859-21E9-484D-880A-26AD708569DB}.Ad-Hoc|iPhone.ActiveCfg = Ad-Hoc|iPhone
		{2142B859-21E9-484D-880A-26AD708569DB}.Ad-Hoc|iPhone.Build.0 = Ad-Hoc|iPhone
		{2142B859-21E9-484D-880A-26AD708569DB}.Ad-Hoc|iPhone.Deploy.0 = Ad-Hoc|iPhone
		{2142B859-21E9-484D-880A-26AD708569DB}.Ad-Hoc|iPhoneSimulator.ActiveCfg = Ad-Hoc|iPhoneSimulator
		{2142B859-21E9-484D-880A-26AD708569DB}.Ad-Hoc|iPhoneSimulator.Build.0 = Ad-Hoc|iPhoneSimulator
		{2142B859-21E9-484D-880A-26AD708569DB}.Ad-Hoc|iPhoneSimulator.Deploy.0 = Ad-Hoc|iPhoneSimulator
		{2142B859-21E9-484D-880A-26AD708569DB}.Ad-Hoc|Mixed Platforms.ActiveCfg = Ad-Hoc|iPhone
		{2142B859-21E9-484D-880A-26AD708569DB}.Ad-Hoc|Mixed Platforms.Build.0 = Ad-Hoc|iPhone
		{2142B859-21E9-484D-880A-26AD708569DB}.Ad-Hoc|Mixed Platforms.Deploy.0 = Ad-Hoc|iPhone
		{2142B859-21E9-484D-880A-26AD708569DB}.Ad-Hoc|x86.ActiveCfg = Ad-Hoc|iPhone
		{2142B859-21E9-484D-880A-26AD708569DB}.AppStore|Any CPU.ActiveCfg = AppStore|iPhone
		{2142B859-21E9-484D-880A-26AD708569DB}.AppStore|ARM.ActiveCfg = AppStore|iPhone
		{2142B859-21E9-484D-880A-26AD708569DB}.AppStore|iPhone.ActiveCfg = AppStore|iPhone
		{2142B859-21E9-484D-880A-26AD708569DB}.AppStore|iPhone.Build.0 = AppStore|iPhone
		{2142B859-21E9-484D-880A-26AD708569DB}.AppStore|iPhone.Deploy.0 = AppStore|iPhone
		{2142B859-21E9-484D-880A-26AD708569DB}.AppStore|iPhoneSimulator.ActiveCfg = AppStore|iPhoneSimulator
		{2142B859-21E9-484D-880A-26AD708569DB}.AppStore|iPhoneSimulator.Build.0 = AppStore|iPhoneSimulator
		{2142B859-21E9-484D-880A-26AD708569DB}.AppStore|iPhoneSimulator.Deploy.0 = AppStore|iPhoneSimulator
		{2142B859-21E9-484D-880A-26AD708569DB}.AppStore|Mixed Platforms.ActiveCfg = AppStore|iPhone
		{2142B859-21E9-484D-880A-26AD708569DB}.AppStore|Mixed Platforms.Build.0 = AppStore|iPhone
		{2142B859-21E9-484D-880A-26AD708569DB}.AppStore|Mixed Platforms.Deploy.0 = AppStore|iPhone
		{2142B859-21E9-484D-880A-26AD708569DB}.AppStore|x86.ActiveCfg = AppStore|iPhone
		{2142B859-21E9-484D-880A-26AD708569DB}.Debug|Any CPU.ActiveCfg = Debug|iPhone
		{2142B859-21E9-484D-880A-26AD708569DB}.Debug|ARM.ActiveCfg = Debug|iPhone
		{2142B859-21E9-484D-880A-26AD708569DB}.Debug|iPhone.ActiveCfg = Debug|iPhone
		{2142B859-21E9-484D-880A-26AD708569DB}.Debug|iPhone.Build.0 = Debug|iPhone
		{2142B859-21E9-484D-880A-26AD708569DB}.Debug|iPhone.Deploy.0 = Debug|iPhone
		{2142B859-21E9-484D-880A-26AD708569DB}.Debug|iPhoneSimulator.ActiveCfg = Debug|iPhoneSimulator
		{2142B859-21E9-484D-880A-26AD708569DB}.Debug|iPhoneSimulator.Build.0 = Debug|iPhoneSimulator
		{2142B859-21E9-484D-880A-26AD708569DB}.Debug|iPhoneSimulator.Deploy.0 = Debug|iPhoneSimulator
		{2142B859-21E9-484D-880A-26AD708569DB}.Debug|Mixed Platforms.ActiveCfg = Debug|iPhone
		{2142B859-21E9-484D-880A-26AD708569DB}.Debug|Mixed Platforms.Build.0 = Debug|iPhone
		{2142B859-21E9-484D-880A-26AD708569DB}.Debug|Mixed Platforms.Deploy.0 = Debug|iPhone
		{2142B859-21E9-484D-880A-26AD708569DB}.Debug|x86.ActiveCfg = Debug|iPhone
		{2142B859-21E9-484D-880A-26AD708569DB}.Release|Any CPU.ActiveCfg = Release|iPhone
		{2142B859-21E9-484D-880A-26AD708569DB}.Release|ARM.ActiveCfg = Release|iPhone
		{2142B859-21E9-484D-880A-26AD708569DB}.Release|iPhone.ActiveCfg = Release|iPhone
		{2142B859-21E9-484D-880A-26AD708569DB}.Release|iPhone.Build.0 = Release|iPhone
		{2142B859-21E9-484D-880A-26AD708569DB}.Release|iPhone.Deploy.0 = Release|iPhone
		{2142B859-21E9-484D-880A-26AD708569DB}.Release|iPhoneSimulator.ActiveCfg = Release|iPhoneSimulator
		{2142B859-21E9-484D-880A-26AD708569DB}.Release|iPhoneSimulator.Build.0 = Release|iPhoneSimulator
		{2142B859-21E9-484D-880A-26AD708569DB}.Release|iPhoneSimulator.Deploy.0 = Release|iPhoneSimulator
		{2142B859-21E9-484D-880A-26AD708569DB}.Release|Mixed Platforms.ActiveCfg = Release|iPhone
		{2142B859-21E9-484D-880A-26AD708569DB}.Release|Mixed Platforms.Build.0 = Release|iPhone
		{2142B859-21E9-484D-880A-26AD708569DB}.Release|Mixed Platforms.Deploy.0 = Release|iPhone
		{2142B859-21E9-484D-880A-26AD708569DB}.Release|x86.ActiveCfg = Release|iPhone
		{3AC4ED82-3D1E-4767-8C17-39EF6337AA64}.Ad-Hoc|Any CPU.ActiveCfg = Release|Any CPU
		{3AC4ED82-3D1E-4767-8C17-39EF6337AA64}.Ad-Hoc|Any CPU.Build.0 = Release|Any CPU
		{3AC4ED82-3D1E-4767-8C17-39EF6337AA64}.Ad-Hoc|Any CPU.Deploy.0 = Release|Any CPU
		{3AC4ED82-3D1E-4767-8C17-39EF6337AA64}.Ad-Hoc|ARM.ActiveCfg = Release|Any CPU
		{3AC4ED82-3D1E-4767-8C17-39EF6337AA64}.Ad-Hoc|iPhone.ActiveCfg = Release|Any CPU
		{3AC4ED82-3D1E-4767-8C17-39EF6337AA64}.Ad-Hoc|iPhoneSimulator.ActiveCfg = Release|Any CPU
		{3AC4ED82-3D1E-4767-8C17-39EF6337AA64}.Ad-Hoc|Mixed Platforms.ActiveCfg = Release|Any CPU
		{3AC4ED82-3D1E-4767-8C17-39EF6337AA64}.Ad-Hoc|Mixed Platforms.Build.0 = Release|Any CPU
		{3AC4ED82-3D1E-4767-8C17-39EF6337AA64}.Ad-Hoc|Mixed Platforms.Deploy.0 = Release|Any CPU
		{3AC4ED82-3D1E-4767-8C17-39EF6337AA64}.Ad-Hoc|x86.ActiveCfg = Release|Any CPU
		{3AC4ED82-3D1E-4767-8C17-39EF6337AA64}.AppStore|Any CPU.ActiveCfg = Release|Any CPU
		{3AC4ED82-3D1E-4767-8C17-39EF6337AA64}.AppStore|Any CPU.Build.0 = Release|Any CPU
		{3AC4ED82-3D1E-4767-8C17-39EF6337AA64}.AppStore|Any CPU.Deploy.0 = Release|Any CPU
		{3AC4ED82-3D1E-4767-8C17-39EF6337AA64}.AppStore|ARM.ActiveCfg = Release|Any CPU
		{3AC4ED82-3D1E-4767-8C17-39EF6337AA64}.AppStore|iPhone.ActiveCfg = Release|Any CPU
		{3AC4ED82-3D1E-4767-8C17-39EF6337AA64}.AppStore|iPhoneSimulator.ActiveCfg = Release|Any CPU
		{3AC4ED82-3D1E-4767-8C17-39EF6337AA64}.AppStore|Mixed Platforms.ActiveCfg = Release|Any CPU
		{3AC4ED82-3D1E-4767-8C17-39EF6337AA64}.AppStore|Mixed Platforms.Build.0 = Release|Any CPU
		{3AC4ED82-3D1E-4767-8C17-39EF6337AA64}.AppStore|Mixed Platforms.Deploy.0 = Release|Any CPU
		{3AC4ED82-3D1E-4767-8C17-39EF6337AA64}.AppStore|x86.ActiveCfg = Release|Any CPU
		{3AC4ED82-3D1E-4767-8C17-39EF6337AA64}.Debug|Any CPU.ActiveCfg = Debug|Any CPU
		{3AC4ED82-3D1E-4767-8C17-39EF6337AA64}.Debug|Any CPU.Build.0 = Debug|Any CPU
		{3AC4ED82-3D1E-4767-8C17-39EF6337AA64}.Debug|Any CPU.Deploy.0 = Debug|Any CPU
		{3AC4ED82-3D1E-4767-8C17-39EF6337AA64}.Debug|ARM.ActiveCfg = Debug|Any CPU
		{3AC4ED82-3D1E-4767-8C17-39EF6337AA64}.Debug|iPhone.ActiveCfg = Debug|Any CPU
		{3AC4ED82-3D1E-4767-8C17-39EF6337AA64}.Debug|iPhoneSimulator.ActiveCfg = Debug|Any CPU
		{3AC4ED82-3D1E-4767-8C17-39EF6337AA64}.Debug|Mixed Platforms.ActiveCfg = Debug|Any CPU
		{3AC4ED82-3D1E-4767-8C17-39EF6337AA64}.Debug|Mixed Platforms.Build.0 = Debug|Any CPU
		{3AC4ED82-3D1E-4767-8C17-39EF6337AA64}.Debug|Mixed Platforms.Deploy.0 = Debug|Any CPU
		{3AC4ED82-3D1E-4767-8C17-39EF6337AA64}.Debug|x86.ActiveCfg = Debug|Any CPU
		{3AC4ED82-3D1E-4767-8C17-39EF6337AA64}.Release|Any CPU.ActiveCfg = Release|Any CPU
		{3AC4ED82-3D1E-4767-8C17-39EF6337AA64}.Release|Any CPU.Build.0 = Release|Any CPU
		{3AC4ED82-3D1E-4767-8C17-39EF6337AA64}.Release|Any CPU.Deploy.0 = Release|Any CPU
		{3AC4ED82-3D1E-4767-8C17-39EF6337AA64}.Release|ARM.ActiveCfg = Release|Any CPU
		{3AC4ED82-3D1E-4767-8C17-39EF6337AA64}.Release|iPhone.ActiveCfg = Release|Any CPU
		{3AC4ED82-3D1E-4767-8C17-39EF6337AA64}.Release|iPhoneSimulator.ActiveCfg = Release|Any CPU
		{3AC4ED82-3D1E-4767-8C17-39EF6337AA64}.Release|Mixed Platforms.ActiveCfg = Release|Any CPU
		{3AC4ED82-3D1E-4767-8C17-39EF6337AA64}.Release|Mixed Platforms.Build.0 = Release|Any CPU
		{3AC4ED82-3D1E-4767-8C17-39EF6337AA64}.Release|Mixed Platforms.Deploy.0 = Release|Any CPU
		{3AC4ED82-3D1E-4767-8C17-39EF6337AA64}.Release|x86.ActiveCfg = Release|Any CPU
		{5446C4A3-ED4C-48F0-99BD-F2B60F867475}.Ad-Hoc|Any CPU.ActiveCfg = Release|Any CPU
		{5446C4A3-ED4C-48F0-99BD-F2B60F867475}.Ad-Hoc|Any CPU.Build.0 = Release|Any CPU
		{5446C4A3-ED4C-48F0-99BD-F2B60F867475}.Ad-Hoc|Any CPU.Deploy.0 = Release|Any CPU
		{5446C4A3-ED4C-48F0-99BD-F2B60F867475}.Ad-Hoc|ARM.ActiveCfg = Release|ARM
		{5446C4A3-ED4C-48F0-99BD-F2B60F867475}.Ad-Hoc|ARM.Build.0 = Release|ARM
		{5446C4A3-ED4C-48F0-99BD-F2B60F867475}.Ad-Hoc|ARM.Deploy.0 = Release|ARM
		{5446C4A3-ED4C-48F0-99BD-F2B60F867475}.Ad-Hoc|iPhone.ActiveCfg = Release|Any CPU
		{5446C4A3-ED4C-48F0-99BD-F2B60F867475}.Ad-Hoc|iPhoneSimulator.ActiveCfg = Release|Any CPU
		{5446C4A3-ED4C-48F0-99BD-F2B60F867475}.Ad-Hoc|Mixed Platforms.ActiveCfg = Release|x86
		{5446C4A3-ED4C-48F0-99BD-F2B60F867475}.Ad-Hoc|Mixed Platforms.Build.0 = Release|x86
		{5446C4A3-ED4C-48F0-99BD-F2B60F867475}.Ad-Hoc|Mixed Platforms.Deploy.0 = Release|x86
		{5446C4A3-ED4C-48F0-99BD-F2B60F867475}.Ad-Hoc|x86.ActiveCfg = Release|x86
		{5446C4A3-ED4C-48F0-99BD-F2B60F867475}.Ad-Hoc|x86.Build.0 = Release|x86
		{5446C4A3-ED4C-48F0-99BD-F2B60F867475}.Ad-Hoc|x86.Deploy.0 = Release|x86
		{5446C4A3-ED4C-48F0-99BD-F2B60F867475}.AppStore|Any CPU.ActiveCfg = Release|Any CPU
		{5446C4A3-ED4C-48F0-99BD-F2B60F867475}.AppStore|Any CPU.Build.0 = Release|Any CPU
		{5446C4A3-ED4C-48F0-99BD-F2B60F867475}.AppStore|Any CPU.Deploy.0 = Release|Any CPU
		{5446C4A3-ED4C-48F0-99BD-F2B60F867475}.AppStore|ARM.ActiveCfg = Release|ARM
		{5446C4A3-ED4C-48F0-99BD-F2B60F867475}.AppStore|ARM.Build.0 = Release|ARM
		{5446C4A3-ED4C-48F0-99BD-F2B60F867475}.AppStore|ARM.Deploy.0 = Release|ARM
		{5446C4A3-ED4C-48F0-99BD-F2B60F867475}.AppStore|iPhone.ActiveCfg = Release|Any CPU
		{5446C4A3-ED4C-48F0-99BD-F2B60F867475}.AppStore|iPhoneSimulator.ActiveCfg = Release|Any CPU
		{5446C4A3-ED4C-48F0-99BD-F2B60F867475}.AppStore|Mixed Platforms.ActiveCfg = Release|x86
		{5446C4A3-ED4C-48F0-99BD-F2B60F867475}.AppStore|Mixed Platforms.Build.0 = Release|x86
		{5446C4A3-ED4C-48F0-99BD-F2B60F867475}.AppStore|Mixed Platforms.Deploy.0 = Release|x86
		{5446C4A3-ED4C-48F0-99BD-F2B60F867475}.AppStore|x86.ActiveCfg = Release|x86
		{5446C4A3-ED4C-48F0-99BD-F2B60F867475}.AppStore|x86.Build.0 = Release|x86
		{5446C4A3-ED4C-48F0-99BD-F2B60F867475}.AppStore|x86.Deploy.0 = Release|x86
		{5446C4A3-ED4C-48F0-99BD-F2B60F867475}.Debug|Any CPU.ActiveCfg = Debug|Any CPU
		{5446C4A3-ED4C-48F0-99BD-F2B60F867475}.Debug|Any CPU.Build.0 = Debug|Any CPU
		{5446C4A3-ED4C-48F0-99BD-F2B60F867475}.Debug|Any CPU.Deploy.0 = Debug|Any CPU
		{5446C4A3-ED4C-48F0-99BD-F2B60F867475}.Debug|ARM.ActiveCfg = Debug|ARM
		{5446C4A3-ED4C-48F0-99BD-F2B60F867475}.Debug|ARM.Build.0 = Debug|ARM
		{5446C4A3-ED4C-48F0-99BD-F2B60F867475}.Debug|ARM.Deploy.0 = Debug|ARM
		{5446C4A3-ED4C-48F0-99BD-F2B60F867475}.Debug|iPhone.ActiveCfg = Debug|Any CPU
		{5446C4A3-ED4C-48F0-99BD-F2B60F867475}.Debug|iPhoneSimulator.ActiveCfg = Debug|Any CPU
		{5446C4A3-ED4C-48F0-99BD-F2B60F867475}.Debug|Mixed Platforms.ActiveCfg = Debug|x86
		{5446C4A3-ED4C-48F0-99BD-F2B60F867475}.Debug|Mixed Platforms.Build.0 = Debug|x86
		{5446C4A3-ED4C-48F0-99BD-F2B60F867475}.Debug|Mixed Platforms.Deploy.0 = Debug|x86
		{5446C4A3-ED4C-48F0-99BD-F2B60F867475}.Debug|x86.ActiveCfg = Debug|x86
		{5446C4A3-ED4C-48F0-99BD-F2B60F867475}.Debug|x86.Build.0 = Debug|x86
		{5446C4A3-ED4C-48F0-99BD-F2B60F867475}.Debug|x86.Deploy.0 = Debug|x86
		{5446C4A3-ED4C-48F0-99BD-F2B60F867475}.Release|Any CPU.ActiveCfg = Release|Any CPU
		{5446C4A3-ED4C-48F0-99BD-F2B60F867475}.Release|Any CPU.Build.0 = Release|Any CPU
		{5446C4A3-ED4C-48F0-99BD-F2B60F867475}.Release|Any CPU.Deploy.0 = Release|Any CPU
		{5446C4A3-ED4C-48F0-99BD-F2B60F867475}.Release|ARM.ActiveCfg = Release|ARM
		{5446C4A3-ED4C-48F0-99BD-F2B60F867475}.Release|ARM.Build.0 = Release|ARM
		{5446C4A3-ED4C-48F0-99BD-F2B60F867475}.Release|ARM.Deploy.0 = Release|ARM
		{5446C4A3-ED4C-48F0-99BD-F2B60F867475}.Release|iPhone.ActiveCfg = Release|Any CPU
		{5446C4A3-ED4C-48F0-99BD-F2B60F867475}.Release|iPhoneSimulator.ActiveCfg = Release|Any CPU
		{5446C4A3-ED4C-48F0-99BD-F2B60F867475}.Release|Mixed Platforms.ActiveCfg = Release|x86
		{5446C4A3-ED4C-48F0-99BD-F2B60F867475}.Release|Mixed Platforms.Build.0 = Release|x86
		{5446C4A3-ED4C-48F0-99BD-F2B60F867475}.Release|Mixed Platforms.Deploy.0 = Release|x86
		{5446C4A3-ED4C-48F0-99BD-F2B60F867475}.Release|x86.ActiveCfg = Release|x86
		{5446C4A3-ED4C-48F0-99BD-F2B60F867475}.Release|x86.Build.0 = Release|x86
		{5446C4A3-ED4C-48F0-99BD-F2B60F867475}.Release|x86.Deploy.0 = Release|x86
		{1ED7E825-98ED-4740-8DD7-96E4AA3F1128}.Ad-Hoc|Any CPU.ActiveCfg = Release|Any CPU
		{1ED7E825-98ED-4740-8DD7-96E4AA3F1128}.Ad-Hoc|Any CPU.Build.0 = Release|Any CPU
		{1ED7E825-98ED-4740-8DD7-96E4AA3F1128}.Ad-Hoc|ARM.ActiveCfg = Release|Any CPU
		{1ED7E825-98ED-4740-8DD7-96E4AA3F1128}.Ad-Hoc|iPhone.ActiveCfg = Release|Any CPU
		{1ED7E825-98ED-4740-8DD7-96E4AA3F1128}.Ad-Hoc|iPhoneSimulator.ActiveCfg = Release|Any CPU
		{1ED7E825-98ED-4740-8DD7-96E4AA3F1128}.Ad-Hoc|Mixed Platforms.ActiveCfg = Release|Any CPU
		{1ED7E825-98ED-4740-8DD7-96E4AA3F1128}.Ad-Hoc|Mixed Platforms.Build.0 = Release|Any CPU
		{1ED7E825-98ED-4740-8DD7-96E4AA3F1128}.Ad-Hoc|x86.ActiveCfg = Release|Any CPU
		{1ED7E825-98ED-4740-8DD7-96E4AA3F1128}.AppStore|Any CPU.ActiveCfg = Release|Any CPU
		{1ED7E825-98ED-4740-8DD7-96E4AA3F1128}.AppStore|Any CPU.Build.0 = Release|Any CPU
		{1ED7E825-98ED-4740-8DD7-96E4AA3F1128}.AppStore|ARM.ActiveCfg = Release|Any CPU
		{1ED7E825-98ED-4740-8DD7-96E4AA3F1128}.AppStore|iPhone.ActiveCfg = Release|Any CPU
		{1ED7E825-98ED-4740-8DD7-96E4AA3F1128}.AppStore|iPhoneSimulator.ActiveCfg = Release|Any CPU
		{1ED7E825-98ED-4740-8DD7-96E4AA3F1128}.AppStore|Mixed Platforms.ActiveCfg = Release|Any CPU
		{1ED7E825-98ED-4740-8DD7-96E4AA3F1128}.AppStore|Mixed Platforms.Build.0 = Release|Any CPU
		{1ED7E825-98ED-4740-8DD7-96E4AA3F1128}.AppStore|x86.ActiveCfg = Release|Any CPU
		{1ED7E825-98ED-4740-8DD7-96E4AA3F1128}.Debug|Any CPU.ActiveCfg = Debug|Any CPU
		{1ED7E825-98ED-4740-8DD7-96E4AA3F1128}.Debug|Any CPU.Build.0 = Debug|Any CPU
		{1ED7E825-98ED-4740-8DD7-96E4AA3F1128}.Debug|ARM.ActiveCfg = Debug|Any CPU
		{1ED7E825-98ED-4740-8DD7-96E4AA3F1128}.Debug|iPhone.ActiveCfg = Debug|Any CPU
		{1ED7E825-98ED-4740-8DD7-96E4AA3F1128}.Debug|iPhoneSimulator.ActiveCfg = Debug|Any CPU
		{1ED7E825-98ED-4740-8DD7-96E4AA3F1128}.Debug|Mixed Platforms.ActiveCfg = Debug|Any CPU
		{1ED7E825-98ED-4740-8DD7-96E4AA3F1128}.Debug|Mixed Platforms.Build.0 = Debug|Any CPU
		{1ED7E825-98ED-4740-8DD7-96E4AA3F1128}.Debug|x86.ActiveCfg = Debug|Any CPU
		{1ED7E825-98ED-4740-8DD7-96E4AA3F1128}.Release|Any CPU.ActiveCfg = Release|Any CPU
		{1ED7E825-98ED-4740-8DD7-96E4AA3F1128}.Release|Any CPU.Build.0 = Release|Any CPU
		{1ED7E825-98ED-4740-8DD7-96E4AA3F1128}.Release|ARM.ActiveCfg = Release|Any CPU
		{1ED7E825-98ED-4740-8DD7-96E4AA3F1128}.Release|iPhone.ActiveCfg = Release|Any CPU
		{1ED7E825-98ED-4740-8DD7-96E4AA3F1128}.Release|iPhoneSimulator.ActiveCfg = Release|Any CPU
		{1ED7E825-98ED-4740-8DD7-96E4AA3F1128}.Release|Mixed Platforms.ActiveCfg = Release|Any CPU
		{1ED7E825-98ED-4740-8DD7-96E4AA3F1128}.Release|Mixed Platforms.Build.0 = Release|Any CPU
		{1ED7E825-98ED-4740-8DD7-96E4AA3F1128}.Release|x86.ActiveCfg = Release|Any CPU
		{0EF6C543-9A82-4A29-A251-4D0A900232DD}.Ad-Hoc|Any CPU.ActiveCfg = Release|Any CPU
		{0EF6C543-9A82-4A29-A251-4D0A900232DD}.Ad-Hoc|Any CPU.Build.0 = Release|Any CPU
		{0EF6C543-9A82-4A29-A251-4D0A900232DD}.Ad-Hoc|ARM.ActiveCfg = Release|Any CPU
		{0EF6C543-9A82-4A29-A251-4D0A900232DD}.Ad-Hoc|iPhone.ActiveCfg = Release|Any CPU
		{0EF6C543-9A82-4A29-A251-4D0A900232DD}.Ad-Hoc|iPhoneSimulator.ActiveCfg = Release|Any CPU
		{0EF6C543-9A82-4A29-A251-4D0A900232DD}.Ad-Hoc|Mixed Platforms.ActiveCfg = Release|Any CPU
		{0EF6C543-9A82-4A29-A251-4D0A900232DD}.Ad-Hoc|Mixed Platforms.Build.0 = Release|Any CPU
		{0EF6C543-9A82-4A29-A251-4D0A900232DD}.Ad-Hoc|x86.ActiveCfg = Release|Any CPU
		{0EF6C543-9A82-4A29-A251-4D0A900232DD}.AppStore|Any CPU.ActiveCfg = Release|Any CPU
		{0EF6C543-9A82-4A29-A251-4D0A900232DD}.AppStore|Any CPU.Build.0 = Release|Any CPU
		{0EF6C543-9A82-4A29-A251-4D0A900232DD}.AppStore|ARM.ActiveCfg = Release|Any CPU
		{0EF6C543-9A82-4A29-A251-4D0A900232DD}.AppStore|iPhone.ActiveCfg = Release|Any CPU
		{0EF6C543-9A82-4A29-A251-4D0A900232DD}.AppStore|iPhoneSimulator.ActiveCfg = Release|Any CPU
		{0EF6C543-9A82-4A29-A251-4D0A900232DD}.AppStore|Mixed Platforms.ActiveCfg = Release|Any CPU
		{0EF6C543-9A82-4A29-A251-4D0A900232DD}.AppStore|Mixed Platforms.Build.0 = Release|Any CPU
		{0EF6C543-9A82-4A29-A251-4D0A900232DD}.AppStore|x86.ActiveCfg = Release|Any CPU
		{0EF6C543-9A82-4A29-A251-4D0A900232DD}.Debug|Any CPU.ActiveCfg = Debug|Any CPU
		{0EF6C543-9A82-4A29-A251-4D0A900232DD}.Debug|Any CPU.Build.0 = Debug|Any CPU
		{0EF6C543-9A82-4A29-A251-4D0A900232DD}.Debug|ARM.ActiveCfg = Debug|Any CPU
		{0EF6C543-9A82-4A29-A251-4D0A900232DD}.Debug|iPhone.ActiveCfg = Debug|Any CPU
		{0EF6C543-9A82-4A29-A251-4D0A900232DD}.Debug|iPhoneSimulator.ActiveCfg = Debug|Any CPU
		{0EF6C543-9A82-4A29-A251-4D0A900232DD}.Debug|Mixed Platforms.ActiveCfg = Debug|Any CPU
		{0EF6C543-9A82-4A29-A251-4D0A900232DD}.Debug|Mixed Platforms.Build.0 = Debug|Any CPU
		{0EF6C543-9A82-4A29-A251-4D0A900232DD}.Debug|x86.ActiveCfg = Debug|Any CPU
		{0EF6C543-9A82-4A29-A251-4D0A900232DD}.Release|Any CPU.ActiveCfg = Release|Any CPU
		{0EF6C543-9A82-4A29-A251-4D0A900232DD}.Release|Any CPU.Build.0 = Release|Any CPU
		{0EF6C543-9A82-4A29-A251-4D0A900232DD}.Release|ARM.ActiveCfg = Release|Any CPU
		{0EF6C543-9A82-4A29-A251-4D0A900232DD}.Release|iPhone.ActiveCfg = Release|Any CPU
		{0EF6C543-9A82-4A29-A251-4D0A900232DD}.Release|iPhoneSimulator.ActiveCfg = Release|Any CPU
		{0EF6C543-9A82-4A29-A251-4D0A900232DD}.Release|Mixed Platforms.ActiveCfg = Release|Any CPU
		{0EF6C543-9A82-4A29-A251-4D0A900232DD}.Release|Mixed Platforms.Build.0 = Release|Any CPU
		{0EF6C543-9A82-4A29-A251-4D0A900232DD}.Release|x86.ActiveCfg = Release|Any CPU
		{F1FCED90-6343-42B9-8769-5F5B1C5FE1E3}.Ad-Hoc|Any CPU.ActiveCfg = Release|Any CPU
		{F1FCED90-6343-42B9-8769-5F5B1C5FE1E3}.Ad-Hoc|Any CPU.Build.0 = Release|Any CPU
		{F1FCED90-6343-42B9-8769-5F5B1C5FE1E3}.Ad-Hoc|ARM.ActiveCfg = Release|Any CPU
		{F1FCED90-6343-42B9-8769-5F5B1C5FE1E3}.Ad-Hoc|iPhone.ActiveCfg = Release|Any CPU
		{F1FCED90-6343-42B9-8769-5F5B1C5FE1E3}.Ad-Hoc|iPhoneSimulator.ActiveCfg = Release|Any CPU
		{F1FCED90-6343-42B9-8769-5F5B1C5FE1E3}.Ad-Hoc|Mixed Platforms.ActiveCfg = Release|Any CPU
		{F1FCED90-6343-42B9-8769-5F5B1C5FE1E3}.Ad-Hoc|Mixed Platforms.Build.0 = Release|Any CPU
		{F1FCED90-6343-42B9-8769-5F5B1C5FE1E3}.Ad-Hoc|x86.ActiveCfg = Release|Any CPU
		{F1FCED90-6343-42B9-8769-5F5B1C5FE1E3}.AppStore|Any CPU.ActiveCfg = Release|Any CPU
		{F1FCED90-6343-42B9-8769-5F5B1C5FE1E3}.AppStore|Any CPU.Build.0 = Release|Any CPU
		{F1FCED90-6343-42B9-8769-5F5B1C5FE1E3}.AppStore|ARM.ActiveCfg = Release|Any CPU
		{F1FCED90-6343-42B9-8769-5F5B1C5FE1E3}.AppStore|iPhone.ActiveCfg = Release|Any CPU
		{F1FCED90-6343-42B9-8769-5F5B1C5FE1E3}.AppStore|iPhoneSimulator.ActiveCfg = Release|Any CPU
		{F1FCED90-6343-42B9-8769-5F5B1C5FE1E3}.AppStore|Mixed Platforms.ActiveCfg = Release|Any CPU
		{F1FCED90-6343-42B9-8769-5F5B1C5FE1E3}.AppStore|Mixed Platforms.Build.0 = Release|Any CPU
		{F1FCED90-6343-42B9-8769-5F5B1C5FE1E3}.AppStore|x86.ActiveCfg = Release|Any CPU
		{F1FCED90-6343-42B9-8769-5F5B1C5FE1E3}.Debug|Any CPU.ActiveCfg = Debug|Any CPU
		{F1FCED90-6343-42B9-8769-5F5B1C5FE1E3}.Debug|Any CPU.Build.0 = Debug|Any CPU
		{F1FCED90-6343-42B9-8769-5F5B1C5FE1E3}.Debug|ARM.ActiveCfg = Debug|Any CPU
		{F1FCED90-6343-42B9-8769-5F5B1C5FE1E3}.Debug|iPhone.ActiveCfg = Debug|Any CPU
		{F1FCED90-6343-42B9-8769-5F5B1C5FE1E3}.Debug|iPhoneSimulator.ActiveCfg = Debug|Any CPU
		{F1FCED90-6343-42B9-8769-5F5B1C5FE1E3}.Debug|Mixed Platforms.ActiveCfg = Debug|Any CPU
		{F1FCED90-6343-42B9-8769-5F5B1C5FE1E3}.Debug|Mixed Platforms.Build.0 = Debug|Any CPU
		{F1FCED90-6343-42B9-8769-5F5B1C5FE1E3}.Debug|x86.ActiveCfg = Debug|Any CPU
		{F1FCED90-6343-42B9-8769-5F5B1C5FE1E3}.Release|Any CPU.ActiveCfg = Release|Any CPU
		{F1FCED90-6343-42B9-8769-5F5B1C5FE1E3}.Release|Any CPU.Build.0 = Release|Any CPU
		{F1FCED90-6343-42B9-8769-5F5B1C5FE1E3}.Release|ARM.ActiveCfg = Release|Any CPU
		{F1FCED90-6343-42B9-8769-5F5B1C5FE1E3}.Release|iPhone.ActiveCfg = Release|Any CPU
		{F1FCED90-6343-42B9-8769-5F5B1C5FE1E3}.Release|iPhoneSimulator.ActiveCfg = Release|Any CPU
		{F1FCED90-6343-42B9-8769-5F5B1C5FE1E3}.Release|Mixed Platforms.ActiveCfg = Release|Any CPU
		{F1FCED90-6343-42B9-8769-5F5B1C5FE1E3}.Release|Mixed Platforms.Build.0 = Release|Any CPU
		{F1FCED90-6343-42B9-8769-5F5B1C5FE1E3}.Release|x86.ActiveCfg = Release|Any CPU
		{FB69B463-0DD5-49D2-AFED-6E3A31EB37A1}.Ad-Hoc|Any CPU.ActiveCfg = Release|Any CPU
		{FB69B463-0DD5-49D2-AFED-6E3A31EB37A1}.Ad-Hoc|Any CPU.Build.0 = Release|Any CPU
		{FB69B463-0DD5-49D2-AFED-6E3A31EB37A1}.Ad-Hoc|ARM.ActiveCfg = Release|Any CPU
		{FB69B463-0DD5-49D2-AFED-6E3A31EB37A1}.Ad-Hoc|iPhone.ActiveCfg = Release|Any CPU
		{FB69B463-0DD5-49D2-AFED-6E3A31EB37A1}.Ad-Hoc|iPhoneSimulator.ActiveCfg = Release|Any CPU
		{FB69B463-0DD5-49D2-AFED-6E3A31EB37A1}.Ad-Hoc|Mixed Platforms.ActiveCfg = Release|Any CPU
		{FB69B463-0DD5-49D2-AFED-6E3A31EB37A1}.Ad-Hoc|Mixed Platforms.Build.0 = Release|Any CPU
		{FB69B463-0DD5-49D2-AFED-6E3A31EB37A1}.Ad-Hoc|x86.ActiveCfg = Release|Any CPU
		{FB69B463-0DD5-49D2-AFED-6E3A31EB37A1}.AppStore|Any CPU.ActiveCfg = Release|Any CPU
		{FB69B463-0DD5-49D2-AFED-6E3A31EB37A1}.AppStore|Any CPU.Build.0 = Release|Any CPU
		{FB69B463-0DD5-49D2-AFED-6E3A31EB37A1}.AppStore|ARM.ActiveCfg = Release|Any CPU
		{FB69B463-0DD5-49D2-AFED-6E3A31EB37A1}.AppStore|iPhone.ActiveCfg = Release|Any CPU
		{FB69B463-0DD5-49D2-AFED-6E3A31EB37A1}.AppStore|iPhoneSimulator.ActiveCfg = Release|Any CPU
		{FB69B463-0DD5-49D2-AFED-6E3A31EB37A1}.AppStore|Mixed Platforms.ActiveCfg = Release|Any CPU
		{FB69B463-0DD5-49D2-AFED-6E3A31EB37A1}.AppStore|Mixed Platforms.Build.0 = Release|Any CPU
		{FB69B463-0DD5-49D2-AFED-6E3A31EB37A1}.AppStore|x86.ActiveCfg = Release|Any CPU
		{FB69B463-0DD5-49D2-AFED-6E3A31EB37A1}.Debug|Any CPU.ActiveCfg = Debug|Any CPU
		{FB69B463-0DD5-49D2-AFED-6E3A31EB37A1}.Debug|Any CPU.Build.0 = Debug|Any CPU
		{FB69B463-0DD5-49D2-AFED-6E3A31EB37A1}.Debug|ARM.ActiveCfg = Debug|Any CPU
		{FB69B463-0DD5-49D2-AFED-6E3A31EB37A1}.Debug|iPhone.ActiveCfg = Debug|Any CPU
		{FB69B463-0DD5-49D2-AFED-6E3A31EB37A1}.Debug|iPhoneSimulator.ActiveCfg = Debug|Any CPU
		{FB69B463-0DD5-49D2-AFED-6E3A31EB37A1}.Debug|Mixed Platforms.ActiveCfg = Debug|Any CPU
		{FB69B463-0DD5-49D2-AFED-6E3A31EB37A1}.Debug|Mixed Platforms.Build.0 = Debug|Any CPU
		{FB69B463-0DD5-49D2-AFED-6E3A31EB37A1}.Debug|x86.ActiveCfg = Debug|Any CPU
		{FB69B463-0DD5-49D2-AFED-6E3A31EB37A1}.Release|Any CPU.ActiveCfg = Release|Any CPU
		{FB69B463-0DD5-49D2-AFED-6E3A31EB37A1}.Release|Any CPU.Build.0 = Release|Any CPU
		{FB69B463-0DD5-49D2-AFED-6E3A31EB37A1}.Release|ARM.ActiveCfg = Release|Any CPU
		{FB69B463-0DD5-49D2-AFED-6E3A31EB37A1}.Release|iPhone.ActiveCfg = Release|Any CPU
		{FB69B463-0DD5-49D2-AFED-6E3A31EB37A1}.Release|iPhoneSimulator.ActiveCfg = Release|Any CPU
		{FB69B463-0DD5-49D2-AFED-6E3A31EB37A1}.Release|Mixed Platforms.ActiveCfg = Release|Any CPU
		{FB69B463-0DD5-49D2-AFED-6E3A31EB37A1}.Release|Mixed Platforms.Build.0 = Release|Any CPU
		{FB69B463-0DD5-49D2-AFED-6E3A31EB37A1}.Release|x86.ActiveCfg = Release|Any CPU
		{DC51E5AC-4DFB-449E-95E3-A471C0EBB53C}.Ad-Hoc|Any CPU.ActiveCfg = Release|Any CPU
		{DC51E5AC-4DFB-449E-95E3-A471C0EBB53C}.Ad-Hoc|Any CPU.Build.0 = Release|Any CPU
		{DC51E5AC-4DFB-449E-95E3-A471C0EBB53C}.Ad-Hoc|ARM.ActiveCfg = Release|ARM
		{DC51E5AC-4DFB-449E-95E3-A471C0EBB53C}.Ad-Hoc|ARM.Build.0 = Release|ARM
		{DC51E5AC-4DFB-449E-95E3-A471C0EBB53C}.Ad-Hoc|iPhone.ActiveCfg = Release|Any CPU
		{DC51E5AC-4DFB-449E-95E3-A471C0EBB53C}.Ad-Hoc|iPhoneSimulator.ActiveCfg = Release|Any CPU
		{DC51E5AC-4DFB-449E-95E3-A471C0EBB53C}.Ad-Hoc|Mixed Platforms.ActiveCfg = Release|x86
		{DC51E5AC-4DFB-449E-95E3-A471C0EBB53C}.Ad-Hoc|Mixed Platforms.Build.0 = Release|x86
		{DC51E5AC-4DFB-449E-95E3-A471C0EBB53C}.Ad-Hoc|x86.ActiveCfg = Release|x86
		{DC51E5AC-4DFB-449E-95E3-A471C0EBB53C}.Ad-Hoc|x86.Build.0 = Release|x86
		{DC51E5AC-4DFB-449E-95E3-A471C0EBB53C}.AppStore|Any CPU.ActiveCfg = Release|Any CPU
		{DC51E5AC-4DFB-449E-95E3-A471C0EBB53C}.AppStore|Any CPU.Build.0 = Release|Any CPU
		{DC51E5AC-4DFB-449E-95E3-A471C0EBB53C}.AppStore|ARM.ActiveCfg = Release|ARM
		{DC51E5AC-4DFB-449E-95E3-A471C0EBB53C}.AppStore|ARM.Build.0 = Release|ARM
		{DC51E5AC-4DFB-449E-95E3-A471C0EBB53C}.AppStore|iPhone.ActiveCfg = Release|Any CPU
		{DC51E5AC-4DFB-449E-95E3-A471C0EBB53C}.AppStore|iPhoneSimulator.ActiveCfg = Release|Any CPU
		{DC51E5AC-4DFB-449E-95E3-A471C0EBB53C}.AppStore|Mixed Platforms.ActiveCfg = Release|x86
		{DC51E5AC-4DFB-449E-95E3-A471C0EBB53C}.AppStore|Mixed Platforms.Build.0 = Release|x86
		{DC51E5AC-4DFB-449E-95E3-A471C0EBB53C}.AppStore|x86.ActiveCfg = Release|x86
		{DC51E5AC-4DFB-449E-95E3-A471C0EBB53C}.AppStore|x86.Build.0 = Release|x86
		{DC51E5AC-4DFB-449E-95E3-A471C0EBB53C}.Debug|Any CPU.ActiveCfg = Debug|Any CPU
		{DC51E5AC-4DFB-449E-95E3-A471C0EBB53C}.Debug|Any CPU.Build.0 = Debug|Any CPU
		{DC51E5AC-4DFB-449E-95E3-A471C0EBB53C}.Debug|ARM.ActiveCfg = Debug|ARM
		{DC51E5AC-4DFB-449E-95E3-A471C0EBB53C}.Debug|ARM.Build.0 = Debug|ARM
		{DC51E5AC-4DFB-449E-95E3-A471C0EBB53C}.Debug|iPhone.ActiveCfg = Debug|Any CPU
		{DC51E5AC-4DFB-449E-95E3-A471C0EBB53C}.Debug|iPhoneSimulator.ActiveCfg = Debug|Any CPU
		{DC51E5AC-4DFB-449E-95E3-A471C0EBB53C}.Debug|Mixed Platforms.ActiveCfg = Debug|x86
		{DC51E5AC-4DFB-449E-95E3-A471C0EBB53C}.Debug|Mixed Platforms.Build.0 = Debug|x86
		{DC51E5AC-4DFB-449E-95E3-A471C0EBB53C}.Debug|x86.ActiveCfg = Debug|x86
		{DC51E5AC-4DFB-449E-95E3-A471C0EBB53C}.Debug|x86.Build.0 = Debug|x86
		{DC51E5AC-4DFB-449E-95E3-A471C0EBB53C}.Release|Any CPU.ActiveCfg = Release|Any CPU
		{DC51E5AC-4DFB-449E-95E3-A471C0EBB53C}.Release|Any CPU.Build.0 = Release|Any CPU
		{DC51E5AC-4DFB-449E-95E3-A471C0EBB53C}.Release|ARM.ActiveCfg = Release|ARM
		{DC51E5AC-4DFB-449E-95E3-A471C0EBB53C}.Release|ARM.Build.0 = Release|ARM
		{DC51E5AC-4DFB-449E-95E3-A471C0EBB53C}.Release|iPhone.ActiveCfg = Release|Any CPU
		{DC51E5AC-4DFB-449E-95E3-A471C0EBB53C}.Release|iPhoneSimulator.ActiveCfg = Release|Any CPU
		{DC51E5AC-4DFB-449E-95E3-A471C0EBB53C}.Release|Mixed Platforms.ActiveCfg = Release|x86
		{DC51E5AC-4DFB-449E-95E3-A471C0EBB53C}.Release|Mixed Platforms.Build.0 = Release|x86
		{DC51E5AC-4DFB-449E-95E3-A471C0EBB53C}.Release|x86.ActiveCfg = Release|x86
		{DC51E5AC-4DFB-449E-95E3-A471C0EBB53C}.Release|x86.Build.0 = Release|x86
		{F68A14AB-0965-4582-9399-F22F5C4CEB15}.Ad-Hoc|Any CPU.ActiveCfg = Release|Any CPU
		{F68A14AB-0965-4582-9399-F22F5C4CEB15}.Ad-Hoc|Any CPU.Build.0 = Release|Any CPU
		{F68A14AB-0965-4582-9399-F22F5C4CEB15}.Ad-Hoc|ARM.ActiveCfg = Release|Any CPU
		{F68A14AB-0965-4582-9399-F22F5C4CEB15}.Ad-Hoc|iPhone.ActiveCfg = Release|Any CPU
		{F68A14AB-0965-4582-9399-F22F5C4CEB15}.Ad-Hoc|iPhoneSimulator.ActiveCfg = Release|Any CPU
		{F68A14AB-0965-4582-9399-F22F5C4CEB15}.Ad-Hoc|Mixed Platforms.ActiveCfg = Release|Any CPU
		{F68A14AB-0965-4582-9399-F22F5C4CEB15}.Ad-Hoc|Mixed Platforms.Build.0 = Release|Any CPU
		{F68A14AB-0965-4582-9399-F22F5C4CEB15}.Ad-Hoc|x86.ActiveCfg = Release|Any CPU
		{F68A14AB-0965-4582-9399-F22F5C4CEB15}.AppStore|Any CPU.ActiveCfg = Release|Any CPU
		{F68A14AB-0965-4582-9399-F22F5C4CEB15}.AppStore|Any CPU.Build.0 = Release|Any CPU
		{F68A14AB-0965-4582-9399-F22F5C4CEB15}.AppStore|ARM.ActiveCfg = Release|Any CPU
		{F68A14AB-0965-4582-9399-F22F5C4CEB15}.AppStore|iPhone.ActiveCfg = Release|Any CPU
		{F68A14AB-0965-4582-9399-F22F5C4CEB15}.AppStore|iPhoneSimulator.ActiveCfg = Release|Any CPU
		{F68A14AB-0965-4582-9399-F22F5C4CEB15}.AppStore|Mixed Platforms.ActiveCfg = Release|Any CPU
		{F68A14AB-0965-4582-9399-F22F5C4CEB15}.AppStore|Mixed Platforms.Build.0 = Release|Any CPU
		{F68A14AB-0965-4582-9399-F22F5C4CEB15}.AppStore|x86.ActiveCfg = Release|Any CPU
		{F68A14AB-0965-4582-9399-F22F5C4CEB15}.Debug|Any CPU.ActiveCfg = Debug|Any CPU
		{F68A14AB-0965-4582-9399-F22F5C4CEB15}.Debug|Any CPU.Build.0 = Debug|Any CPU
		{F68A14AB-0965-4582-9399-F22F5C4CEB15}.Debug|ARM.ActiveCfg = Debug|Any CPU
		{F68A14AB-0965-4582-9399-F22F5C4CEB15}.Debug|iPhone.ActiveCfg = Debug|Any CPU
		{F68A14AB-0965-4582-9399-F22F5C4CEB15}.Debug|iPhoneSimulator.ActiveCfg = Debug|Any CPU
		{F68A14AB-0965-4582-9399-F22F5C4CEB15}.Debug|Mixed Platforms.ActiveCfg = Debug|Any CPU
		{F68A14AB-0965-4582-9399-F22F5C4CEB15}.Debug|Mixed Platforms.Build.0 = Debug|Any CPU
		{F68A14AB-0965-4582-9399-F22F5C4CEB15}.Debug|x86.ActiveCfg = Debug|Any CPU
		{F68A14AB-0965-4582-9399-F22F5C4CEB15}.Release|Any CPU.ActiveCfg = Release|Any CPU
		{F68A14AB-0965-4582-9399-F22F5C4CEB15}.Release|Any CPU.Build.0 = Release|Any CPU
		{F68A14AB-0965-4582-9399-F22F5C4CEB15}.Release|ARM.ActiveCfg = Release|Any CPU
		{F68A14AB-0965-4582-9399-F22F5C4CEB15}.Release|iPhone.ActiveCfg = Release|Any CPU
		{F68A14AB-0965-4582-9399-F22F5C4CEB15}.Release|iPhoneSimulator.ActiveCfg = Release|Any CPU
		{F68A14AB-0965-4582-9399-F22F5C4CEB15}.Release|Mixed Platforms.ActiveCfg = Release|Any CPU
		{F68A14AB-0965-4582-9399-F22F5C4CEB15}.Release|Mixed Platforms.Build.0 = Release|Any CPU
		{F68A14AB-0965-4582-9399-F22F5C4CEB15}.Release|x86.ActiveCfg = Release|Any CPU
		{290F8977-F101-4BD8-8A29-19C78B4EBC23}.Ad-Hoc|Any CPU.ActiveCfg = Release|Any CPU
		{290F8977-F101-4BD8-8A29-19C78B4EBC23}.Ad-Hoc|Any CPU.Build.0 = Release|Any CPU
		{290F8977-F101-4BD8-8A29-19C78B4EBC23}.Ad-Hoc|ARM.ActiveCfg = Release|Any CPU
		{290F8977-F101-4BD8-8A29-19C78B4EBC23}.Ad-Hoc|iPhone.ActiveCfg = Release|Any CPU
		{290F8977-F101-4BD8-8A29-19C78B4EBC23}.Ad-Hoc|iPhoneSimulator.ActiveCfg = Release|Any CPU
		{290F8977-F101-4BD8-8A29-19C78B4EBC23}.Ad-Hoc|Mixed Platforms.ActiveCfg = Release|Any CPU
		{290F8977-F101-4BD8-8A29-19C78B4EBC23}.Ad-Hoc|Mixed Platforms.Build.0 = Release|Any CPU
		{290F8977-F101-4BD8-8A29-19C78B4EBC23}.Ad-Hoc|x86.ActiveCfg = Release|Any CPU
		{290F8977-F101-4BD8-8A29-19C78B4EBC23}.AppStore|Any CPU.ActiveCfg = Release|Any CPU
		{290F8977-F101-4BD8-8A29-19C78B4EBC23}.AppStore|Any CPU.Build.0 = Release|Any CPU
		{290F8977-F101-4BD8-8A29-19C78B4EBC23}.AppStore|ARM.ActiveCfg = Release|Any CPU
		{290F8977-F101-4BD8-8A29-19C78B4EBC23}.AppStore|iPhone.ActiveCfg = Release|Any CPU
		{290F8977-F101-4BD8-8A29-19C78B4EBC23}.AppStore|iPhoneSimulator.ActiveCfg = Release|Any CPU
		{290F8977-F101-4BD8-8A29-19C78B4EBC23}.AppStore|Mixed Platforms.ActiveCfg = Release|Any CPU
		{290F8977-F101-4BD8-8A29-19C78B4EBC23}.AppStore|Mixed Platforms.Build.0 = Release|Any CPU
		{290F8977-F101-4BD8-8A29-19C78B4EBC23}.AppStore|x86.ActiveCfg = Release|Any CPU
		{290F8977-F101-4BD8-8A29-19C78B4EBC23}.Debug|Any CPU.ActiveCfg = Debug|Any CPU
		{290F8977-F101-4BD8-8A29-19C78B4EBC23}.Debug|Any CPU.Build.0 = Debug|Any CPU
		{290F8977-F101-4BD8-8A29-19C78B4EBC23}.Debug|ARM.ActiveCfg = Debug|Any CPU
		{290F8977-F101-4BD8-8A29-19C78B4EBC23}.Debug|iPhone.ActiveCfg = Debug|Any CPU
		{290F8977-F101-4BD8-8A29-19C78B4EBC23}.Debug|iPhoneSimulator.ActiveCfg = Debug|Any CPU
		{290F8977-F101-4BD8-8A29-19C78B4EBC23}.Debug|Mixed Platforms.ActiveCfg = Debug|Any CPU
		{290F8977-F101-4BD8-8A29-19C78B4EBC23}.Debug|Mixed Platforms.Build.0 = Debug|Any CPU
		{290F8977-F101-4BD8-8A29-19C78B4EBC23}.Debug|x86.ActiveCfg = Debug|Any CPU
		{290F8977-F101-4BD8-8A29-19C78B4EBC23}.Release|Any CPU.ActiveCfg = Release|Any CPU
		{290F8977-F101-4BD8-8A29-19C78B4EBC23}.Release|Any CPU.Build.0 = Release|Any CPU
		{290F8977-F101-4BD8-8A29-19C78B4EBC23}.Release|ARM.ActiveCfg = Release|Any CPU
		{290F8977-F101-4BD8-8A29-19C78B4EBC23}.Release|iPhone.ActiveCfg = Release|Any CPU
		{290F8977-F101-4BD8-8A29-19C78B4EBC23}.Release|iPhoneSimulator.ActiveCfg = Release|Any CPU
		{290F8977-F101-4BD8-8A29-19C78B4EBC23}.Release|Mixed Platforms.ActiveCfg = Release|Any CPU
		{290F8977-F101-4BD8-8A29-19C78B4EBC23}.Release|Mixed Platforms.Build.0 = Release|Any CPU
		{290F8977-F101-4BD8-8A29-19C78B4EBC23}.Release|x86.ActiveCfg = Release|Any CPU
		{732D3A68-83F1-4CC0-97CB-AB5095998D70}.Ad-Hoc|Any CPU.ActiveCfg = Release|Any CPU
		{732D3A68-83F1-4CC0-97CB-AB5095998D70}.Ad-Hoc|Any CPU.Build.0 = Release|Any CPU
		{732D3A68-83F1-4CC0-97CB-AB5095998D70}.Ad-Hoc|ARM.ActiveCfg = Release|ARM
		{732D3A68-83F1-4CC0-97CB-AB5095998D70}.Ad-Hoc|ARM.Build.0 = Release|ARM
		{732D3A68-83F1-4CC0-97CB-AB5095998D70}.Ad-Hoc|iPhone.ActiveCfg = Release|Any CPU
		{732D3A68-83F1-4CC0-97CB-AB5095998D70}.Ad-Hoc|iPhoneSimulator.ActiveCfg = Release|Any CPU
		{732D3A68-83F1-4CC0-97CB-AB5095998D70}.Ad-Hoc|Mixed Platforms.ActiveCfg = Release|x86
		{732D3A68-83F1-4CC0-97CB-AB5095998D70}.Ad-Hoc|Mixed Platforms.Build.0 = Release|x86
		{732D3A68-83F1-4CC0-97CB-AB5095998D70}.Ad-Hoc|x86.ActiveCfg = Release|x86
		{732D3A68-83F1-4CC0-97CB-AB5095998D70}.Ad-Hoc|x86.Build.0 = Release|x86
		{732D3A68-83F1-4CC0-97CB-AB5095998D70}.AppStore|Any CPU.ActiveCfg = Release|Any CPU
		{732D3A68-83F1-4CC0-97CB-AB5095998D70}.AppStore|Any CPU.Build.0 = Release|Any CPU
		{732D3A68-83F1-4CC0-97CB-AB5095998D70}.AppStore|ARM.ActiveCfg = Release|ARM
		{732D3A68-83F1-4CC0-97CB-AB5095998D70}.AppStore|ARM.Build.0 = Release|ARM
		{732D3A68-83F1-4CC0-97CB-AB5095998D70}.AppStore|iPhone.ActiveCfg = Release|Any CPU
		{732D3A68-83F1-4CC0-97CB-AB5095998D70}.AppStore|iPhoneSimulator.ActiveCfg = Release|Any CPU
		{732D3A68-83F1-4CC0-97CB-AB5095998D70}.AppStore|Mixed Platforms.ActiveCfg = Release|x86
		{732D3A68-83F1-4CC0-97CB-AB5095998D70}.AppStore|Mixed Platforms.Build.0 = Release|x86
		{732D3A68-83F1-4CC0-97CB-AB5095998D70}.AppStore|x86.ActiveCfg = Release|x86
		{732D3A68-83F1-4CC0-97CB-AB5095998D70}.AppStore|x86.Build.0 = Release|x86
		{732D3A68-83F1-4CC0-97CB-AB5095998D70}.Debug|Any CPU.ActiveCfg = Debug|Any CPU
		{732D3A68-83F1-4CC0-97CB-AB5095998D70}.Debug|Any CPU.Build.0 = Debug|Any CPU
		{732D3A68-83F1-4CC0-97CB-AB5095998D70}.Debug|ARM.ActiveCfg = Debug|ARM
		{732D3A68-83F1-4CC0-97CB-AB5095998D70}.Debug|ARM.Build.0 = Debug|ARM
		{732D3A68-83F1-4CC0-97CB-AB5095998D70}.Debug|iPhone.ActiveCfg = Debug|Any CPU
		{732D3A68-83F1-4CC0-97CB-AB5095998D70}.Debug|iPhoneSimulator.ActiveCfg = Debug|Any CPU
		{732D3A68-83F1-4CC0-97CB-AB5095998D70}.Debug|Mixed Platforms.ActiveCfg = Debug|x86
		{732D3A68-83F1-4CC0-97CB-AB5095998D70}.Debug|Mixed Platforms.Build.0 = Debug|x86
		{732D3A68-83F1-4CC0-97CB-AB5095998D70}.Debug|x86.ActiveCfg = Debug|x86
		{732D3A68-83F1-4CC0-97CB-AB5095998D70}.Debug|x86.Build.0 = Debug|x86
		{732D3A68-83F1-4CC0-97CB-AB5095998D70}.Release|Any CPU.ActiveCfg = Release|Any CPU
		{732D3A68-83F1-4CC0-97CB-AB5095998D70}.Release|Any CPU.Build.0 = Release|Any CPU
		{732D3A68-83F1-4CC0-97CB-AB5095998D70}.Release|ARM.ActiveCfg = Release|ARM
		{732D3A68-83F1-4CC0-97CB-AB5095998D70}.Release|ARM.Build.0 = Release|ARM
		{732D3A68-83F1-4CC0-97CB-AB5095998D70}.Release|iPhone.ActiveCfg = Release|Any CPU
		{732D3A68-83F1-4CC0-97CB-AB5095998D70}.Release|iPhoneSimulator.ActiveCfg = Release|Any CPU
		{732D3A68-83F1-4CC0-97CB-AB5095998D70}.Release|Mixed Platforms.ActiveCfg = Release|x86
		{732D3A68-83F1-4CC0-97CB-AB5095998D70}.Release|Mixed Platforms.Build.0 = Release|x86
		{732D3A68-83F1-4CC0-97CB-AB5095998D70}.Release|x86.ActiveCfg = Release|x86
		{732D3A68-83F1-4CC0-97CB-AB5095998D70}.Release|x86.Build.0 = Release|x86
		{67F9D3A8-F71E-4428-913F-C37AE82CDB24}.Ad-Hoc|Any CPU.ActiveCfg = Release|Any CPU
		{67F9D3A8-F71E-4428-913F-C37AE82CDB24}.Ad-Hoc|Any CPU.Build.0 = Release|Any CPU
		{67F9D3A8-F71E-4428-913F-C37AE82CDB24}.Ad-Hoc|ARM.ActiveCfg = Release|Any CPU
		{67F9D3A8-F71E-4428-913F-C37AE82CDB24}.Ad-Hoc|iPhone.ActiveCfg = Release|Any CPU
		{67F9D3A8-F71E-4428-913F-C37AE82CDB24}.Ad-Hoc|iPhoneSimulator.ActiveCfg = Release|Any CPU
		{67F9D3A8-F71E-4428-913F-C37AE82CDB24}.Ad-Hoc|Mixed Platforms.ActiveCfg = Release|Any CPU
		{67F9D3A8-F71E-4428-913F-C37AE82CDB24}.Ad-Hoc|Mixed Platforms.Build.0 = Release|Any CPU
		{67F9D3A8-F71E-4428-913F-C37AE82CDB24}.Ad-Hoc|x86.ActiveCfg = Release|Any CPU
		{67F9D3A8-F71E-4428-913F-C37AE82CDB24}.AppStore|Any CPU.ActiveCfg = Release|Any CPU
		{67F9D3A8-F71E-4428-913F-C37AE82CDB24}.AppStore|Any CPU.Build.0 = Release|Any CPU
		{67F9D3A8-F71E-4428-913F-C37AE82CDB24}.AppStore|ARM.ActiveCfg = Release|Any CPU
		{67F9D3A8-F71E-4428-913F-C37AE82CDB24}.AppStore|iPhone.ActiveCfg = Release|Any CPU
		{67F9D3A8-F71E-4428-913F-C37AE82CDB24}.AppStore|iPhoneSimulator.ActiveCfg = Release|Any CPU
		{67F9D3A8-F71E-4428-913F-C37AE82CDB24}.AppStore|Mixed Platforms.ActiveCfg = Release|Any CPU
		{67F9D3A8-F71E-4428-913F-C37AE82CDB24}.AppStore|Mixed Platforms.Build.0 = Release|Any CPU
		{67F9D3A8-F71E-4428-913F-C37AE82CDB24}.AppStore|x86.ActiveCfg = Release|Any CPU
		{67F9D3A8-F71E-4428-913F-C37AE82CDB24}.Debug|Any CPU.ActiveCfg = Debug|Any CPU
		{67F9D3A8-F71E-4428-913F-C37AE82CDB24}.Debug|Any CPU.Build.0 = Debug|Any CPU
		{67F9D3A8-F71E-4428-913F-C37AE82CDB24}.Debug|ARM.ActiveCfg = Debug|Any CPU
		{67F9D3A8-F71E-4428-913F-C37AE82CDB24}.Debug|iPhone.ActiveCfg = Debug|Any CPU
		{67F9D3A8-F71E-4428-913F-C37AE82CDB24}.Debug|iPhoneSimulator.ActiveCfg = Debug|Any CPU
		{67F9D3A8-F71E-4428-913F-C37AE82CDB24}.Debug|Mixed Platforms.ActiveCfg = Debug|Any CPU
		{67F9D3A8-F71E-4428-913F-C37AE82CDB24}.Debug|Mixed Platforms.Build.0 = Debug|Any CPU
		{67F9D3A8-F71E-4428-913F-C37AE82CDB24}.Debug|x86.ActiveCfg = Debug|Any CPU
		{67F9D3A8-F71E-4428-913F-C37AE82CDB24}.Release|Any CPU.ActiveCfg = Release|Any CPU
		{67F9D3A8-F71E-4428-913F-C37AE82CDB24}.Release|Any CPU.Build.0 = Release|Any CPU
		{67F9D3A8-F71E-4428-913F-C37AE82CDB24}.Release|ARM.ActiveCfg = Release|Any CPU
		{67F9D3A8-F71E-4428-913F-C37AE82CDB24}.Release|iPhone.ActiveCfg = Release|Any CPU
		{67F9D3A8-F71E-4428-913F-C37AE82CDB24}.Release|iPhoneSimulator.ActiveCfg = Release|Any CPU
		{67F9D3A8-F71E-4428-913F-C37AE82CDB24}.Release|Mixed Platforms.ActiveCfg = Release|Any CPU
		{67F9D3A8-F71E-4428-913F-C37AE82CDB24}.Release|Mixed Platforms.Build.0 = Release|Any CPU
		{67F9D3A8-F71E-4428-913F-C37AE82CDB24}.Release|x86.ActiveCfg = Release|Any CPU
		{D7098843-29D9-4AA9-9B11-C2D938E1AE89}.Ad-Hoc|Any CPU.ActiveCfg = Release|Any CPU
		{D7098843-29D9-4AA9-9B11-C2D938E1AE89}.Ad-Hoc|Any CPU.Build.0 = Release|Any CPU
		{D7098843-29D9-4AA9-9B11-C2D938E1AE89}.Ad-Hoc|ARM.ActiveCfg = Release|ARM
		{D7098843-29D9-4AA9-9B11-C2D938E1AE89}.Ad-Hoc|ARM.Build.0 = Release|ARM
		{D7098843-29D9-4AA9-9B11-C2D938E1AE89}.Ad-Hoc|iPhone.ActiveCfg = Release|Any CPU
		{D7098843-29D9-4AA9-9B11-C2D938E1AE89}.Ad-Hoc|iPhoneSimulator.ActiveCfg = Release|Any CPU
		{D7098843-29D9-4AA9-9B11-C2D938E1AE89}.Ad-Hoc|Mixed Platforms.ActiveCfg = Release|x86
		{D7098843-29D9-4AA9-9B11-C2D938E1AE89}.Ad-Hoc|Mixed Platforms.Build.0 = Release|x86
		{D7098843-29D9-4AA9-9B11-C2D938E1AE89}.Ad-Hoc|x86.ActiveCfg = Release|x86
		{D7098843-29D9-4AA9-9B11-C2D938E1AE89}.Ad-Hoc|x86.Build.0 = Release|x86
		{D7098843-29D9-4AA9-9B11-C2D938E1AE89}.AppStore|Any CPU.ActiveCfg = Release|Any CPU
		{D7098843-29D9-4AA9-9B11-C2D938E1AE89}.AppStore|Any CPU.Build.0 = Release|Any CPU
		{D7098843-29D9-4AA9-9B11-C2D938E1AE89}.AppStore|ARM.ActiveCfg = Release|ARM
		{D7098843-29D9-4AA9-9B11-C2D938E1AE89}.AppStore|ARM.Build.0 = Release|ARM
		{D7098843-29D9-4AA9-9B11-C2D938E1AE89}.AppStore|iPhone.ActiveCfg = Release|Any CPU
		{D7098843-29D9-4AA9-9B11-C2D938E1AE89}.AppStore|iPhoneSimulator.ActiveCfg = Release|Any CPU
		{D7098843-29D9-4AA9-9B11-C2D938E1AE89}.AppStore|Mixed Platforms.ActiveCfg = Release|x86
		{D7098843-29D9-4AA9-9B11-C2D938E1AE89}.AppStore|Mixed Platforms.Build.0 = Release|x86
		{D7098843-29D9-4AA9-9B11-C2D938E1AE89}.AppStore|x86.ActiveCfg = Release|x86
		{D7098843-29D9-4AA9-9B11-C2D938E1AE89}.AppStore|x86.Build.0 = Release|x86
		{D7098843-29D9-4AA9-9B11-C2D938E1AE89}.Debug|Any CPU.ActiveCfg = Debug|Any CPU
		{D7098843-29D9-4AA9-9B11-C2D938E1AE89}.Debug|Any CPU.Build.0 = Debug|Any CPU
		{D7098843-29D9-4AA9-9B11-C2D938E1AE89}.Debug|ARM.ActiveCfg = Debug|ARM
		{D7098843-29D9-4AA9-9B11-C2D938E1AE89}.Debug|ARM.Build.0 = Debug|ARM
		{D7098843-29D9-4AA9-9B11-C2D938E1AE89}.Debug|iPhone.ActiveCfg = Debug|Any CPU
		{D7098843-29D9-4AA9-9B11-C2D938E1AE89}.Debug|iPhoneSimulator.ActiveCfg = Debug|Any CPU
		{D7098843-29D9-4AA9-9B11-C2D938E1AE89}.Debug|Mixed Platforms.ActiveCfg = Debug|x86
		{D7098843-29D9-4AA9-9B11-C2D938E1AE89}.Debug|Mixed Platforms.Build.0 = Debug|x86
		{D7098843-29D9-4AA9-9B11-C2D938E1AE89}.Debug|x86.ActiveCfg = Debug|x86
		{D7098843-29D9-4AA9-9B11-C2D938E1AE89}.Debug|x86.Build.0 = Debug|x86
		{D7098843-29D9-4AA9-9B11-C2D938E1AE89}.Release|Any CPU.ActiveCfg = Release|Any CPU
		{D7098843-29D9-4AA9-9B11-C2D938E1AE89}.Release|Any CPU.Build.0 = Release|Any CPU
		{D7098843-29D9-4AA9-9B11-C2D938E1AE89}.Release|ARM.ActiveCfg = Release|ARM
		{D7098843-29D9-4AA9-9B11-C2D938E1AE89}.Release|ARM.Build.0 = Release|ARM
		{D7098843-29D9-4AA9-9B11-C2D938E1AE89}.Release|iPhone.ActiveCfg = Release|Any CPU
		{D7098843-29D9-4AA9-9B11-C2D938E1AE89}.Release|iPhoneSimulator.ActiveCfg = Release|Any CPU
		{D7098843-29D9-4AA9-9B11-C2D938E1AE89}.Release|Mixed Platforms.ActiveCfg = Release|x86
		{D7098843-29D9-4AA9-9B11-C2D938E1AE89}.Release|Mixed Platforms.Build.0 = Release|x86
		{D7098843-29D9-4AA9-9B11-C2D938E1AE89}.Release|x86.ActiveCfg = Release|x86
		{D7098843-29D9-4AA9-9B11-C2D938E1AE89}.Release|x86.Build.0 = Release|x86
		{A2908B9C-D5D0-4715-851D-3EB81AB2E452}.Ad-Hoc|Any CPU.ActiveCfg = Release|Any CPU
		{A2908B9C-D5D0-4715-851D-3EB81AB2E452}.Ad-Hoc|Any CPU.Build.0 = Release|Any CPU
		{A2908B9C-D5D0-4715-851D-3EB81AB2E452}.Ad-Hoc|ARM.ActiveCfg = Release|Any CPU
		{A2908B9C-D5D0-4715-851D-3EB81AB2E452}.Ad-Hoc|iPhone.ActiveCfg = Release|Any CPU
		{A2908B9C-D5D0-4715-851D-3EB81AB2E452}.Ad-Hoc|iPhoneSimulator.ActiveCfg = Release|Any CPU
		{A2908B9C-D5D0-4715-851D-3EB81AB2E452}.Ad-Hoc|Mixed Platforms.ActiveCfg = Release|Any CPU
		{A2908B9C-D5D0-4715-851D-3EB81AB2E452}.Ad-Hoc|Mixed Platforms.Build.0 = Release|Any CPU
		{A2908B9C-D5D0-4715-851D-3EB81AB2E452}.Ad-Hoc|x86.ActiveCfg = Release|Any CPU
		{A2908B9C-D5D0-4715-851D-3EB81AB2E452}.AppStore|Any CPU.ActiveCfg = Release|Any CPU
		{A2908B9C-D5D0-4715-851D-3EB81AB2E452}.AppStore|Any CPU.Build.0 = Release|Any CPU
		{A2908B9C-D5D0-4715-851D-3EB81AB2E452}.AppStore|ARM.ActiveCfg = Release|Any CPU
		{A2908B9C-D5D0-4715-851D-3EB81AB2E452}.AppStore|iPhone.ActiveCfg = Release|Any CPU
		{A2908B9C-D5D0-4715-851D-3EB81AB2E452}.AppStore|iPhoneSimulator.ActiveCfg = Release|Any CPU
		{A2908B9C-D5D0-4715-851D-3EB81AB2E452}.AppStore|Mixed Platforms.ActiveCfg = Release|Any CPU
		{A2908B9C-D5D0-4715-851D-3EB81AB2E452}.AppStore|Mixed Platforms.Build.0 = Release|Any CPU
		{A2908B9C-D5D0-4715-851D-3EB81AB2E452}.AppStore|x86.ActiveCfg = Release|Any CPU
		{A2908B9C-D5D0-4715-851D-3EB81AB2E452}.Debug|Any CPU.ActiveCfg = Debug|Any CPU
		{A2908B9C-D5D0-4715-851D-3EB81AB2E452}.Debug|Any CPU.Build.0 = Debug|Any CPU
		{A2908B9C-D5D0-4715-851D-3EB81AB2E452}.Debug|ARM.ActiveCfg = Debug|Any CPU
		{A2908B9C-D5D0-4715-851D-3EB81AB2E452}.Debug|iPhone.ActiveCfg = Debug|Any CPU
		{A2908B9C-D5D0-4715-851D-3EB81AB2E452}.Debug|iPhoneSimulator.ActiveCfg = Debug|Any CPU
		{A2908B9C-D5D0-4715-851D-3EB81AB2E452}.Debug|Mixed Platforms.ActiveCfg = Debug|Any CPU
		{A2908B9C-D5D0-4715-851D-3EB81AB2E452}.Debug|Mixed Platforms.Build.0 = Debug|Any CPU
		{A2908B9C-D5D0-4715-851D-3EB81AB2E452}.Debug|x86.ActiveCfg = Debug|Any CPU
		{A2908B9C-D5D0-4715-851D-3EB81AB2E452}.Release|Any CPU.ActiveCfg = Release|Any CPU
		{A2908B9C-D5D0-4715-851D-3EB81AB2E452}.Release|Any CPU.Build.0 = Release|Any CPU
		{A2908B9C-D5D0-4715-851D-3EB81AB2E452}.Release|ARM.ActiveCfg = Release|Any CPU
		{A2908B9C-D5D0-4715-851D-3EB81AB2E452}.Release|iPhone.ActiveCfg = Release|Any CPU
		{A2908B9C-D5D0-4715-851D-3EB81AB2E452}.Release|iPhoneSimulator.ActiveCfg = Release|Any CPU
		{A2908B9C-D5D0-4715-851D-3EB81AB2E452}.Release|Mixed Platforms.ActiveCfg = Release|Any CPU
		{A2908B9C-D5D0-4715-851D-3EB81AB2E452}.Release|Mixed Platforms.Build.0 = Release|Any CPU
		{A2908B9C-D5D0-4715-851D-3EB81AB2E452}.Release|x86.ActiveCfg = Release|Any CPU
		{07658008-EB02-4C74-B798-0B8ED2BECA6D}.Ad-Hoc|Any CPU.ActiveCfg = Release|Any CPU
		{07658008-EB02-4C74-B798-0B8ED2BECA6D}.Ad-Hoc|Any CPU.Build.0 = Release|Any CPU
		{07658008-EB02-4C74-B798-0B8ED2BECA6D}.Ad-Hoc|ARM.ActiveCfg = Release|Any CPU
		{07658008-EB02-4C74-B798-0B8ED2BECA6D}.Ad-Hoc|iPhone.ActiveCfg = Release|Any CPU
		{07658008-EB02-4C74-B798-0B8ED2BECA6D}.Ad-Hoc|iPhoneSimulator.ActiveCfg = Release|Any CPU
		{07658008-EB02-4C74-B798-0B8ED2BECA6D}.Ad-Hoc|Mixed Platforms.ActiveCfg = Release|Any CPU
		{07658008-EB02-4C74-B798-0B8ED2BECA6D}.Ad-Hoc|Mixed Platforms.Build.0 = Release|Any CPU
		{07658008-EB02-4C74-B798-0B8ED2BECA6D}.Ad-Hoc|x86.ActiveCfg = Release|Any CPU
		{07658008-EB02-4C74-B798-0B8ED2BECA6D}.AppStore|Any CPU.ActiveCfg = Release|Any CPU
		{07658008-EB02-4C74-B798-0B8ED2BECA6D}.AppStore|Any CPU.Build.0 = Release|Any CPU
		{07658008-EB02-4C74-B798-0B8ED2BECA6D}.AppStore|ARM.ActiveCfg = Release|Any CPU
		{07658008-EB02-4C74-B798-0B8ED2BECA6D}.AppStore|iPhone.ActiveCfg = Release|Any CPU
		{07658008-EB02-4C74-B798-0B8ED2BECA6D}.AppStore|iPhoneSimulator.ActiveCfg = Release|Any CPU
		{07658008-EB02-4C74-B798-0B8ED2BECA6D}.AppStore|Mixed Platforms.ActiveCfg = Release|Any CPU
		{07658008-EB02-4C74-B798-0B8ED2BECA6D}.AppStore|Mixed Platforms.Build.0 = Release|Any CPU
		{07658008-EB02-4C74-B798-0B8ED2BECA6D}.AppStore|x86.ActiveCfg = Release|Any CPU
		{07658008-EB02-4C74-B798-0B8ED2BECA6D}.Debug|Any CPU.ActiveCfg = Debug|Any CPU
		{07658008-EB02-4C74-B798-0B8ED2BECA6D}.Debug|Any CPU.Build.0 = Debug|Any CPU
		{07658008-EB02-4C74-B798-0B8ED2BECA6D}.Debug|ARM.ActiveCfg = Debug|Any CPU
		{07658008-EB02-4C74-B798-0B8ED2BECA6D}.Debug|iPhone.ActiveCfg = Debug|Any CPU
		{07658008-EB02-4C74-B798-0B8ED2BECA6D}.Debug|iPhoneSimulator.ActiveCfg = Debug|Any CPU
		{07658008-EB02-4C74-B798-0B8ED2BECA6D}.Debug|Mixed Platforms.ActiveCfg = Debug|Any CPU
		{07658008-EB02-4C74-B798-0B8ED2BECA6D}.Debug|Mixed Platforms.Build.0 = Debug|Any CPU
		{07658008-EB02-4C74-B798-0B8ED2BECA6D}.Debug|x86.ActiveCfg = Debug|Any CPU
		{07658008-EB02-4C74-B798-0B8ED2BECA6D}.Release|Any CPU.ActiveCfg = Release|Any CPU
		{07658008-EB02-4C74-B798-0B8ED2BECA6D}.Release|Any CPU.Build.0 = Release|Any CPU
		{07658008-EB02-4C74-B798-0B8ED2BECA6D}.Release|ARM.ActiveCfg = Release|Any CPU
		{07658008-EB02-4C74-B798-0B8ED2BECA6D}.Release|iPhone.ActiveCfg = Release|Any CPU
		{07658008-EB02-4C74-B798-0B8ED2BECA6D}.Release|iPhoneSimulator.ActiveCfg = Release|Any CPU
		{07658008-EB02-4C74-B798-0B8ED2BECA6D}.Release|Mixed Platforms.ActiveCfg = Release|Any CPU
		{07658008-EB02-4C74-B798-0B8ED2BECA6D}.Release|Mixed Platforms.Build.0 = Release|Any CPU
		{07658008-EB02-4C74-B798-0B8ED2BECA6D}.Release|x86.ActiveCfg = Release|Any CPU
		{B2AF970D-D640-451C-95AF-92AF531B8C1E}.Ad-Hoc|Any CPU.ActiveCfg = Release|Any CPU
		{B2AF970D-D640-451C-95AF-92AF531B8C1E}.Ad-Hoc|Any CPU.Build.0 = Release|Any CPU
		{B2AF970D-D640-451C-95AF-92AF531B8C1E}.Ad-Hoc|ARM.ActiveCfg = Release|Any CPU
		{B2AF970D-D640-451C-95AF-92AF531B8C1E}.Ad-Hoc|iPhone.ActiveCfg = Release|Any CPU
		{B2AF970D-D640-451C-95AF-92AF531B8C1E}.Ad-Hoc|iPhoneSimulator.ActiveCfg = Release|Any CPU
		{B2AF970D-D640-451C-95AF-92AF531B8C1E}.Ad-Hoc|Mixed Platforms.ActiveCfg = Release|Any CPU
		{B2AF970D-D640-451C-95AF-92AF531B8C1E}.Ad-Hoc|Mixed Platforms.Build.0 = Release|Any CPU
		{B2AF970D-D640-451C-95AF-92AF531B8C1E}.Ad-Hoc|x86.ActiveCfg = Release|Any CPU
		{B2AF970D-D640-451C-95AF-92AF531B8C1E}.AppStore|Any CPU.ActiveCfg = Release|Any CPU
		{B2AF970D-D640-451C-95AF-92AF531B8C1E}.AppStore|Any CPU.Build.0 = Release|Any CPU
		{B2AF970D-D640-451C-95AF-92AF531B8C1E}.AppStore|ARM.ActiveCfg = Release|Any CPU
		{B2AF970D-D640-451C-95AF-92AF531B8C1E}.AppStore|iPhone.ActiveCfg = Release|Any CPU
		{B2AF970D-D640-451C-95AF-92AF531B8C1E}.AppStore|iPhoneSimulator.ActiveCfg = Release|Any CPU
		{B2AF970D-D640-451C-95AF-92AF531B8C1E}.AppStore|Mixed Platforms.ActiveCfg = Release|Any CPU
		{B2AF970D-D640-451C-95AF-92AF531B8C1E}.AppStore|Mixed Platforms.Build.0 = Release|Any CPU
		{B2AF970D-D640-451C-95AF-92AF531B8C1E}.AppStore|x86.ActiveCfg = Release|Any CPU
		{B2AF970D-D640-451C-95AF-92AF531B8C1E}.Debug|Any CPU.ActiveCfg = Debug|Any CPU
		{B2AF970D-D640-451C-95AF-92AF531B8C1E}.Debug|Any CPU.Build.0 = Debug|Any CPU
		{B2AF970D-D640-451C-95AF-92AF531B8C1E}.Debug|ARM.ActiveCfg = Debug|Any CPU
		{B2AF970D-D640-451C-95AF-92AF531B8C1E}.Debug|iPhone.ActiveCfg = Debug|Any CPU
		{B2AF970D-D640-451C-95AF-92AF531B8C1E}.Debug|iPhoneSimulator.ActiveCfg = Debug|Any CPU
		{B2AF970D-D640-451C-95AF-92AF531B8C1E}.Debug|Mixed Platforms.ActiveCfg = Debug|Any CPU
		{B2AF970D-D640-451C-95AF-92AF531B8C1E}.Debug|Mixed Platforms.Build.0 = Debug|Any CPU
		{B2AF970D-D640-451C-95AF-92AF531B8C1E}.Debug|x86.ActiveCfg = Debug|Any CPU
		{B2AF970D-D640-451C-95AF-92AF531B8C1E}.Release|Any CPU.ActiveCfg = Release|Any CPU
		{B2AF970D-D640-451C-95AF-92AF531B8C1E}.Release|Any CPU.Build.0 = Release|Any CPU
		{B2AF970D-D640-451C-95AF-92AF531B8C1E}.Release|ARM.ActiveCfg = Release|Any CPU
		{B2AF970D-D640-451C-95AF-92AF531B8C1E}.Release|iPhone.ActiveCfg = Release|Any CPU
		{B2AF970D-D640-451C-95AF-92AF531B8C1E}.Release|iPhoneSimulator.ActiveCfg = Release|Any CPU
		{B2AF970D-D640-451C-95AF-92AF531B8C1E}.Release|Mixed Platforms.ActiveCfg = Release|Any CPU
		{B2AF970D-D640-451C-95AF-92AF531B8C1E}.Release|Mixed Platforms.Build.0 = Release|Any CPU
		{B2AF970D-D640-451C-95AF-92AF531B8C1E}.Release|x86.ActiveCfg = Release|Any CPU
		{B12D20AA-0EDF-4903-B385-BB8090848532}.Ad-Hoc|Any CPU.ActiveCfg = Release|Any CPU
		{B12D20AA-0EDF-4903-B385-BB8090848532}.Ad-Hoc|Any CPU.Build.0 = Release|Any CPU
		{B12D20AA-0EDF-4903-B385-BB8090848532}.Ad-Hoc|ARM.ActiveCfg = Release|Any CPU
		{B12D20AA-0EDF-4903-B385-BB8090848532}.Ad-Hoc|iPhone.ActiveCfg = Release|Any CPU
		{B12D20AA-0EDF-4903-B385-BB8090848532}.Ad-Hoc|iPhoneSimulator.ActiveCfg = Release|Any CPU
		{B12D20AA-0EDF-4903-B385-BB8090848532}.Ad-Hoc|Mixed Platforms.ActiveCfg = Release|Any CPU
		{B12D20AA-0EDF-4903-B385-BB8090848532}.Ad-Hoc|Mixed Platforms.Build.0 = Release|Any CPU
		{B12D20AA-0EDF-4903-B385-BB8090848532}.Ad-Hoc|x86.ActiveCfg = Release|Any CPU
		{B12D20AA-0EDF-4903-B385-BB8090848532}.AppStore|Any CPU.ActiveCfg = Release|Any CPU
		{B12D20AA-0EDF-4903-B385-BB8090848532}.AppStore|Any CPU.Build.0 = Release|Any CPU
		{B12D20AA-0EDF-4903-B385-BB8090848532}.AppStore|ARM.ActiveCfg = Release|Any CPU
		{B12D20AA-0EDF-4903-B385-BB8090848532}.AppStore|iPhone.ActiveCfg = Release|Any CPU
		{B12D20AA-0EDF-4903-B385-BB8090848532}.AppStore|iPhoneSimulator.ActiveCfg = Release|Any CPU
		{B12D20AA-0EDF-4903-B385-BB8090848532}.AppStore|Mixed Platforms.ActiveCfg = Release|Any CPU
		{B12D20AA-0EDF-4903-B385-BB8090848532}.AppStore|Mixed Platforms.Build.0 = Release|Any CPU
		{B12D20AA-0EDF-4903-B385-BB8090848532}.AppStore|x86.ActiveCfg = Release|Any CPU
		{B12D20AA-0EDF-4903-B385-BB8090848532}.Debug|Any CPU.ActiveCfg = Debug|Any CPU
		{B12D20AA-0EDF-4903-B385-BB8090848532}.Debug|Any CPU.Build.0 = Debug|Any CPU
		{B12D20AA-0EDF-4903-B385-BB8090848532}.Debug|ARM.ActiveCfg = Debug|Any CPU
		{B12D20AA-0EDF-4903-B385-BB8090848532}.Debug|iPhone.ActiveCfg = Debug|Any CPU
		{B12D20AA-0EDF-4903-B385-BB8090848532}.Debug|iPhoneSimulator.ActiveCfg = Debug|Any CPU
		{B12D20AA-0EDF-4903-B385-BB8090848532}.Debug|Mixed Platforms.ActiveCfg = Debug|Any CPU
		{B12D20AA-0EDF-4903-B385-BB8090848532}.Debug|Mixed Platforms.Build.0 = Debug|Any CPU
		{B12D20AA-0EDF-4903-B385-BB8090848532}.Debug|x86.ActiveCfg = Debug|Any CPU
		{B12D20AA-0EDF-4903-B385-BB8090848532}.Release|Any CPU.ActiveCfg = Release|Any CPU
		{B12D20AA-0EDF-4903-B385-BB8090848532}.Release|Any CPU.Build.0 = Release|Any CPU
		{B12D20AA-0EDF-4903-B385-BB8090848532}.Release|ARM.ActiveCfg = Release|Any CPU
		{B12D20AA-0EDF-4903-B385-BB8090848532}.Release|iPhone.ActiveCfg = Release|Any CPU
		{B12D20AA-0EDF-4903-B385-BB8090848532}.Release|iPhoneSimulator.ActiveCfg = Release|Any CPU
		{B12D20AA-0EDF-4903-B385-BB8090848532}.Release|Mixed Platforms.ActiveCfg = Release|Any CPU
		{B12D20AA-0EDF-4903-B385-BB8090848532}.Release|Mixed Platforms.Build.0 = Release|Any CPU
		{B12D20AA-0EDF-4903-B385-BB8090848532}.Release|x86.ActiveCfg = Release|Any CPU
		{1D5482F6-AA89-422C-9E34-88A8A1AD8AB6}.Ad-Hoc|Any CPU.ActiveCfg = Release|Any CPU
		{1D5482F6-AA89-422C-9E34-88A8A1AD8AB6}.Ad-Hoc|Any CPU.Build.0 = Release|Any CPU
		{1D5482F6-AA89-422C-9E34-88A8A1AD8AB6}.Ad-Hoc|ARM.ActiveCfg = Release|Any CPU
		{1D5482F6-AA89-422C-9E34-88A8A1AD8AB6}.Ad-Hoc|iPhone.ActiveCfg = Release|Any CPU
		{1D5482F6-AA89-422C-9E34-88A8A1AD8AB6}.Ad-Hoc|iPhoneSimulator.ActiveCfg = Release|Any CPU
		{1D5482F6-AA89-422C-9E34-88A8A1AD8AB6}.Ad-Hoc|Mixed Platforms.ActiveCfg = Release|Any CPU
		{1D5482F6-AA89-422C-9E34-88A8A1AD8AB6}.Ad-Hoc|Mixed Platforms.Build.0 = Release|Any CPU
		{1D5482F6-AA89-422C-9E34-88A8A1AD8AB6}.Ad-Hoc|x86.ActiveCfg = Release|Any CPU
		{1D5482F6-AA89-422C-9E34-88A8A1AD8AB6}.AppStore|Any CPU.ActiveCfg = Release|Any CPU
		{1D5482F6-AA89-422C-9E34-88A8A1AD8AB6}.AppStore|Any CPU.Build.0 = Release|Any CPU
		{1D5482F6-AA89-422C-9E34-88A8A1AD8AB6}.AppStore|ARM.ActiveCfg = Release|Any CPU
		{1D5482F6-AA89-422C-9E34-88A8A1AD8AB6}.AppStore|iPhone.ActiveCfg = Release|Any CPU
		{1D5482F6-AA89-422C-9E34-88A8A1AD8AB6}.AppStore|iPhoneSimulator.ActiveCfg = Release|Any CPU
		{1D5482F6-AA89-422C-9E34-88A8A1AD8AB6}.AppStore|Mixed Platforms.ActiveCfg = Release|Any CPU
		{1D5482F6-AA89-422C-9E34-88A8A1AD8AB6}.AppStore|Mixed Platforms.Build.0 = Release|Any CPU
		{1D5482F6-AA89-422C-9E34-88A8A1AD8AB6}.AppStore|x86.ActiveCfg = Release|Any CPU
		{1D5482F6-AA89-422C-9E34-88A8A1AD8AB6}.Debug|Any CPU.ActiveCfg = Debug|Any CPU
		{1D5482F6-AA89-422C-9E34-88A8A1AD8AB6}.Debug|Any CPU.Build.0 = Debug|Any CPU
		{1D5482F6-AA89-422C-9E34-88A8A1AD8AB6}.Debug|ARM.ActiveCfg = Debug|Any CPU
		{1D5482F6-AA89-422C-9E34-88A8A1AD8AB6}.Debug|iPhone.ActiveCfg = Debug|Any CPU
		{1D5482F6-AA89-422C-9E34-88A8A1AD8AB6}.Debug|iPhoneSimulator.ActiveCfg = Debug|Any CPU
		{1D5482F6-AA89-422C-9E34-88A8A1AD8AB6}.Debug|Mixed Platforms.ActiveCfg = Debug|Any CPU
		{1D5482F6-AA89-422C-9E34-88A8A1AD8AB6}.Debug|Mixed Platforms.Build.0 = Debug|Any CPU
		{1D5482F6-AA89-422C-9E34-88A8A1AD8AB6}.Debug|x86.ActiveCfg = Debug|Any CPU
		{1D5482F6-AA89-422C-9E34-88A8A1AD8AB6}.Release|Any CPU.ActiveCfg = Release|Any CPU
		{1D5482F6-AA89-422C-9E34-88A8A1AD8AB6}.Release|Any CPU.Build.0 = Release|Any CPU
		{1D5482F6-AA89-422C-9E34-88A8A1AD8AB6}.Release|ARM.ActiveCfg = Release|Any CPU
		{1D5482F6-AA89-422C-9E34-88A8A1AD8AB6}.Release|iPhone.ActiveCfg = Release|Any CPU
		{1D5482F6-AA89-422C-9E34-88A8A1AD8AB6}.Release|iPhoneSimulator.ActiveCfg = Release|Any CPU
		{1D5482F6-AA89-422C-9E34-88A8A1AD8AB6}.Release|Mixed Platforms.ActiveCfg = Release|Any CPU
		{1D5482F6-AA89-422C-9E34-88A8A1AD8AB6}.Release|Mixed Platforms.Build.0 = Release|Any CPU
		{1D5482F6-AA89-422C-9E34-88A8A1AD8AB6}.Release|x86.ActiveCfg = Release|Any CPU
		{FB73D461-D197-42A2-8928-086333277E54}.Ad-Hoc|Any CPU.ActiveCfg = Release|Any CPU
		{FB73D461-D197-42A2-8928-086333277E54}.Ad-Hoc|Any CPU.Build.0 = Release|Any CPU
		{FB73D461-D197-42A2-8928-086333277E54}.Ad-Hoc|ARM.ActiveCfg = Release|ARM
		{FB73D461-D197-42A2-8928-086333277E54}.Ad-Hoc|ARM.Build.0 = Release|ARM
		{FB73D461-D197-42A2-8928-086333277E54}.Ad-Hoc|iPhone.ActiveCfg = Release|Any CPU
		{FB73D461-D197-42A2-8928-086333277E54}.Ad-Hoc|iPhoneSimulator.ActiveCfg = Release|Any CPU
		{FB73D461-D197-42A2-8928-086333277E54}.Ad-Hoc|Mixed Platforms.ActiveCfg = Release|x86
		{FB73D461-D197-42A2-8928-086333277E54}.Ad-Hoc|Mixed Platforms.Build.0 = Release|x86
		{FB73D461-D197-42A2-8928-086333277E54}.Ad-Hoc|x86.ActiveCfg = Release|x86
		{FB73D461-D197-42A2-8928-086333277E54}.Ad-Hoc|x86.Build.0 = Release|x86
		{FB73D461-D197-42A2-8928-086333277E54}.AppStore|Any CPU.ActiveCfg = Release|Any CPU
		{FB73D461-D197-42A2-8928-086333277E54}.AppStore|Any CPU.Build.0 = Release|Any CPU
		{FB73D461-D197-42A2-8928-086333277E54}.AppStore|ARM.ActiveCfg = Release|ARM
		{FB73D461-D197-42A2-8928-086333277E54}.AppStore|ARM.Build.0 = Release|ARM
		{FB73D461-D197-42A2-8928-086333277E54}.AppStore|iPhone.ActiveCfg = Release|Any CPU
		{FB73D461-D197-42A2-8928-086333277E54}.AppStore|iPhoneSimulator.ActiveCfg = Release|Any CPU
		{FB73D461-D197-42A2-8928-086333277E54}.AppStore|Mixed Platforms.ActiveCfg = Release|x86
		{FB73D461-D197-42A2-8928-086333277E54}.AppStore|Mixed Platforms.Build.0 = Release|x86
		{FB73D461-D197-42A2-8928-086333277E54}.AppStore|x86.ActiveCfg = Release|x86
		{FB73D461-D197-42A2-8928-086333277E54}.AppStore|x86.Build.0 = Release|x86
		{FB73D461-D197-42A2-8928-086333277E54}.Debug|Any CPU.ActiveCfg = Debug|Any CPU
		{FB73D461-D197-42A2-8928-086333277E54}.Debug|Any CPU.Build.0 = Debug|Any CPU
		{FB73D461-D197-42A2-8928-086333277E54}.Debug|ARM.ActiveCfg = Debug|ARM
		{FB73D461-D197-42A2-8928-086333277E54}.Debug|ARM.Build.0 = Debug|ARM
		{FB73D461-D197-42A2-8928-086333277E54}.Debug|iPhone.ActiveCfg = Debug|Any CPU
		{FB73D461-D197-42A2-8928-086333277E54}.Debug|iPhoneSimulator.ActiveCfg = Debug|Any CPU
		{FB73D461-D197-42A2-8928-086333277E54}.Debug|Mixed Platforms.ActiveCfg = Debug|x86
		{FB73D461-D197-42A2-8928-086333277E54}.Debug|Mixed Platforms.Build.0 = Debug|x86
		{FB73D461-D197-42A2-8928-086333277E54}.Debug|x86.ActiveCfg = Debug|x86
		{FB73D461-D197-42A2-8928-086333277E54}.Debug|x86.Build.0 = Debug|x86
		{FB73D461-D197-42A2-8928-086333277E54}.Release|Any CPU.ActiveCfg = Release|Any CPU
		{FB73D461-D197-42A2-8928-086333277E54}.Release|Any CPU.Build.0 = Release|Any CPU
		{FB73D461-D197-42A2-8928-086333277E54}.Release|ARM.ActiveCfg = Release|ARM
		{FB73D461-D197-42A2-8928-086333277E54}.Release|ARM.Build.0 = Release|ARM
		{FB73D461-D197-42A2-8928-086333277E54}.Release|iPhone.ActiveCfg = Release|Any CPU
		{FB73D461-D197-42A2-8928-086333277E54}.Release|iPhoneSimulator.ActiveCfg = Release|Any CPU
		{FB73D461-D197-42A2-8928-086333277E54}.Release|Mixed Platforms.ActiveCfg = Release|x86
		{FB73D461-D197-42A2-8928-086333277E54}.Release|Mixed Platforms.Build.0 = Release|x86
		{FB73D461-D197-42A2-8928-086333277E54}.Release|x86.ActiveCfg = Release|x86
		{FB73D461-D197-42A2-8928-086333277E54}.Release|x86.Build.0 = Release|x86
	EndGlobalSection
	GlobalSection(SolutionProperties) = preSolution
		HideSolutionNode = FALSE
	EndGlobalSection
	GlobalSection(NestedProjects) = preSolution
		{85E3C63B-A17E-46EF-87CE-9A8E58FEDE4D} = {7AF68AE5-21E1-4618-BEF5-719BD52768F4}
		{CC18E151-5792-4DA5-ADE6-7CFBA16A593E} = {21CC8547-CA75-41BF-91AB-319DCE25B7E9}
		{2142B859-21E9-484D-880A-26AD708569DB} = {21CC8547-CA75-41BF-91AB-319DCE25B7E9}
		{3AC4ED82-3D1E-4767-8C17-39EF6337AA64} = {21CC8547-CA75-41BF-91AB-319DCE25B7E9}
		{5446C4A3-ED4C-48F0-99BD-F2B60F867475} = {21CC8547-CA75-41BF-91AB-319DCE25B7E9}
		{1ED7E825-98ED-4740-8DD7-96E4AA3F1128} = {DD617AB3-E79F-44D8-9ED7-CE7DD06EA51A}
		{0EF6C543-9A82-4A29-A251-4D0A900232DD} = {DD617AB3-E79F-44D8-9ED7-CE7DD06EA51A}
		{6646E5EE-5534-4274-B99F-39CA222B23EF} = {DD617AB3-E79F-44D8-9ED7-CE7DD06EA51A}
		{F1FCED90-6343-42B9-8769-5F5B1C5FE1E3} = {DD617AB3-E79F-44D8-9ED7-CE7DD06EA51A}
		{FB69B463-0DD5-49D2-AFED-6E3A31EB37A1} = {402AAF82-296F-4C93-8662-F3BB5185AB91}
		{DC51E5AC-4DFB-449E-95E3-A471C0EBB53C} = {DD617AB3-E79F-44D8-9ED7-CE7DD06EA51A}
		{F68A14AB-0965-4582-9399-F22F5C4CEB15} = {402AAF82-296F-4C93-8662-F3BB5185AB91}
		{290F8977-F101-4BD8-8A29-19C78B4EBC23} = {402AAF82-296F-4C93-8662-F3BB5185AB91}
		{732D3A68-83F1-4CC0-97CB-AB5095998D70} = {402AAF82-296F-4C93-8662-F3BB5185AB91}
		{67F9D3A8-F71E-4428-913F-C37AE82CDB24} = {98DD5441-283D-4D48-AFD1-0522524F20C7}
		{D7098843-29D9-4AA9-9B11-C2D938E1AE89} = {98DD5441-283D-4D48-AFD1-0522524F20C7}
		{A2908B9C-D5D0-4715-851D-3EB81AB2E452} = {98DD5441-283D-4D48-AFD1-0522524F20C7}
		{07658008-EB02-4C74-B798-0B8ED2BECA6D} = {98DD5441-283D-4D48-AFD1-0522524F20C7}
		{1C973CC4-86F0-4798-B128-55FAE3AAD9E5} = {98DD5441-283D-4D48-AFD1-0522524F20C7}
		{B2AF970D-D640-451C-95AF-92AF531B8C1E} = {24AF2444-83DE-4C55-AE1D-0F6CA6BC11B6}
		{B12D20AA-0EDF-4903-B385-BB8090848532} = {24AF2444-83DE-4C55-AE1D-0F6CA6BC11B6}
		{1D5482F6-AA89-422C-9E34-88A8A1AD8AB6} = {24AF2444-83DE-4C55-AE1D-0F6CA6BC11B6}
		{FB73D461-D197-42A2-8928-086333277E54} = {24AF2444-83DE-4C55-AE1D-0F6CA6BC11B6}
	EndGlobalSection
	GlobalSection(MonoDevelopProperties) = preSolution
		StartupItem = Sample.Droid\Sample.Droid.csproj
	EndGlobalSection
EndGlobal
