
Microsoft Visual Studio Solution File, Format Version 12.00
# Visual Studio 14
VisualStudioVersion = 14.0.24720.0
MinimumVisualStudioVersion = 10.0.40219.1
Project("{2150E333-8FDC-42A3-9474-1A3956D46DE8}") = ".Common", ".Common", "{E950E9B4-0546-4D84-A7CC-F17474D230CC}"
	ProjectSection(SolutionItems) = preProject
		CommonAssemblyInfo.cs = CommonAssemblyInfo.cs
		license.txt = license.txt
		nuspec\nuget.exe = nuspec\nuget.exe
		nuspec\pack.cmd = nuspec\pack.cmd
		readme.md = readme.md
	EndProjectSection
EndProject
Project("{2150E333-8FDC-42A3-9474-1A3956D46DE8}") = ".Samples", ".Samples", "{21CC8547-CA75-41BF-91AB-319DCE25B7E9}"
EndProject
Project("{FAE04EC0-301F-11D3-BF4B-00C04F79EFBC}") = "Samples", "Samples\Samples\Samples.csproj", "{CC18E151-5792-4DA5-ADE6-7CFBA16A593E}"
EndProject
Project("{FAE04EC0-301F-11D3-BF4B-00C04F79EFBC}") = "Samples.iOS", "Samples\Samples.iOS\Samples.iOS.csproj", "{2142B859-21E9-484D-880A-26AD708569DB}"
EndProject
Project("{FAE04EC0-301F-11D3-BF4B-00C04F79EFBC}") = "Samples.Android", "Samples\Samples.Android\Samples.Android.csproj", "{3AC4ED82-3D1E-4767-8C17-39EF6337AA64}"
EndProject
Project("{FAE04EC0-301F-11D3-BF4B-00C04F79EFBC}") = "Samples.WinPhone", "Samples\Samples.WinPhone\Samples.WinPhone.csproj", "{5446C4A3-ED4C-48F0-99BD-F2B60F867475}"
EndProject
Project("{2150E333-8FDC-42A3-9474-1A3956D46DE8}") = "SignaturePad", "SignaturePad", "{24AF2444-83DE-4C55-AE1D-0F6CA6BC11B6}"
	ProjectSection(SolutionItems) = preProject
		nuspec\Acr.XamForms.SignaturePad.nuspec = nuspec\Acr.XamForms.SignaturePad.nuspec
		nuspec\Bootstrap\SignaturePadBootstrap.cs.pp = nuspec\Bootstrap\SignaturePadBootstrap.cs.pp
	EndProjectSection
EndProject
Project("{FAE04EC0-301F-11D3-BF4B-00C04F79EFBC}") = "Acr.XamForms.SignaturePad", "Acr.XamForms.SignaturePad\Acr.XamForms.SignaturePad.csproj", "{B2AF970D-D640-451C-95AF-92AF531B8C1E}"
EndProject
Project("{FAE04EC0-301F-11D3-BF4B-00C04F79EFBC}") = "Acr.XamForms.SignaturePad.iOS", "Acr.XamForms.SignaturePad.iOS\Acr.XamForms.SignaturePad.iOS.csproj", "{B12D20AA-0EDF-4903-B385-BB8090848532}"
EndProject
Project("{FAE04EC0-301F-11D3-BF4B-00C04F79EFBC}") = "Acr.XamForms.SignaturePad.Droid", "Acr.XamForms.SignaturePad.Droid\Acr.XamForms.SignaturePad.Droid.csproj", "{1D5482F6-AA89-422C-9E34-88A8A1AD8AB6}"
EndProject
Project("{FAE04EC0-301F-11D3-BF4B-00C04F79EFBC}") = "Acr.XamForms.SignaturePad.WindowsPhone", "Acr.XamForms.SignaturePad.WindowsPhone\Acr.XamForms.SignaturePad.WindowsPhone.csproj", "{FB73D461-D197-42A2-8928-086333277E54}"
EndProject
Project("{2150E333-8FDC-42A3-9474-1A3956D46DE8}") = ".TestHarness", ".TestHarness", "{F6A7FE4B-0405-4132-976C-41078A15319B}"
EndProject
Project("{FAE04EC0-301F-11D3-BF4B-00C04F79EFBC}") = "TestHarness.Droid", "TestHarness\TestHarness.Droid\TestHarness.Droid.csproj", "{8003CA64-8BF4-4B88-93B0-374E0783C9F6}"
EndProject
Project("{FAE04EC0-301F-11D3-BF4B-00C04F79EFBC}") = "TestHarness.iOS", "TestHarness\TestHarness.iOS\TestHarness.iOS.csproj", "{3E4C8F7A-E382-4A68-B306-1AC4EE6F6D18}"
EndProject
Project("{FAE04EC0-301F-11D3-BF4B-00C04F79EFBC}") = "TestHarness.WinPhone", "TestHarness\TestHarness.WinPhone\TestHarness.WinPhone.csproj", "{BF48F3B5-7883-4FCF-8018-735DA4B4316F}"
EndProject
Project("{FAE04EC0-301F-11D3-BF4B-00C04F79EFBC}") = "TestHarness", "TestHarness\TestHarness\TestHarness.csproj", "{90946BA4-FCAC-490B-BBCE-A517B9C982B8}"
EndProject
Global
	GlobalSection(SolutionConfigurationPlatforms) = preSolution
		Ad-Hoc|Any CPU = Ad-Hoc|Any CPU
		Ad-Hoc|ARM = Ad-Hoc|ARM
		Ad-Hoc|iPhone = Ad-Hoc|iPhone
		Ad-Hoc|iPhoneSimulator = Ad-Hoc|iPhoneSimulator
		Ad-Hoc|Mixed Platforms = Ad-Hoc|Mixed Platforms
		Ad-Hoc|x86 = Ad-Hoc|x86
		AppStore|Any CPU = AppStore|Any CPU
		AppStore|ARM = AppStore|ARM
		AppStore|iPhone = AppStore|iPhone
		AppStore|iPhoneSimulator = AppStore|iPhoneSimulator
		AppStore|Mixed Platforms = AppStore|Mixed Platforms
		AppStore|x86 = AppStore|x86
		Debug|Any CPU = Debug|Any CPU
		Debug|ARM = Debug|ARM
		Debug|iPhone = Debug|iPhone
		Debug|iPhoneSimulator = Debug|iPhoneSimulator
		Debug|Mixed Platforms = Debug|Mixed Platforms
		Debug|x86 = Debug|x86
		Release|Any CPU = Release|Any CPU
		Release|ARM = Release|ARM
		Release|iPhone = Release|iPhone
		Release|iPhoneSimulator = Release|iPhoneSimulator
		Release|Mixed Platforms = Release|Mixed Platforms
		Release|x86 = Release|x86
	EndGlobalSection
	GlobalSection(ProjectConfigurationPlatforms) = postSolution
		{CC18E151-5792-4DA5-ADE6-7CFBA16A593E}.Ad-Hoc|Any CPU.ActiveCfg = Release|Any CPU
		{CC18E151-5792-4DA5-ADE6-7CFBA16A593E}.Ad-Hoc|Any CPU.Build.0 = Release|Any CPU
		{CC18E151-5792-4DA5-ADE6-7CFBA16A593E}.Ad-Hoc|ARM.ActiveCfg = Release|Any CPU
		{CC18E151-5792-4DA5-ADE6-7CFBA16A593E}.Ad-Hoc|iPhone.ActiveCfg = Release|Any CPU
		{CC18E151-5792-4DA5-ADE6-7CFBA16A593E}.Ad-Hoc|iPhoneSimulator.ActiveCfg = Release|Any CPU
		{CC18E151-5792-4DA5-ADE6-7CFBA16A593E}.Ad-Hoc|Mixed Platforms.ActiveCfg = Release|Any CPU
		{CC18E151-5792-4DA5-ADE6-7CFBA16A593E}.Ad-Hoc|Mixed Platforms.Build.0 = Release|Any CPU
		{CC18E151-5792-4DA5-ADE6-7CFBA16A593E}.Ad-Hoc|x86.ActiveCfg = Release|Any CPU
		{CC18E151-5792-4DA5-ADE6-7CFBA16A593E}.AppStore|Any CPU.ActiveCfg = Release|Any CPU
		{CC18E151-5792-4DA5-ADE6-7CFBA16A593E}.AppStore|Any CPU.Build.0 = Release|Any CPU
		{CC18E151-5792-4DA5-ADE6-7CFBA16A593E}.AppStore|ARM.ActiveCfg = Release|Any CPU
		{CC18E151-5792-4DA5-ADE6-7CFBA16A593E}.AppStore|iPhone.ActiveCfg = Release|Any CPU
		{CC18E151-5792-4DA5-ADE6-7CFBA16A593E}.AppStore|iPhoneSimulator.ActiveCfg = Release|Any CPU
		{CC18E151-5792-4DA5-ADE6-7CFBA16A593E}.AppStore|Mixed Platforms.ActiveCfg = Release|Any CPU
		{CC18E151-5792-4DA5-ADE6-7CFBA16A593E}.AppStore|Mixed Platforms.Build.0 = Release|Any CPU
		{CC18E151-5792-4DA5-ADE6-7CFBA16A593E}.AppStore|x86.ActiveCfg = Release|Any CPU
		{CC18E151-5792-4DA5-ADE6-7CFBA16A593E}.Debug|Any CPU.ActiveCfg = Debug|Any CPU
		{CC18E151-5792-4DA5-ADE6-7CFBA16A593E}.Debug|Any CPU.Build.0 = Debug|Any CPU
		{CC18E151-5792-4DA5-ADE6-7CFBA16A593E}.Debug|ARM.ActiveCfg = Debug|Any CPU
		{CC18E151-5792-4DA5-ADE6-7CFBA16A593E}.Debug|ARM.Build.0 = Debug|Any CPU
		{CC18E151-5792-4DA5-ADE6-7CFBA16A593E}.Debug|iPhone.ActiveCfg = Debug|Any CPU
		{CC18E151-5792-4DA5-ADE6-7CFBA16A593E}.Debug|iPhoneSimulator.ActiveCfg = Debug|Any CPU
		{CC18E151-5792-4DA5-ADE6-7CFBA16A593E}.Debug|Mixed Platforms.ActiveCfg = Debug|Any CPU
		{CC18E151-5792-4DA5-ADE6-7CFBA16A593E}.Debug|Mixed Platforms.Build.0 = Debug|Any CPU
		{CC18E151-5792-4DA5-ADE6-7CFBA16A593E}.Debug|x86.ActiveCfg = Debug|Any CPU
		{CC18E151-5792-4DA5-ADE6-7CFBA16A593E}.Release|Any CPU.ActiveCfg = Release|Any CPU
		{CC18E151-5792-4DA5-ADE6-7CFBA16A593E}.Release|Any CPU.Build.0 = Release|Any CPU
		{CC18E151-5792-4DA5-ADE6-7CFBA16A593E}.Release|ARM.ActiveCfg = Release|Any CPU
		{CC18E151-5792-4DA5-ADE6-7CFBA16A593E}.Release|iPhone.ActiveCfg = Release|Any CPU
		{CC18E151-5792-4DA5-ADE6-7CFBA16A593E}.Release|iPhoneSimulator.ActiveCfg = Release|Any CPU
		{CC18E151-5792-4DA5-ADE6-7CFBA16A593E}.Release|Mixed Platforms.ActiveCfg = Release|Any CPU
		{CC18E151-5792-4DA5-ADE6-7CFBA16A593E}.Release|Mixed Platforms.Build.0 = Release|Any CPU
		{CC18E151-5792-4DA5-ADE6-7CFBA16A593E}.Release|x86.ActiveCfg = Release|Any CPU
		{2142B859-21E9-484D-880A-26AD708569DB}.Ad-Hoc|Any CPU.ActiveCfg = Ad-Hoc|iPhone
		{2142B859-21E9-484D-880A-26AD708569DB}.Ad-Hoc|ARM.ActiveCfg = Ad-Hoc|iPhone
		{2142B859-21E9-484D-880A-26AD708569DB}.Ad-Hoc|iPhone.ActiveCfg = Ad-Hoc|iPhone
		{2142B859-21E9-484D-880A-26AD708569DB}.Ad-Hoc|iPhone.Build.0 = Ad-Hoc|iPhone
		{2142B859-21E9-484D-880A-26AD708569DB}.Ad-Hoc|iPhone.Deploy.0 = Ad-Hoc|iPhone
		{2142B859-21E9-484D-880A-26AD708569DB}.Ad-Hoc|iPhoneSimulator.ActiveCfg = Ad-Hoc|iPhoneSimulator
		{2142B859-21E9-484D-880A-26AD708569DB}.Ad-Hoc|iPhoneSimulator.Build.0 = Ad-Hoc|iPhoneSimulator
		{2142B859-21E9-484D-880A-26AD708569DB}.Ad-Hoc|iPhoneSimulator.Deploy.0 = Ad-Hoc|iPhoneSimulator
		{2142B859-21E9-484D-880A-26AD708569DB}.Ad-Hoc|Mixed Platforms.ActiveCfg = Ad-Hoc|iPhone
		{2142B859-21E9-484D-880A-26AD708569DB}.Ad-Hoc|Mixed Platforms.Build.0 = Ad-Hoc|iPhone
		{2142B859-21E9-484D-880A-26AD708569DB}.Ad-Hoc|Mixed Platforms.Deploy.0 = Ad-Hoc|iPhone
		{2142B859-21E9-484D-880A-26AD708569DB}.Ad-Hoc|x86.ActiveCfg = Ad-Hoc|iPhone
		{2142B859-21E9-484D-880A-26AD708569DB}.AppStore|Any CPU.ActiveCfg = AppStore|iPhone
		{2142B859-21E9-484D-880A-26AD708569DB}.AppStore|ARM.ActiveCfg = AppStore|iPhone
		{2142B859-21E9-484D-880A-26AD708569DB}.AppStore|iPhone.ActiveCfg = AppStore|iPhone
		{2142B859-21E9-484D-880A-26AD708569DB}.AppStore|iPhone.Build.0 = AppStore|iPhone
		{2142B859-21E9-484D-880A-26AD708569DB}.AppStore|iPhone.Deploy.0 = AppStore|iPhone
		{2142B859-21E9-484D-880A-26AD708569DB}.AppStore|iPhoneSimulator.ActiveCfg = AppStore|iPhoneSimulator
		{2142B859-21E9-484D-880A-26AD708569DB}.AppStore|iPhoneSimulator.Build.0 = AppStore|iPhoneSimulator
		{2142B859-21E9-484D-880A-26AD708569DB}.AppStore|iPhoneSimulator.Deploy.0 = AppStore|iPhoneSimulator
		{2142B859-21E9-484D-880A-26AD708569DB}.AppStore|Mixed Platforms.ActiveCfg = AppStore|iPhone
		{2142B859-21E9-484D-880A-26AD708569DB}.AppStore|Mixed Platforms.Build.0 = AppStore|iPhone
		{2142B859-21E9-484D-880A-26AD708569DB}.AppStore|Mixed Platforms.Deploy.0 = AppStore|iPhone
		{2142B859-21E9-484D-880A-26AD708569DB}.AppStore|x86.ActiveCfg = AppStore|iPhone
		{2142B859-21E9-484D-880A-26AD708569DB}.Debug|Any CPU.ActiveCfg = Debug|iPhone
		{2142B859-21E9-484D-880A-26AD708569DB}.Debug|ARM.ActiveCfg = Debug|iPhone
		{2142B859-21E9-484D-880A-26AD708569DB}.Debug|ARM.Build.0 = Debug|iPhone
		{2142B859-21E9-484D-880A-26AD708569DB}.Debug|iPhone.ActiveCfg = Debug|iPhone
		{2142B859-21E9-484D-880A-26AD708569DB}.Debug|iPhone.Build.0 = Debug|iPhone
		{2142B859-21E9-484D-880A-26AD708569DB}.Debug|iPhone.Deploy.0 = Debug|iPhone
		{2142B859-21E9-484D-880A-26AD708569DB}.Debug|iPhoneSimulator.ActiveCfg = Debug|iPhoneSimulator
		{2142B859-21E9-484D-880A-26AD708569DB}.Debug|iPhoneSimulator.Build.0 = Debug|iPhoneSimulator
		{2142B859-21E9-484D-880A-26AD708569DB}.Debug|iPhoneSimulator.Deploy.0 = Debug|iPhoneSimulator
		{2142B859-21E9-484D-880A-26AD708569DB}.Debug|Mixed Platforms.ActiveCfg = Debug|iPhone
		{2142B859-21E9-484D-880A-26AD708569DB}.Debug|Mixed Platforms.Build.0 = Debug|iPhone
		{2142B859-21E9-484D-880A-26AD708569DB}.Debug|Mixed Platforms.Deploy.0 = Debug|iPhone
		{2142B859-21E9-484D-880A-26AD708569DB}.Debug|x86.ActiveCfg = Debug|iPhone
		{2142B859-21E9-484D-880A-26AD708569DB}.Release|Any CPU.ActiveCfg = Release|iPhone
		{2142B859-21E9-484D-880A-26AD708569DB}.Release|ARM.ActiveCfg = Release|iPhone
		{2142B859-21E9-484D-880A-26AD708569DB}.Release|iPhone.ActiveCfg = Release|iPhone
		{2142B859-21E9-484D-880A-26AD708569DB}.Release|iPhone.Build.0 = Release|iPhone
		{2142B859-21E9-484D-880A-26AD708569DB}.Release|iPhone.Deploy.0 = Release|iPhone
		{2142B859-21E9-484D-880A-26AD708569DB}.Release|iPhoneSimulator.ActiveCfg = Release|iPhoneSimulator
		{2142B859-21E9-484D-880A-26AD708569DB}.Release|iPhoneSimulator.Build.0 = Release|iPhoneSimulator
		{2142B859-21E9-484D-880A-26AD708569DB}.Release|iPhoneSimulator.Deploy.0 = Release|iPhoneSimulator
		{2142B859-21E9-484D-880A-26AD708569DB}.Release|Mixed Platforms.ActiveCfg = Release|iPhone
		{2142B859-21E9-484D-880A-26AD708569DB}.Release|Mixed Platforms.Build.0 = Release|iPhone
		{2142B859-21E9-484D-880A-26AD708569DB}.Release|Mixed Platforms.Deploy.0 = Release|iPhone
		{2142B859-21E9-484D-880A-26AD708569DB}.Release|x86.ActiveCfg = Release|iPhone
		{3AC4ED82-3D1E-4767-8C17-39EF6337AA64}.Ad-Hoc|Any CPU.ActiveCfg = Release|Any CPU
		{3AC4ED82-3D1E-4767-8C17-39EF6337AA64}.Ad-Hoc|Any CPU.Build.0 = Release|Any CPU
		{3AC4ED82-3D1E-4767-8C17-39EF6337AA64}.Ad-Hoc|Any CPU.Deploy.0 = Release|Any CPU
		{3AC4ED82-3D1E-4767-8C17-39EF6337AA64}.Ad-Hoc|ARM.ActiveCfg = Release|Any CPU
		{3AC4ED82-3D1E-4767-8C17-39EF6337AA64}.Ad-Hoc|iPhone.ActiveCfg = Release|Any CPU
		{3AC4ED82-3D1E-4767-8C17-39EF6337AA64}.Ad-Hoc|iPhoneSimulator.ActiveCfg = Release|Any CPU
		{3AC4ED82-3D1E-4767-8C17-39EF6337AA64}.Ad-Hoc|Mixed Platforms.ActiveCfg = Release|Any CPU
		{3AC4ED82-3D1E-4767-8C17-39EF6337AA64}.Ad-Hoc|Mixed Platforms.Build.0 = Release|Any CPU
		{3AC4ED82-3D1E-4767-8C17-39EF6337AA64}.Ad-Hoc|Mixed Platforms.Deploy.0 = Release|Any CPU
		{3AC4ED82-3D1E-4767-8C17-39EF6337AA64}.Ad-Hoc|x86.ActiveCfg = Release|Any CPU
		{3AC4ED82-3D1E-4767-8C17-39EF6337AA64}.AppStore|Any CPU.ActiveCfg = Release|Any CPU
		{3AC4ED82-3D1E-4767-8C17-39EF6337AA64}.AppStore|Any CPU.Build.0 = Release|Any CPU
		{3AC4ED82-3D1E-4767-8C17-39EF6337AA64}.AppStore|Any CPU.Deploy.0 = Release|Any CPU
		{3AC4ED82-3D1E-4767-8C17-39EF6337AA64}.AppStore|ARM.ActiveCfg = Release|Any CPU
		{3AC4ED82-3D1E-4767-8C17-39EF6337AA64}.AppStore|iPhone.ActiveCfg = Release|Any CPU
		{3AC4ED82-3D1E-4767-8C17-39EF6337AA64}.AppStore|iPhoneSimulator.ActiveCfg = Release|Any CPU
		{3AC4ED82-3D1E-4767-8C17-39EF6337AA64}.AppStore|Mixed Platforms.ActiveCfg = Release|Any CPU
		{3AC4ED82-3D1E-4767-8C17-39EF6337AA64}.AppStore|Mixed Platforms.Build.0 = Release|Any CPU
		{3AC4ED82-3D1E-4767-8C17-39EF6337AA64}.AppStore|Mixed Platforms.Deploy.0 = Release|Any CPU
		{3AC4ED82-3D1E-4767-8C17-39EF6337AA64}.AppStore|x86.ActiveCfg = Release|Any CPU
		{3AC4ED82-3D1E-4767-8C17-39EF6337AA64}.Debug|Any CPU.ActiveCfg = Debug|Any CPU
		{3AC4ED82-3D1E-4767-8C17-39EF6337AA64}.Debug|Any CPU.Build.0 = Debug|Any CPU
		{3AC4ED82-3D1E-4767-8C17-39EF6337AA64}.Debug|Any CPU.Deploy.0 = Debug|Any CPU
		{3AC4ED82-3D1E-4767-8C17-39EF6337AA64}.Debug|ARM.ActiveCfg = Debug|Any CPU
		{3AC4ED82-3D1E-4767-8C17-39EF6337AA64}.Debug|ARM.Build.0 = Debug|Any CPU
		{3AC4ED82-3D1E-4767-8C17-39EF6337AA64}.Debug|iPhone.ActiveCfg = Debug|Any CPU
		{3AC4ED82-3D1E-4767-8C17-39EF6337AA64}.Debug|iPhoneSimulator.ActiveCfg = Debug|Any CPU
		{3AC4ED82-3D1E-4767-8C17-39EF6337AA64}.Debug|Mixed Platforms.ActiveCfg = Debug|Any CPU
		{3AC4ED82-3D1E-4767-8C17-39EF6337AA64}.Debug|Mixed Platforms.Build.0 = Debug|Any CPU
		{3AC4ED82-3D1E-4767-8C17-39EF6337AA64}.Debug|Mixed Platforms.Deploy.0 = Debug|Any CPU
		{3AC4ED82-3D1E-4767-8C17-39EF6337AA64}.Debug|x86.ActiveCfg = Debug|Any CPU
		{3AC4ED82-3D1E-4767-8C17-39EF6337AA64}.Release|Any CPU.ActiveCfg = Release|Any CPU
		{3AC4ED82-3D1E-4767-8C17-39EF6337AA64}.Release|Any CPU.Build.0 = Release|Any CPU
		{3AC4ED82-3D1E-4767-8C17-39EF6337AA64}.Release|Any CPU.Deploy.0 = Release|Any CPU
		{3AC4ED82-3D1E-4767-8C17-39EF6337AA64}.Release|ARM.ActiveCfg = Release|Any CPU
		{3AC4ED82-3D1E-4767-8C17-39EF6337AA64}.Release|iPhone.ActiveCfg = Release|Any CPU
		{3AC4ED82-3D1E-4767-8C17-39EF6337AA64}.Release|iPhoneSimulator.ActiveCfg = Release|Any CPU
		{3AC4ED82-3D1E-4767-8C17-39EF6337AA64}.Release|Mixed Platforms.ActiveCfg = Release|Any CPU
		{3AC4ED82-3D1E-4767-8C17-39EF6337AA64}.Release|Mixed Platforms.Build.0 = Release|Any CPU
		{3AC4ED82-3D1E-4767-8C17-39EF6337AA64}.Release|Mixed Platforms.Deploy.0 = Release|Any CPU
		{3AC4ED82-3D1E-4767-8C17-39EF6337AA64}.Release|x86.ActiveCfg = Release|Any CPU
		{5446C4A3-ED4C-48F0-99BD-F2B60F867475}.Ad-Hoc|Any CPU.ActiveCfg = Release|Any CPU
		{5446C4A3-ED4C-48F0-99BD-F2B60F867475}.Ad-Hoc|Any CPU.Build.0 = Release|Any CPU
		{5446C4A3-ED4C-48F0-99BD-F2B60F867475}.Ad-Hoc|Any CPU.Deploy.0 = Release|Any CPU
		{5446C4A3-ED4C-48F0-99BD-F2B60F867475}.Ad-Hoc|ARM.ActiveCfg = Release|ARM
		{5446C4A3-ED4C-48F0-99BD-F2B60F867475}.Ad-Hoc|ARM.Build.0 = Release|ARM
		{5446C4A3-ED4C-48F0-99BD-F2B60F867475}.Ad-Hoc|ARM.Deploy.0 = Release|ARM
		{5446C4A3-ED4C-48F0-99BD-F2B60F867475}.Ad-Hoc|iPhone.ActiveCfg = Release|Any CPU
		{5446C4A3-ED4C-48F0-99BD-F2B60F867475}.Ad-Hoc|iPhoneSimulator.ActiveCfg = Release|Any CPU
		{5446C4A3-ED4C-48F0-99BD-F2B60F867475}.Ad-Hoc|Mixed Platforms.ActiveCfg = Release|x86
		{5446C4A3-ED4C-48F0-99BD-F2B60F867475}.Ad-Hoc|Mixed Platforms.Build.0 = Release|x86
		{5446C4A3-ED4C-48F0-99BD-F2B60F867475}.Ad-Hoc|Mixed Platforms.Deploy.0 = Release|x86
		{5446C4A3-ED4C-48F0-99BD-F2B60F867475}.Ad-Hoc|x86.ActiveCfg = Release|x86
		{5446C4A3-ED4C-48F0-99BD-F2B60F867475}.Ad-Hoc|x86.Build.0 = Release|x86
		{5446C4A3-ED4C-48F0-99BD-F2B60F867475}.Ad-Hoc|x86.Deploy.0 = Release|x86
		{5446C4A3-ED4C-48F0-99BD-F2B60F867475}.AppStore|Any CPU.ActiveCfg = Release|Any CPU
		{5446C4A3-ED4C-48F0-99BD-F2B60F867475}.AppStore|Any CPU.Build.0 = Release|Any CPU
		{5446C4A3-ED4C-48F0-99BD-F2B60F867475}.AppStore|Any CPU.Deploy.0 = Release|Any CPU
		{5446C4A3-ED4C-48F0-99BD-F2B60F867475}.AppStore|ARM.ActiveCfg = Release|ARM
		{5446C4A3-ED4C-48F0-99BD-F2B60F867475}.AppStore|ARM.Build.0 = Release|ARM
		{5446C4A3-ED4C-48F0-99BD-F2B60F867475}.AppStore|ARM.Deploy.0 = Release|ARM
		{5446C4A3-ED4C-48F0-99BD-F2B60F867475}.AppStore|iPhone.ActiveCfg = Release|Any CPU
		{5446C4A3-ED4C-48F0-99BD-F2B60F867475}.AppStore|iPhoneSimulator.ActiveCfg = Release|Any CPU
		{5446C4A3-ED4C-48F0-99BD-F2B60F867475}.AppStore|Mixed Platforms.ActiveCfg = Release|x86
		{5446C4A3-ED4C-48F0-99BD-F2B60F867475}.AppStore|Mixed Platforms.Build.0 = Release|x86
		{5446C4A3-ED4C-48F0-99BD-F2B60F867475}.AppStore|Mixed Platforms.Deploy.0 = Release|x86
		{5446C4A3-ED4C-48F0-99BD-F2B60F867475}.AppStore|x86.ActiveCfg = Release|x86
		{5446C4A3-ED4C-48F0-99BD-F2B60F867475}.AppStore|x86.Build.0 = Release|x86
		{5446C4A3-ED4C-48F0-99BD-F2B60F867475}.AppStore|x86.Deploy.0 = Release|x86
		{5446C4A3-ED4C-48F0-99BD-F2B60F867475}.Debug|Any CPU.ActiveCfg = Debug|Any CPU
		{5446C4A3-ED4C-48F0-99BD-F2B60F867475}.Debug|Any CPU.Build.0 = Debug|Any CPU
		{5446C4A3-ED4C-48F0-99BD-F2B60F867475}.Debug|Any CPU.Deploy.0 = Debug|Any CPU
		{5446C4A3-ED4C-48F0-99BD-F2B60F867475}.Debug|ARM.ActiveCfg = Debug|ARM
		{5446C4A3-ED4C-48F0-99BD-F2B60F867475}.Debug|ARM.Build.0 = Debug|ARM
		{5446C4A3-ED4C-48F0-99BD-F2B60F867475}.Debug|ARM.Deploy.0 = Debug|ARM
		{5446C4A3-ED4C-48F0-99BD-F2B60F867475}.Debug|iPhone.ActiveCfg = Debug|Any CPU
		{5446C4A3-ED4C-48F0-99BD-F2B60F867475}.Debug|iPhoneSimulator.ActiveCfg = Debug|Any CPU
		{5446C4A3-ED4C-48F0-99BD-F2B60F867475}.Debug|Mixed Platforms.ActiveCfg = Debug|ARM
		{5446C4A3-ED4C-48F0-99BD-F2B60F867475}.Debug|Mixed Platforms.Build.0 = Debug|ARM
		{5446C4A3-ED4C-48F0-99BD-F2B60F867475}.Debug|Mixed Platforms.Deploy.0 = Debug|ARM
		{5446C4A3-ED4C-48F0-99BD-F2B60F867475}.Debug|x86.ActiveCfg = Debug|x86
		{5446C4A3-ED4C-48F0-99BD-F2B60F867475}.Debug|x86.Build.0 = Debug|x86
		{5446C4A3-ED4C-48F0-99BD-F2B60F867475}.Debug|x86.Deploy.0 = Debug|x86
		{5446C4A3-ED4C-48F0-99BD-F2B60F867475}.Release|Any CPU.ActiveCfg = Release|Any CPU
		{5446C4A3-ED4C-48F0-99BD-F2B60F867475}.Release|Any CPU.Build.0 = Release|Any CPU
		{5446C4A3-ED4C-48F0-99BD-F2B60F867475}.Release|Any CPU.Deploy.0 = Release|Any CPU
		{5446C4A3-ED4C-48F0-99BD-F2B60F867475}.Release|ARM.ActiveCfg = Release|ARM
		{5446C4A3-ED4C-48F0-99BD-F2B60F867475}.Release|ARM.Build.0 = Release|ARM
		{5446C4A3-ED4C-48F0-99BD-F2B60F867475}.Release|ARM.Deploy.0 = Release|ARM
		{5446C4A3-ED4C-48F0-99BD-F2B60F867475}.Release|iPhone.ActiveCfg = Release|Any CPU
		{5446C4A3-ED4C-48F0-99BD-F2B60F867475}.Release|iPhoneSimulator.ActiveCfg = Release|Any CPU
		{5446C4A3-ED4C-48F0-99BD-F2B60F867475}.Release|Mixed Platforms.ActiveCfg = Release|x86
		{5446C4A3-ED4C-48F0-99BD-F2B60F867475}.Release|Mixed Platforms.Build.0 = Release|x86
		{5446C4A3-ED4C-48F0-99BD-F2B60F867475}.Release|Mixed Platforms.Deploy.0 = Release|x86
		{5446C4A3-ED4C-48F0-99BD-F2B60F867475}.Release|x86.ActiveCfg = Release|x86
		{5446C4A3-ED4C-48F0-99BD-F2B60F867475}.Release|x86.Build.0 = Release|x86
		{5446C4A3-ED4C-48F0-99BD-F2B60F867475}.Release|x86.Deploy.0 = Release|x86
		{B2AF970D-D640-451C-95AF-92AF531B8C1E}.Ad-Hoc|Any CPU.ActiveCfg = Release|Any CPU
		{B2AF970D-D640-451C-95AF-92AF531B8C1E}.Ad-Hoc|Any CPU.Build.0 = Release|Any CPU
		{B2AF970D-D640-451C-95AF-92AF531B8C1E}.Ad-Hoc|ARM.ActiveCfg = Release|Any CPU
		{B2AF970D-D640-451C-95AF-92AF531B8C1E}.Ad-Hoc|iPhone.ActiveCfg = Release|Any CPU
		{B2AF970D-D640-451C-95AF-92AF531B8C1E}.Ad-Hoc|iPhoneSimulator.ActiveCfg = Release|Any CPU
		{B2AF970D-D640-451C-95AF-92AF531B8C1E}.Ad-Hoc|Mixed Platforms.ActiveCfg = Release|Any CPU
		{B2AF970D-D640-451C-95AF-92AF531B8C1E}.Ad-Hoc|Mixed Platforms.Build.0 = Release|Any CPU
		{B2AF970D-D640-451C-95AF-92AF531B8C1E}.Ad-Hoc|x86.ActiveCfg = Release|Any CPU
		{B2AF970D-D640-451C-95AF-92AF531B8C1E}.AppStore|Any CPU.ActiveCfg = Release|Any CPU
		{B2AF970D-D640-451C-95AF-92AF531B8C1E}.AppStore|Any CPU.Build.0 = Release|Any CPU
		{B2AF970D-D640-451C-95AF-92AF531B8C1E}.AppStore|ARM.ActiveCfg = Release|Any CPU
		{B2AF970D-D640-451C-95AF-92AF531B8C1E}.AppStore|iPhone.ActiveCfg = Release|Any CPU
		{B2AF970D-D640-451C-95AF-92AF531B8C1E}.AppStore|iPhoneSimulator.ActiveCfg = Release|Any CPU
		{B2AF970D-D640-451C-95AF-92AF531B8C1E}.AppStore|Mixed Platforms.ActiveCfg = Release|Any CPU
		{B2AF970D-D640-451C-95AF-92AF531B8C1E}.AppStore|Mixed Platforms.Build.0 = Release|Any CPU
		{B2AF970D-D640-451C-95AF-92AF531B8C1E}.AppStore|x86.ActiveCfg = Release|Any CPU
		{B2AF970D-D640-451C-95AF-92AF531B8C1E}.Debug|Any CPU.ActiveCfg = Debug|Any CPU
		{B2AF970D-D640-451C-95AF-92AF531B8C1E}.Debug|Any CPU.Build.0 = Debug|Any CPU
		{B2AF970D-D640-451C-95AF-92AF531B8C1E}.Debug|ARM.ActiveCfg = Debug|Any CPU
		{B2AF970D-D640-451C-95AF-92AF531B8C1E}.Debug|ARM.Build.0 = Debug|Any CPU
		{B2AF970D-D640-451C-95AF-92AF531B8C1E}.Debug|iPhone.ActiveCfg = Debug|Any CPU
		{B2AF970D-D640-451C-95AF-92AF531B8C1E}.Debug|iPhoneSimulator.ActiveCfg = Debug|Any CPU
		{B2AF970D-D640-451C-95AF-92AF531B8C1E}.Debug|Mixed Platforms.ActiveCfg = Debug|Any CPU
		{B2AF970D-D640-451C-95AF-92AF531B8C1E}.Debug|Mixed Platforms.Build.0 = Debug|Any CPU
		{B2AF970D-D640-451C-95AF-92AF531B8C1E}.Debug|x86.ActiveCfg = Debug|Any CPU
		{B2AF970D-D640-451C-95AF-92AF531B8C1E}.Release|Any CPU.ActiveCfg = Release|Any CPU
		{B2AF970D-D640-451C-95AF-92AF531B8C1E}.Release|Any CPU.Build.0 = Release|Any CPU
		{B2AF970D-D640-451C-95AF-92AF531B8C1E}.Release|ARM.ActiveCfg = Release|Any CPU
		{B2AF970D-D640-451C-95AF-92AF531B8C1E}.Release|iPhone.ActiveCfg = Release|Any CPU
		{B2AF970D-D640-451C-95AF-92AF531B8C1E}.Release|iPhoneSimulator.ActiveCfg = Release|Any CPU
		{B2AF970D-D640-451C-95AF-92AF531B8C1E}.Release|Mixed Platforms.ActiveCfg = Release|Any CPU
		{B2AF970D-D640-451C-95AF-92AF531B8C1E}.Release|Mixed Platforms.Build.0 = Release|Any CPU
		{B2AF970D-D640-451C-95AF-92AF531B8C1E}.Release|x86.ActiveCfg = Release|Any CPU
		{B12D20AA-0EDF-4903-B385-BB8090848532}.Ad-Hoc|Any CPU.ActiveCfg = Release|Any CPU
		{B12D20AA-0EDF-4903-B385-BB8090848532}.Ad-Hoc|Any CPU.Build.0 = Release|Any CPU
		{B12D20AA-0EDF-4903-B385-BB8090848532}.Ad-Hoc|ARM.ActiveCfg = Release|Any CPU
		{B12D20AA-0EDF-4903-B385-BB8090848532}.Ad-Hoc|iPhone.ActiveCfg = Release|Any CPU
		{B12D20AA-0EDF-4903-B385-BB8090848532}.Ad-Hoc|iPhoneSimulator.ActiveCfg = Release|Any CPU
		{B12D20AA-0EDF-4903-B385-BB8090848532}.Ad-Hoc|Mixed Platforms.ActiveCfg = Release|Any CPU
		{B12D20AA-0EDF-4903-B385-BB8090848532}.Ad-Hoc|Mixed Platforms.Build.0 = Release|Any CPU
		{B12D20AA-0EDF-4903-B385-BB8090848532}.Ad-Hoc|x86.ActiveCfg = Release|Any CPU
		{B12D20AA-0EDF-4903-B385-BB8090848532}.AppStore|Any CPU.ActiveCfg = Release|Any CPU
		{B12D20AA-0EDF-4903-B385-BB8090848532}.AppStore|Any CPU.Build.0 = Release|Any CPU
		{B12D20AA-0EDF-4903-B385-BB8090848532}.AppStore|ARM.ActiveCfg = Release|Any CPU
		{B12D20AA-0EDF-4903-B385-BB8090848532}.AppStore|iPhone.ActiveCfg = Release|Any CPU
		{B12D20AA-0EDF-4903-B385-BB8090848532}.AppStore|iPhoneSimulator.ActiveCfg = Release|Any CPU
		{B12D20AA-0EDF-4903-B385-BB8090848532}.AppStore|Mixed Platforms.ActiveCfg = Release|Any CPU
		{B12D20AA-0EDF-4903-B385-BB8090848532}.AppStore|Mixed Platforms.Build.0 = Release|Any CPU
		{B12D20AA-0EDF-4903-B385-BB8090848532}.AppStore|x86.ActiveCfg = Release|Any CPU
		{B12D20AA-0EDF-4903-B385-BB8090848532}.Debug|Any CPU.ActiveCfg = Debug|Any CPU
		{B12D20AA-0EDF-4903-B385-BB8090848532}.Debug|Any CPU.Build.0 = Debug|Any CPU
		{B12D20AA-0EDF-4903-B385-BB8090848532}.Debug|ARM.ActiveCfg = Debug|Any CPU
		{B12D20AA-0EDF-4903-B385-BB8090848532}.Debug|ARM.Build.0 = Debug|Any CPU
		{B12D20AA-0EDF-4903-B385-BB8090848532}.Debug|iPhone.ActiveCfg = Debug|Any CPU
		{B12D20AA-0EDF-4903-B385-BB8090848532}.Debug|iPhoneSimulator.ActiveCfg = Debug|Any CPU
		{B12D20AA-0EDF-4903-B385-BB8090848532}.Debug|Mixed Platforms.ActiveCfg = Debug|Any CPU
		{B12D20AA-0EDF-4903-B385-BB8090848532}.Debug|Mixed Platforms.Build.0 = Debug|Any CPU
		{B12D20AA-0EDF-4903-B385-BB8090848532}.Debug|x86.ActiveCfg = Debug|Any CPU
		{B12D20AA-0EDF-4903-B385-BB8090848532}.Release|Any CPU.ActiveCfg = Release|Any CPU
		{B12D20AA-0EDF-4903-B385-BB8090848532}.Release|Any CPU.Build.0 = Release|Any CPU
		{B12D20AA-0EDF-4903-B385-BB8090848532}.Release|ARM.ActiveCfg = Release|Any CPU
		{B12D20AA-0EDF-4903-B385-BB8090848532}.Release|iPhone.ActiveCfg = Release|Any CPU
		{B12D20AA-0EDF-4903-B385-BB8090848532}.Release|iPhoneSimulator.ActiveCfg = Release|Any CPU
		{B12D20AA-0EDF-4903-B385-BB8090848532}.Release|Mixed Platforms.ActiveCfg = Release|Any CPU
		{B12D20AA-0EDF-4903-B385-BB8090848532}.Release|Mixed Platforms.Build.0 = Release|Any CPU
		{B12D20AA-0EDF-4903-B385-BB8090848532}.Release|x86.ActiveCfg = Release|Any CPU
		{1D5482F6-AA89-422C-9E34-88A8A1AD8AB6}.Ad-Hoc|Any CPU.ActiveCfg = Release|Any CPU
		{1D5482F6-AA89-422C-9E34-88A8A1AD8AB6}.Ad-Hoc|Any CPU.Build.0 = Release|Any CPU
		{1D5482F6-AA89-422C-9E34-88A8A1AD8AB6}.Ad-Hoc|ARM.ActiveCfg = Release|Any CPU
		{1D5482F6-AA89-422C-9E34-88A8A1AD8AB6}.Ad-Hoc|iPhone.ActiveCfg = Release|Any CPU
		{1D5482F6-AA89-422C-9E34-88A8A1AD8AB6}.Ad-Hoc|iPhoneSimulator.ActiveCfg = Release|Any CPU
		{1D5482F6-AA89-422C-9E34-88A8A1AD8AB6}.Ad-Hoc|Mixed Platforms.ActiveCfg = Release|Any CPU
		{1D5482F6-AA89-422C-9E34-88A8A1AD8AB6}.Ad-Hoc|Mixed Platforms.Build.0 = Release|Any CPU
		{1D5482F6-AA89-422C-9E34-88A8A1AD8AB6}.Ad-Hoc|x86.ActiveCfg = Release|Any CPU
		{1D5482F6-AA89-422C-9E34-88A8A1AD8AB6}.AppStore|Any CPU.ActiveCfg = Release|Any CPU
		{1D5482F6-AA89-422C-9E34-88A8A1AD8AB6}.AppStore|Any CPU.Build.0 = Release|Any CPU
		{1D5482F6-AA89-422C-9E34-88A8A1AD8AB6}.AppStore|ARM.ActiveCfg = Release|Any CPU
		{1D5482F6-AA89-422C-9E34-88A8A1AD8AB6}.AppStore|iPhone.ActiveCfg = Release|Any CPU
		{1D5482F6-AA89-422C-9E34-88A8A1AD8AB6}.AppStore|iPhoneSimulator.ActiveCfg = Release|Any CPU
		{1D5482F6-AA89-422C-9E34-88A8A1AD8AB6}.AppStore|Mixed Platforms.ActiveCfg = Release|Any CPU
		{1D5482F6-AA89-422C-9E34-88A8A1AD8AB6}.AppStore|Mixed Platforms.Build.0 = Release|Any CPU
		{1D5482F6-AA89-422C-9E34-88A8A1AD8AB6}.AppStore|x86.ActiveCfg = Release|Any CPU
		{1D5482F6-AA89-422C-9E34-88A8A1AD8AB6}.Debug|Any CPU.ActiveCfg = Debug|Any CPU
		{1D5482F6-AA89-422C-9E34-88A8A1AD8AB6}.Debug|Any CPU.Build.0 = Debug|Any CPU
		{1D5482F6-AA89-422C-9E34-88A8A1AD8AB6}.Debug|ARM.ActiveCfg = Debug|Any CPU
		{1D5482F6-AA89-422C-9E34-88A8A1AD8AB6}.Debug|ARM.Build.0 = Debug|Any CPU
		{1D5482F6-AA89-422C-9E34-88A8A1AD8AB6}.Debug|iPhone.ActiveCfg = Debug|Any CPU
		{1D5482F6-AA89-422C-9E34-88A8A1AD8AB6}.Debug|iPhoneSimulator.ActiveCfg = Debug|Any CPU
		{1D5482F6-AA89-422C-9E34-88A8A1AD8AB6}.Debug|Mixed Platforms.ActiveCfg = Debug|Any CPU
		{1D5482F6-AA89-422C-9E34-88A8A1AD8AB6}.Debug|Mixed Platforms.Build.0 = Debug|Any CPU
		{1D5482F6-AA89-422C-9E34-88A8A1AD8AB6}.Debug|x86.ActiveCfg = Debug|Any CPU
		{1D5482F6-AA89-422C-9E34-88A8A1AD8AB6}.Release|Any CPU.ActiveCfg = Release|Any CPU
		{1D5482F6-AA89-422C-9E34-88A8A1AD8AB6}.Release|Any CPU.Build.0 = Release|Any CPU
		{1D5482F6-AA89-422C-9E34-88A8A1AD8AB6}.Release|ARM.ActiveCfg = Release|Any CPU
		{1D5482F6-AA89-422C-9E34-88A8A1AD8AB6}.Release|iPhone.ActiveCfg = Release|Any CPU
		{1D5482F6-AA89-422C-9E34-88A8A1AD8AB6}.Release|iPhoneSimulator.ActiveCfg = Release|Any CPU
		{1D5482F6-AA89-422C-9E34-88A8A1AD8AB6}.Release|Mixed Platforms.ActiveCfg = Release|Any CPU
		{1D5482F6-AA89-422C-9E34-88A8A1AD8AB6}.Release|Mixed Platforms.Build.0 = Release|Any CPU
		{1D5482F6-AA89-422C-9E34-88A8A1AD8AB6}.Release|x86.ActiveCfg = Release|Any CPU
		{FB73D461-D197-42A2-8928-086333277E54}.Ad-Hoc|Any CPU.ActiveCfg = Release|Any CPU
		{FB73D461-D197-42A2-8928-086333277E54}.Ad-Hoc|Any CPU.Build.0 = Release|Any CPU
		{FB73D461-D197-42A2-8928-086333277E54}.Ad-Hoc|ARM.ActiveCfg = Release|ARM
		{FB73D461-D197-42A2-8928-086333277E54}.Ad-Hoc|ARM.Build.0 = Release|ARM
		{FB73D461-D197-42A2-8928-086333277E54}.Ad-Hoc|iPhone.ActiveCfg = Release|Any CPU
		{FB73D461-D197-42A2-8928-086333277E54}.Ad-Hoc|iPhoneSimulator.ActiveCfg = Release|Any CPU
		{FB73D461-D197-42A2-8928-086333277E54}.Ad-Hoc|Mixed Platforms.ActiveCfg = Release|x86
		{FB73D461-D197-42A2-8928-086333277E54}.Ad-Hoc|Mixed Platforms.Build.0 = Release|x86
		{FB73D461-D197-42A2-8928-086333277E54}.Ad-Hoc|x86.ActiveCfg = Release|x86
		{FB73D461-D197-42A2-8928-086333277E54}.Ad-Hoc|x86.Build.0 = Release|x86
		{FB73D461-D197-42A2-8928-086333277E54}.AppStore|Any CPU.ActiveCfg = Release|Any CPU
		{FB73D461-D197-42A2-8928-086333277E54}.AppStore|Any CPU.Build.0 = Release|Any CPU
		{FB73D461-D197-42A2-8928-086333277E54}.AppStore|ARM.ActiveCfg = Release|ARM
		{FB73D461-D197-42A2-8928-086333277E54}.AppStore|ARM.Build.0 = Release|ARM
		{FB73D461-D197-42A2-8928-086333277E54}.AppStore|iPhone.ActiveCfg = Release|Any CPU
		{FB73D461-D197-42A2-8928-086333277E54}.AppStore|iPhoneSimulator.ActiveCfg = Release|Any CPU
		{FB73D461-D197-42A2-8928-086333277E54}.AppStore|Mixed Platforms.ActiveCfg = Release|x86
		{FB73D461-D197-42A2-8928-086333277E54}.AppStore|Mixed Platforms.Build.0 = Release|x86
		{FB73D461-D197-42A2-8928-086333277E54}.AppStore|x86.ActiveCfg = Release|x86
		{FB73D461-D197-42A2-8928-086333277E54}.AppStore|x86.Build.0 = Release|x86
		{FB73D461-D197-42A2-8928-086333277E54}.Debug|Any CPU.ActiveCfg = Debug|Any CPU
		{FB73D461-D197-42A2-8928-086333277E54}.Debug|Any CPU.Build.0 = Debug|Any CPU
		{FB73D461-D197-42A2-8928-086333277E54}.Debug|ARM.ActiveCfg = Debug|Any CPU
		{FB73D461-D197-42A2-8928-086333277E54}.Debug|ARM.Build.0 = Debug|Any CPU
		{FB73D461-D197-42A2-8928-086333277E54}.Debug|iPhone.ActiveCfg = Debug|Any CPU
		{FB73D461-D197-42A2-8928-086333277E54}.Debug|iPhoneSimulator.ActiveCfg = Debug|Any CPU
		{FB73D461-D197-42A2-8928-086333277E54}.Debug|Mixed Platforms.ActiveCfg = Debug|Any CPU
		{FB73D461-D197-42A2-8928-086333277E54}.Debug|Mixed Platforms.Build.0 = Debug|Any CPU
		{FB73D461-D197-42A2-8928-086333277E54}.Debug|x86.ActiveCfg = Debug|x86
		{FB73D461-D197-42A2-8928-086333277E54}.Debug|x86.Build.0 = Debug|x86
		{FB73D461-D197-42A2-8928-086333277E54}.Release|Any CPU.ActiveCfg = Release|Any CPU
		{FB73D461-D197-42A2-8928-086333277E54}.Release|Any CPU.Build.0 = Release|Any CPU
		{FB73D461-D197-42A2-8928-086333277E54}.Release|ARM.ActiveCfg = Release|ARM
		{FB73D461-D197-42A2-8928-086333277E54}.Release|ARM.Build.0 = Release|ARM
		{FB73D461-D197-42A2-8928-086333277E54}.Release|iPhone.ActiveCfg = Release|Any CPU
		{FB73D461-D197-42A2-8928-086333277E54}.Release|iPhoneSimulator.ActiveCfg = Release|Any CPU
		{FB73D461-D197-42A2-8928-086333277E54}.Release|Mixed Platforms.ActiveCfg = Release|x86
		{FB73D461-D197-42A2-8928-086333277E54}.Release|Mixed Platforms.Build.0 = Release|x86
		{FB73D461-D197-42A2-8928-086333277E54}.Release|x86.ActiveCfg = Release|x86
		{FB73D461-D197-42A2-8928-086333277E54}.Release|x86.Build.0 = Release|x86
		{8003CA64-8BF4-4B88-93B0-374E0783C9F6}.Ad-Hoc|Any CPU.ActiveCfg = Release|Any CPU
		{8003CA64-8BF4-4B88-93B0-374E0783C9F6}.Ad-Hoc|Any CPU.Build.0 = Release|Any CPU
		{8003CA64-8BF4-4B88-93B0-374E0783C9F6}.Ad-Hoc|Any CPU.Deploy.0 = Release|Any CPU
		{8003CA64-8BF4-4B88-93B0-374E0783C9F6}.Ad-Hoc|ARM.ActiveCfg = Release|Any CPU
		{8003CA64-8BF4-4B88-93B0-374E0783C9F6}.Ad-Hoc|ARM.Build.0 = Release|Any CPU
		{8003CA64-8BF4-4B88-93B0-374E0783C9F6}.Ad-Hoc|ARM.Deploy.0 = Release|Any CPU
		{8003CA64-8BF4-4B88-93B0-374E0783C9F6}.Ad-Hoc|iPhone.ActiveCfg = Release|Any CPU
		{8003CA64-8BF4-4B88-93B0-374E0783C9F6}.Ad-Hoc|iPhone.Build.0 = Release|Any CPU
		{8003CA64-8BF4-4B88-93B0-374E0783C9F6}.Ad-Hoc|iPhone.Deploy.0 = Release|Any CPU
		{8003CA64-8BF4-4B88-93B0-374E0783C9F6}.Ad-Hoc|iPhoneSimulator.ActiveCfg = Release|Any CPU
		{8003CA64-8BF4-4B88-93B0-374E0783C9F6}.Ad-Hoc|iPhoneSimulator.Build.0 = Release|Any CPU
		{8003CA64-8BF4-4B88-93B0-374E0783C9F6}.Ad-Hoc|iPhoneSimulator.Deploy.0 = Release|Any CPU
		{8003CA64-8BF4-4B88-93B0-374E0783C9F6}.Ad-Hoc|Mixed Platforms.ActiveCfg = Release|Any CPU
		{8003CA64-8BF4-4B88-93B0-374E0783C9F6}.Ad-Hoc|Mixed Platforms.Build.0 = Release|Any CPU
		{8003CA64-8BF4-4B88-93B0-374E0783C9F6}.Ad-Hoc|Mixed Platforms.Deploy.0 = Release|Any CPU
		{8003CA64-8BF4-4B88-93B0-374E0783C9F6}.Ad-Hoc|x86.ActiveCfg = Release|Any CPU
		{8003CA64-8BF4-4B88-93B0-374E0783C9F6}.Ad-Hoc|x86.Build.0 = Release|Any CPU
		{8003CA64-8BF4-4B88-93B0-374E0783C9F6}.Ad-Hoc|x86.Deploy.0 = Release|Any CPU
		{8003CA64-8BF4-4B88-93B0-374E0783C9F6}.AppStore|Any CPU.ActiveCfg = Release|Any CPU
		{8003CA64-8BF4-4B88-93B0-374E0783C9F6}.AppStore|Any CPU.Build.0 = Release|Any CPU
		{8003CA64-8BF4-4B88-93B0-374E0783C9F6}.AppStore|Any CPU.Deploy.0 = Release|Any CPU
		{8003CA64-8BF4-4B88-93B0-374E0783C9F6}.AppStore|ARM.ActiveCfg = Release|Any CPU
		{8003CA64-8BF4-4B88-93B0-374E0783C9F6}.AppStore|ARM.Build.0 = Release|Any CPU
		{8003CA64-8BF4-4B88-93B0-374E0783C9F6}.AppStore|ARM.Deploy.0 = Release|Any CPU
		{8003CA64-8BF4-4B88-93B0-374E0783C9F6}.AppStore|iPhone.ActiveCfg = Release|Any CPU
		{8003CA64-8BF4-4B88-93B0-374E0783C9F6}.AppStore|iPhone.Build.0 = Release|Any CPU
		{8003CA64-8BF4-4B88-93B0-374E0783C9F6}.AppStore|iPhone.Deploy.0 = Release|Any CPU
		{8003CA64-8BF4-4B88-93B0-374E0783C9F6}.AppStore|iPhoneSimulator.ActiveCfg = Release|Any CPU
		{8003CA64-8BF4-4B88-93B0-374E0783C9F6}.AppStore|iPhoneSimulator.Build.0 = Release|Any CPU
		{8003CA64-8BF4-4B88-93B0-374E0783C9F6}.AppStore|iPhoneSimulator.Deploy.0 = Release|Any CPU
		{8003CA64-8BF4-4B88-93B0-374E0783C9F6}.AppStore|Mixed Platforms.ActiveCfg = Release|Any CPU
		{8003CA64-8BF4-4B88-93B0-374E0783C9F6}.AppStore|Mixed Platforms.Build.0 = Release|Any CPU
		{8003CA64-8BF4-4B88-93B0-374E0783C9F6}.AppStore|Mixed Platforms.Deploy.0 = Release|Any CPU
		{8003CA64-8BF4-4B88-93B0-374E0783C9F6}.AppStore|x86.ActiveCfg = Release|Any CPU
		{8003CA64-8BF4-4B88-93B0-374E0783C9F6}.AppStore|x86.Build.0 = Release|Any CPU
		{8003CA64-8BF4-4B88-93B0-374E0783C9F6}.AppStore|x86.Deploy.0 = Release|Any CPU
		{8003CA64-8BF4-4B88-93B0-374E0783C9F6}.Debug|Any CPU.ActiveCfg = Debug|Any CPU
		{8003CA64-8BF4-4B88-93B0-374E0783C9F6}.Debug|Any CPU.Build.0 = Debug|Any CPU
		{8003CA64-8BF4-4B88-93B0-374E0783C9F6}.Debug|Any CPU.Deploy.0 = Debug|Any CPU
		{8003CA64-8BF4-4B88-93B0-374E0783C9F6}.Debug|ARM.ActiveCfg = Debug|Any CPU
		{8003CA64-8BF4-4B88-93B0-374E0783C9F6}.Debug|ARM.Build.0 = Debug|Any CPU
		{8003CA64-8BF4-4B88-93B0-374E0783C9F6}.Debug|ARM.Deploy.0 = Debug|Any CPU
		{8003CA64-8BF4-4B88-93B0-374E0783C9F6}.Debug|iPhone.ActiveCfg = Debug|Any CPU
		{8003CA64-8BF4-4B88-93B0-374E0783C9F6}.Debug|iPhone.Build.0 = Debug|Any CPU
		{8003CA64-8BF4-4B88-93B0-374E0783C9F6}.Debug|iPhone.Deploy.0 = Debug|Any CPU
		{8003CA64-8BF4-4B88-93B0-374E0783C9F6}.Debug|iPhoneSimulator.ActiveCfg = Debug|Any CPU
		{8003CA64-8BF4-4B88-93B0-374E0783C9F6}.Debug|iPhoneSimulator.Build.0 = Debug|Any CPU
		{8003CA64-8BF4-4B88-93B0-374E0783C9F6}.Debug|iPhoneSimulator.Deploy.0 = Debug|Any CPU
		{8003CA64-8BF4-4B88-93B0-374E0783C9F6}.Debug|Mixed Platforms.ActiveCfg = Debug|Any CPU
		{8003CA64-8BF4-4B88-93B0-374E0783C9F6}.Debug|Mixed Platforms.Build.0 = Debug|Any CPU
		{8003CA64-8BF4-4B88-93B0-374E0783C9F6}.Debug|Mixed Platforms.Deploy.0 = Debug|Any CPU
		{8003CA64-8BF4-4B88-93B0-374E0783C9F6}.Debug|x86.ActiveCfg = Debug|Any CPU
		{8003CA64-8BF4-4B88-93B0-374E0783C9F6}.Debug|x86.Build.0 = Debug|Any CPU
		{8003CA64-8BF4-4B88-93B0-374E0783C9F6}.Debug|x86.Deploy.0 = Debug|Any CPU
		{8003CA64-8BF4-4B88-93B0-374E0783C9F6}.Release|Any CPU.ActiveCfg = Release|Any CPU
		{8003CA64-8BF4-4B88-93B0-374E0783C9F6}.Release|Any CPU.Build.0 = Release|Any CPU
		{8003CA64-8BF4-4B88-93B0-374E0783C9F6}.Release|Any CPU.Deploy.0 = Release|Any CPU
		{8003CA64-8BF4-4B88-93B0-374E0783C9F6}.Release|ARM.ActiveCfg = Release|Any CPU
		{8003CA64-8BF4-4B88-93B0-374E0783C9F6}.Release|ARM.Build.0 = Release|Any CPU
		{8003CA64-8BF4-4B88-93B0-374E0783C9F6}.Release|ARM.Deploy.0 = Release|Any CPU
		{8003CA64-8BF4-4B88-93B0-374E0783C9F6}.Release|iPhone.ActiveCfg = Release|Any CPU
		{8003CA64-8BF4-4B88-93B0-374E0783C9F6}.Release|iPhone.Build.0 = Release|Any CPU
		{8003CA64-8BF4-4B88-93B0-374E0783C9F6}.Release|iPhone.Deploy.0 = Release|Any CPU
		{8003CA64-8BF4-4B88-93B0-374E0783C9F6}.Release|iPhoneSimulator.ActiveCfg = Release|Any CPU
		{8003CA64-8BF4-4B88-93B0-374E0783C9F6}.Release|iPhoneSimulator.Build.0 = Release|Any CPU
		{8003CA64-8BF4-4B88-93B0-374E0783C9F6}.Release|iPhoneSimulator.Deploy.0 = Release|Any CPU
		{8003CA64-8BF4-4B88-93B0-374E0783C9F6}.Release|Mixed Platforms.ActiveCfg = Release|Any CPU
		{8003CA64-8BF4-4B88-93B0-374E0783C9F6}.Release|Mixed Platforms.Build.0 = Release|Any CPU
		{8003CA64-8BF4-4B88-93B0-374E0783C9F6}.Release|Mixed Platforms.Deploy.0 = Release|Any CPU
		{8003CA64-8BF4-4B88-93B0-374E0783C9F6}.Release|x86.ActiveCfg = Release|Any CPU
		{8003CA64-8BF4-4B88-93B0-374E0783C9F6}.Release|x86.Build.0 = Release|Any CPU
		{8003CA64-8BF4-4B88-93B0-374E0783C9F6}.Release|x86.Deploy.0 = Release|Any CPU
		{3E4C8F7A-E382-4A68-B306-1AC4EE6F6D18}.Ad-Hoc|Any CPU.ActiveCfg = Ad-Hoc|iPhone
		{3E4C8F7A-E382-4A68-B306-1AC4EE6F6D18}.Ad-Hoc|ARM.ActiveCfg = Ad-Hoc|iPhone
		{3E4C8F7A-E382-4A68-B306-1AC4EE6F6D18}.Ad-Hoc|iPhone.ActiveCfg = Ad-Hoc|iPhone
		{3E4C8F7A-E382-4A68-B306-1AC4EE6F6D18}.Ad-Hoc|iPhone.Build.0 = Ad-Hoc|iPhone
		{3E4C8F7A-E382-4A68-B306-1AC4EE6F6D18}.Ad-Hoc|iPhoneSimulator.ActiveCfg = Ad-Hoc|iPhoneSimulator
		{3E4C8F7A-E382-4A68-B306-1AC4EE6F6D18}.Ad-Hoc|iPhoneSimulator.Build.0 = Ad-Hoc|iPhoneSimulator
		{3E4C8F7A-E382-4A68-B306-1AC4EE6F6D18}.Ad-Hoc|Mixed Platforms.ActiveCfg = Ad-Hoc|iPhone
		{3E4C8F7A-E382-4A68-B306-1AC4EE6F6D18}.Ad-Hoc|Mixed Platforms.Build.0 = Ad-Hoc|iPhone
		{3E4C8F7A-E382-4A68-B306-1AC4EE6F6D18}.Ad-Hoc|x86.ActiveCfg = Ad-Hoc|iPhone
		{3E4C8F7A-E382-4A68-B306-1AC4EE6F6D18}.AppStore|Any CPU.ActiveCfg = AppStore|iPhone
		{3E4C8F7A-E382-4A68-B306-1AC4EE6F6D18}.AppStore|ARM.ActiveCfg = AppStore|iPhone
		{3E4C8F7A-E382-4A68-B306-1AC4EE6F6D18}.AppStore|iPhone.ActiveCfg = AppStore|iPhone
		{3E4C8F7A-E382-4A68-B306-1AC4EE6F6D18}.AppStore|iPhone.Build.0 = AppStore|iPhone
		{3E4C8F7A-E382-4A68-B306-1AC4EE6F6D18}.AppStore|iPhoneSimulator.ActiveCfg = AppStore|iPhoneSimulator
		{3E4C8F7A-E382-4A68-B306-1AC4EE6F6D18}.AppStore|iPhoneSimulator.Build.0 = AppStore|iPhoneSimulator
		{3E4C8F7A-E382-4A68-B306-1AC4EE6F6D18}.AppStore|Mixed Platforms.ActiveCfg = AppStore|iPhone
		{3E4C8F7A-E382-4A68-B306-1AC4EE6F6D18}.AppStore|Mixed Platforms.Build.0 = AppStore|iPhone
		{3E4C8F7A-E382-4A68-B306-1AC4EE6F6D18}.AppStore|x86.ActiveCfg = AppStore|iPhone
		{3E4C8F7A-E382-4A68-B306-1AC4EE6F6D18}.Debug|Any CPU.ActiveCfg = Debug|iPhone
		{3E4C8F7A-E382-4A68-B306-1AC4EE6F6D18}.Debug|ARM.ActiveCfg = Debug|iPhone
		{3E4C8F7A-E382-4A68-B306-1AC4EE6F6D18}.Debug|iPhone.ActiveCfg = Debug|iPhone
		{3E4C8F7A-E382-4A68-B306-1AC4EE6F6D18}.Debug|iPhone.Build.0 = Debug|iPhone
		{3E4C8F7A-E382-4A68-B306-1AC4EE6F6D18}.Debug|iPhoneSimulator.ActiveCfg = Debug|iPhoneSimulator
		{3E4C8F7A-E382-4A68-B306-1AC4EE6F6D18}.Debug|iPhoneSimulator.Build.0 = Debug|iPhoneSimulator
		{3E4C8F7A-E382-4A68-B306-1AC4EE6F6D18}.Debug|Mixed Platforms.ActiveCfg = Debug|iPhone
		{3E4C8F7A-E382-4A68-B306-1AC4EE6F6D18}.Debug|Mixed Platforms.Build.0 = Debug|iPhone
		{3E4C8F7A-E382-4A68-B306-1AC4EE6F6D18}.Debug|x86.ActiveCfg = Debug|iPhone
		{3E4C8F7A-E382-4A68-B306-1AC4EE6F6D18}.Release|Any CPU.ActiveCfg = Release|iPhone
		{3E4C8F7A-E382-4A68-B306-1AC4EE6F6D18}.Release|ARM.ActiveCfg = Release|iPhone
		{3E4C8F7A-E382-4A68-B306-1AC4EE6F6D18}.Release|iPhone.ActiveCfg = Release|iPhone
		{3E4C8F7A-E382-4A68-B306-1AC4EE6F6D18}.Release|iPhone.Build.0 = Release|iPhone
		{3E4C8F7A-E382-4A68-B306-1AC4EE6F6D18}.Release|iPhoneSimulator.ActiveCfg = Release|iPhoneSimulator
		{3E4C8F7A-E382-4A68-B306-1AC4EE6F6D18}.Release|iPhoneSimulator.Build.0 = Release|iPhoneSimulator
		{3E4C8F7A-E382-4A68-B306-1AC4EE6F6D18}.Release|Mixed Platforms.ActiveCfg = Release|iPhone
		{3E4C8F7A-E382-4A68-B306-1AC4EE6F6D18}.Release|Mixed Platforms.Build.0 = Release|iPhone
		{3E4C8F7A-E382-4A68-B306-1AC4EE6F6D18}.Release|x86.ActiveCfg = Release|iPhone
		{BF48F3B5-7883-4FCF-8018-735DA4B4316F}.Ad-Hoc|Any CPU.ActiveCfg = Release|Any CPU
		{BF48F3B5-7883-4FCF-8018-735DA4B4316F}.Ad-Hoc|Any CPU.Build.0 = Release|Any CPU
		{BF48F3B5-7883-4FCF-8018-735DA4B4316F}.Ad-Hoc|Any CPU.Deploy.0 = Release|Any CPU
		{BF48F3B5-7883-4FCF-8018-735DA4B4316F}.Ad-Hoc|ARM.ActiveCfg = Release|ARM
		{BF48F3B5-7883-4FCF-8018-735DA4B4316F}.Ad-Hoc|ARM.Build.0 = Release|ARM
		{BF48F3B5-7883-4FCF-8018-735DA4B4316F}.Ad-Hoc|ARM.Deploy.0 = Release|ARM
		{BF48F3B5-7883-4FCF-8018-735DA4B4316F}.Ad-Hoc|iPhone.ActiveCfg = Release|Any CPU
		{BF48F3B5-7883-4FCF-8018-735DA4B4316F}.Ad-Hoc|iPhone.Build.0 = Release|Any CPU
		{BF48F3B5-7883-4FCF-8018-735DA4B4316F}.Ad-Hoc|iPhone.Deploy.0 = Release|Any CPU
		{BF48F3B5-7883-4FCF-8018-735DA4B4316F}.Ad-Hoc|iPhoneSimulator.ActiveCfg = Release|Any CPU
		{BF48F3B5-7883-4FCF-8018-735DA4B4316F}.Ad-Hoc|iPhoneSimulator.Build.0 = Release|Any CPU
		{BF48F3B5-7883-4FCF-8018-735DA4B4316F}.Ad-Hoc|iPhoneSimulator.Deploy.0 = Release|Any CPU
		{BF48F3B5-7883-4FCF-8018-735DA4B4316F}.Ad-Hoc|Mixed Platforms.ActiveCfg = Release|x86
		{BF48F3B5-7883-4FCF-8018-735DA4B4316F}.Ad-Hoc|Mixed Platforms.Build.0 = Release|x86
		{BF48F3B5-7883-4FCF-8018-735DA4B4316F}.Ad-Hoc|Mixed Platforms.Deploy.0 = Release|x86
		{BF48F3B5-7883-4FCF-8018-735DA4B4316F}.Ad-Hoc|x86.ActiveCfg = Release|x86
		{BF48F3B5-7883-4FCF-8018-735DA4B4316F}.Ad-Hoc|x86.Build.0 = Release|x86
		{BF48F3B5-7883-4FCF-8018-735DA4B4316F}.Ad-Hoc|x86.Deploy.0 = Release|x86
		{BF48F3B5-7883-4FCF-8018-735DA4B4316F}.AppStore|Any CPU.ActiveCfg = Release|Any CPU
		{BF48F3B5-7883-4FCF-8018-735DA4B4316F}.AppStore|Any CPU.Build.0 = Release|Any CPU
		{BF48F3B5-7883-4FCF-8018-735DA4B4316F}.AppStore|Any CPU.Deploy.0 = Release|Any CPU
		{BF48F3B5-7883-4FCF-8018-735DA4B4316F}.AppStore|ARM.ActiveCfg = Release|ARM
		{BF48F3B5-7883-4FCF-8018-735DA4B4316F}.AppStore|ARM.Build.0 = Release|ARM
		{BF48F3B5-7883-4FCF-8018-735DA4B4316F}.AppStore|ARM.Deploy.0 = Release|ARM
		{BF48F3B5-7883-4FCF-8018-735DA4B4316F}.AppStore|iPhone.ActiveCfg = Release|Any CPU
		{BF48F3B5-7883-4FCF-8018-735DA4B4316F}.AppStore|iPhone.Build.0 = Release|Any CPU
		{BF48F3B5-7883-4FCF-8018-735DA4B4316F}.AppStore|iPhone.Deploy.0 = Release|Any CPU
		{BF48F3B5-7883-4FCF-8018-735DA4B4316F}.AppStore|iPhoneSimulator.ActiveCfg = Release|Any CPU
		{BF48F3B5-7883-4FCF-8018-735DA4B4316F}.AppStore|iPhoneSimulator.Build.0 = Release|Any CPU
		{BF48F3B5-7883-4FCF-8018-735DA4B4316F}.AppStore|iPhoneSimulator.Deploy.0 = Release|Any CPU
		{BF48F3B5-7883-4FCF-8018-735DA4B4316F}.AppStore|Mixed Platforms.ActiveCfg = Release|x86
		{BF48F3B5-7883-4FCF-8018-735DA4B4316F}.AppStore|Mixed Platforms.Build.0 = Release|x86
		{BF48F3B5-7883-4FCF-8018-735DA4B4316F}.AppStore|Mixed Platforms.Deploy.0 = Release|x86
		{BF48F3B5-7883-4FCF-8018-735DA4B4316F}.AppStore|x86.ActiveCfg = Release|x86
		{BF48F3B5-7883-4FCF-8018-735DA4B4316F}.AppStore|x86.Build.0 = Release|x86
		{BF48F3B5-7883-4FCF-8018-735DA4B4316F}.AppStore|x86.Deploy.0 = Release|x86
		{BF48F3B5-7883-4FCF-8018-735DA4B4316F}.Debug|Any CPU.ActiveCfg = Debug|Any CPU
		{BF48F3B5-7883-4FCF-8018-735DA4B4316F}.Debug|Any CPU.Build.0 = Debug|Any CPU
		{BF48F3B5-7883-4FCF-8018-735DA4B4316F}.Debug|Any CPU.Deploy.0 = Debug|Any CPU
		{BF48F3B5-7883-4FCF-8018-735DA4B4316F}.Debug|ARM.ActiveCfg = Debug|ARM
		{BF48F3B5-7883-4FCF-8018-735DA4B4316F}.Debug|ARM.Build.0 = Debug|ARM
		{BF48F3B5-7883-4FCF-8018-735DA4B4316F}.Debug|ARM.Deploy.0 = Debug|ARM
		{BF48F3B5-7883-4FCF-8018-735DA4B4316F}.Debug|iPhone.ActiveCfg = Debug|Any CPU
		{BF48F3B5-7883-4FCF-8018-735DA4B4316F}.Debug|iPhone.Build.0 = Debug|Any CPU
		{BF48F3B5-7883-4FCF-8018-735DA4B4316F}.Debug|iPhone.Deploy.0 = Debug|Any CPU
		{BF48F3B5-7883-4FCF-8018-735DA4B4316F}.Debug|iPhoneSimulator.ActiveCfg = Debug|Any CPU
		{BF48F3B5-7883-4FCF-8018-735DA4B4316F}.Debug|iPhoneSimulator.Build.0 = Debug|Any CPU
		{BF48F3B5-7883-4FCF-8018-735DA4B4316F}.Debug|iPhoneSimulator.Deploy.0 = Debug|Any CPU
		{BF48F3B5-7883-4FCF-8018-735DA4B4316F}.Debug|Mixed Platforms.ActiveCfg = Debug|x86
		{BF48F3B5-7883-4FCF-8018-735DA4B4316F}.Debug|Mixed Platforms.Build.0 = Debug|x86
		{BF48F3B5-7883-4FCF-8018-735DA4B4316F}.Debug|Mixed Platforms.Deploy.0 = Debug|x86
		{BF48F3B5-7883-4FCF-8018-735DA4B4316F}.Debug|x86.ActiveCfg = Debug|x86
		{BF48F3B5-7883-4FCF-8018-735DA4B4316F}.Debug|x86.Build.0 = Debug|x86
		{BF48F3B5-7883-4FCF-8018-735DA4B4316F}.Debug|x86.Deploy.0 = Debug|x86
		{BF48F3B5-7883-4FCF-8018-735DA4B4316F}.Release|Any CPU.ActiveCfg = Release|Any CPU
		{BF48F3B5-7883-4FCF-8018-735DA4B4316F}.Release|Any CPU.Build.0 = Release|Any CPU
		{BF48F3B5-7883-4FCF-8018-735DA4B4316F}.Release|Any CPU.Deploy.0 = Release|Any CPU
		{BF48F3B5-7883-4FCF-8018-735DA4B4316F}.Release|ARM.ActiveCfg = Release|ARM
		{BF48F3B5-7883-4FCF-8018-735DA4B4316F}.Release|ARM.Build.0 = Release|ARM
		{BF48F3B5-7883-4FCF-8018-735DA4B4316F}.Release|ARM.Deploy.0 = Release|ARM
		{BF48F3B5-7883-4FCF-8018-735DA4B4316F}.Release|iPhone.ActiveCfg = Release|Any CPU
		{BF48F3B5-7883-4FCF-8018-735DA4B4316F}.Release|iPhone.Build.0 = Release|Any CPU
		{BF48F3B5-7883-4FCF-8018-735DA4B4316F}.Release|iPhone.Deploy.0 = Release|Any CPU
		{BF48F3B5-7883-4FCF-8018-735DA4B4316F}.Release|iPhoneSimulator.ActiveCfg = Release|Any CPU
		{BF48F3B5-7883-4FCF-8018-735DA4B4316F}.Release|iPhoneSimulator.Build.0 = Release|Any CPU
		{BF48F3B5-7883-4FCF-8018-735DA4B4316F}.Release|iPhoneSimulator.Deploy.0 = Release|Any CPU
		{BF48F3B5-7883-4FCF-8018-735DA4B4316F}.Release|Mixed Platforms.ActiveCfg = Release|x86
		{BF48F3B5-7883-4FCF-8018-735DA4B4316F}.Release|Mixed Platforms.Build.0 = Release|x86
		{BF48F3B5-7883-4FCF-8018-735DA4B4316F}.Release|Mixed Platforms.Deploy.0 = Release|x86
		{BF48F3B5-7883-4FCF-8018-735DA4B4316F}.Release|x86.ActiveCfg = Release|x86
		{BF48F3B5-7883-4FCF-8018-735DA4B4316F}.Release|x86.Build.0 = Release|x86
		{BF48F3B5-7883-4FCF-8018-735DA4B4316F}.Release|x86.Deploy.0 = Release|x86
		{90946BA4-FCAC-490B-BBCE-A517B9C982B8}.Ad-Hoc|Any CPU.ActiveCfg = Release|Any CPU
		{90946BA4-FCAC-490B-BBCE-A517B9C982B8}.Ad-Hoc|Any CPU.Build.0 = Release|Any CPU
		{90946BA4-FCAC-490B-BBCE-A517B9C982B8}.Ad-Hoc|ARM.ActiveCfg = Release|Any CPU
		{90946BA4-FCAC-490B-BBCE-A517B9C982B8}.Ad-Hoc|ARM.Build.0 = Release|Any CPU
		{90946BA4-FCAC-490B-BBCE-A517B9C982B8}.Ad-Hoc|iPhone.ActiveCfg = Release|Any CPU
		{90946BA4-FCAC-490B-BBCE-A517B9C982B8}.Ad-Hoc|iPhone.Build.0 = Release|Any CPU
		{90946BA4-FCAC-490B-BBCE-A517B9C982B8}.Ad-Hoc|iPhoneSimulator.ActiveCfg = Release|Any CPU
		{90946BA4-FCAC-490B-BBCE-A517B9C982B8}.Ad-Hoc|iPhoneSimulator.Build.0 = Release|Any CPU
		{90946BA4-FCAC-490B-BBCE-A517B9C982B8}.Ad-Hoc|Mixed Platforms.ActiveCfg = Release|Any CPU
		{90946BA4-FCAC-490B-BBCE-A517B9C982B8}.Ad-Hoc|Mixed Platforms.Build.0 = Release|Any CPU
		{90946BA4-FCAC-490B-BBCE-A517B9C982B8}.Ad-Hoc|x86.ActiveCfg = Release|Any CPU
		{90946BA4-FCAC-490B-BBCE-A517B9C982B8}.Ad-Hoc|x86.Build.0 = Release|Any CPU
		{90946BA4-FCAC-490B-BBCE-A517B9C982B8}.AppStore|Any CPU.ActiveCfg = Release|Any CPU
		{90946BA4-FCAC-490B-BBCE-A517B9C982B8}.AppStore|Any CPU.Build.0 = Release|Any CPU
		{90946BA4-FCAC-490B-BBCE-A517B9C982B8}.AppStore|ARM.ActiveCfg = Release|Any CPU
		{90946BA4-FCAC-490B-BBCE-A517B9C982B8}.AppStore|ARM.Build.0 = Release|Any CPU
		{90946BA4-FCAC-490B-BBCE-A517B9C982B8}.AppStore|iPhone.ActiveCfg = Release|Any CPU
		{90946BA4-FCAC-490B-BBCE-A517B9C982B8}.AppStore|iPhone.Build.0 = Release|Any CPU
		{90946BA4-FCAC-490B-BBCE-A517B9C982B8}.AppStore|iPhoneSimulator.ActiveCfg = Release|Any CPU
		{90946BA4-FCAC-490B-BBCE-A517B9C982B8}.AppStore|iPhoneSimulator.Build.0 = Release|Any CPU
		{90946BA4-FCAC-490B-BBCE-A517B9C982B8}.AppStore|Mixed Platforms.ActiveCfg = Release|Any CPU
		{90946BA4-FCAC-490B-BBCE-A517B9C982B8}.AppStore|Mixed Platforms.Build.0 = Release|Any CPU
		{90946BA4-FCAC-490B-BBCE-A517B9C982B8}.AppStore|x86.ActiveCfg = Release|Any CPU
		{90946BA4-FCAC-490B-BBCE-A517B9C982B8}.AppStore|x86.Build.0 = Release|Any CPU
		{90946BA4-FCAC-490B-BBCE-A517B9C982B8}.Debug|Any CPU.ActiveCfg = Debug|Any CPU
		{90946BA4-FCAC-490B-BBCE-A517B9C982B8}.Debug|Any CPU.Build.0 = Debug|Any CPU
		{90946BA4-FCAC-490B-BBCE-A517B9C982B8}.Debug|ARM.ActiveCfg = Debug|Any CPU
		{90946BA4-FCAC-490B-BBCE-A517B9C982B8}.Debug|ARM.Build.0 = Debug|Any CPU
		{90946BA4-FCAC-490B-BBCE-A517B9C982B8}.Debug|iPhone.ActiveCfg = Debug|Any CPU
		{90946BA4-FCAC-490B-BBCE-A517B9C982B8}.Debug|iPhone.Build.0 = Debug|Any CPU
		{90946BA4-FCAC-490B-BBCE-A517B9C982B8}.Debug|iPhoneSimulator.ActiveCfg = Debug|Any CPU
		{90946BA4-FCAC-490B-BBCE-A517B9C982B8}.Debug|iPhoneSimulator.Build.0 = Debug|Any CPU
		{90946BA4-FCAC-490B-BBCE-A517B9C982B8}.Debug|Mixed Platforms.ActiveCfg = Debug|Any CPU
		{90946BA4-FCAC-490B-BBCE-A517B9C982B8}.Debug|Mixed Platforms.Build.0 = Debug|Any CPU
		{90946BA4-FCAC-490B-BBCE-A517B9C982B8}.Debug|x86.ActiveCfg = Debug|Any CPU
		{90946BA4-FCAC-490B-BBCE-A517B9C982B8}.Debug|x86.Build.0 = Debug|Any CPU
		{90946BA4-FCAC-490B-BBCE-A517B9C982B8}.Release|Any CPU.ActiveCfg = Release|Any CPU
		{90946BA4-FCAC-490B-BBCE-A517B9C982B8}.Release|Any CPU.Build.0 = Release|Any CPU
		{90946BA4-FCAC-490B-BBCE-A517B9C982B8}.Release|ARM.ActiveCfg = Release|Any CPU
		{90946BA4-FCAC-490B-BBCE-A517B9C982B8}.Release|ARM.Build.0 = Release|Any CPU
		{90946BA4-FCAC-490B-BBCE-A517B9C982B8}.Release|iPhone.ActiveCfg = Release|Any CPU
		{90946BA4-FCAC-490B-BBCE-A517B9C982B8}.Release|iPhone.Build.0 = Release|Any CPU
		{90946BA4-FCAC-490B-BBCE-A517B9C982B8}.Release|iPhoneSimulator.ActiveCfg = Release|Any CPU
		{90946BA4-FCAC-490B-BBCE-A517B9C982B8}.Release|iPhoneSimulator.Build.0 = Release|Any CPU
		{90946BA4-FCAC-490B-BBCE-A517B9C982B8}.Release|Mixed Platforms.ActiveCfg = Release|Any CPU
		{90946BA4-FCAC-490B-BBCE-A517B9C982B8}.Release|Mixed Platforms.Build.0 = Release|Any CPU
		{90946BA4-FCAC-490B-BBCE-A517B9C982B8}.Release|x86.ActiveCfg = Release|Any CPU
		{90946BA4-FCAC-490B-BBCE-A517B9C982B8}.Release|x86.Build.0 = Release|Any CPU
	EndGlobalSection
	GlobalSection(SolutionProperties) = preSolution
		HideSolutionNode = FALSE
	EndGlobalSection
	GlobalSection(NestedProjects) = preSolution
		{CC18E151-5792-4DA5-ADE6-7CFBA16A593E} = {21CC8547-CA75-41BF-91AB-319DCE25B7E9}
		{2142B859-21E9-484D-880A-26AD708569DB} = {21CC8547-CA75-41BF-91AB-319DCE25B7E9}
		{3AC4ED82-3D1E-4767-8C17-39EF6337AA64} = {21CC8547-CA75-41BF-91AB-319DCE25B7E9}
		{5446C4A3-ED4C-48F0-99BD-F2B60F867475} = {21CC8547-CA75-41BF-91AB-319DCE25B7E9}
		{B2AF970D-D640-451C-95AF-92AF531B8C1E} = {24AF2444-83DE-4C55-AE1D-0F6CA6BC11B6}
		{B12D20AA-0EDF-4903-B385-BB8090848532} = {24AF2444-83DE-4C55-AE1D-0F6CA6BC11B6}
		{1D5482F6-AA89-422C-9E34-88A8A1AD8AB6} = {24AF2444-83DE-4C55-AE1D-0F6CA6BC11B6}
		{FB73D461-D197-42A2-8928-086333277E54} = {24AF2444-83DE-4C55-AE1D-0F6CA6BC11B6}
		{8003CA64-8BF4-4B88-93B0-374E0783C9F6} = {F6A7FE4B-0405-4132-976C-41078A15319B}
		{3E4C8F7A-E382-4A68-B306-1AC4EE6F6D18} = {F6A7FE4B-0405-4132-976C-41078A15319B}
		{BF48F3B5-7883-4FCF-8018-735DA4B4316F} = {F6A7FE4B-0405-4132-976C-41078A15319B}
		{90946BA4-FCAC-490B-BBCE-A517B9C982B8} = {F6A7FE4B-0405-4132-976C-41078A15319B}
	EndGlobalSection
EndGlobal
