
Microsoft Visual Studio Solution File, Format Version 12.00
# Visual Studio 2012
Project("{FAE04EC0-301F-11D3-BF4B-00C04F79EFBC}") = "Sample.iOS", "Sample.iOS.csproj", "{36FA6AFC-AF0C-4C0B-87B8-6DC29B00AF8C}"
EndProject
Global
	GlobalSection(SolutionConfigurationPlatforms) = preSolution
		Debug|iPhoneSimulator = Debug|iPhoneSimulator
		Release|iPhoneSimulator = Release|iPhoneSimulator
		Debug|iPhone = Debug|iPhone
		Release|iPhone = Release|iPhone
		Ad-Hoc|iPhone = Ad-Hoc|iPhone
		AppStore|iPhone = AppStore|iPhone
	EndGlobalSection
	GlobalSection(ProjectConfigurationPlatforms) = postSolution
		{36FA6AFC-AF0C-4C0B-87B8-6DC29B00AF8C}.Ad-Hoc|iPhone.ActiveCfg = Ad-Hoc|iPhone
		{36FA6AFC-AF0C-4C0B-87B8-6DC29B00AF8C}.Ad-Hoc|iPhone.Build.0 = Ad-Hoc|iPhone
		{36FA6AFC-AF0C-4C0B-87B8-6DC29B00AF8C}.AppStore|iPhone.ActiveCfg = AppStore|iPhone
		{36FA6AFC-AF0C-4C0B-87B8-6DC29B00AF8C}.AppStore|iPhone.Build.0 = AppStore|iPhone
		{36FA6AFC-AF0C-4C0B-87B8-6DC29B00AF8C}.Debug|iPhone.ActiveCfg = Debug|iPhone
		{36FA6AFC-AF0C-4C0B-87B8-6DC29B00AF8C}.Debug|iPhone.Build.0 = Debug|iPhone
		{36FA6AFC-AF0C-4C0B-87B8-6DC29B00AF8C}.Debug|iPhoneSimulator.ActiveCfg = Debug|iPhoneSimulator
		{36FA6AFC-AF0C-4C0B-87B8-6DC29B00AF8C}.Debug|iPhoneSimulator.Build.0 = Debug|iPhoneSimulator
		{36FA6AFC-AF0C-4C0B-87B8-6DC29B00AF8C}.Release|iPhone.ActiveCfg = Release|iPhone
		{36FA6AFC-AF0C-4C0B-87B8-6DC29B00AF8C}.Release|iPhone.Build.0 = Release|iPhone
		{36FA6AFC-AF0C-4C0B-87B8-6DC29B00AF8C}.Release|iPhoneSimulator.ActiveCfg = Release|iPhoneSimulator
		{36FA6AFC-AF0C-4C0B-87B8-6DC29B00AF8C}.Release|iPhoneSimulator.Build.0 = Release|iPhoneSimulator
		{BEF71536-787B-431F-AC7F-A6469710D11F}.Ad-Hoc|iPhone.ActiveCfg = Release|Any CPU
		{BEF71536-787B-431F-AC7F-A6469710D11F}.Ad-Hoc|iPhone.Build.0 = Release|Any CPU
		{BEF71536-787B-431F-AC7F-A6469710D11F}.AppStore|iPhone.ActiveCfg = Release|Any CPU
		{BEF71536-787B-431F-AC7F-A6469710D11F}.AppStore|iPhone.Build.0 = Release|Any CPU
		{BEF71536-787B-431F-AC7F-A6469710D11F}.Debug|iPhone.ActiveCfg = Debug|Any CPU
		{BEF71536-787B-431F-AC7F-A6469710D11F}.Debug|iPhone.Build.0 = Debug|Any CPU
		{BEF71536-787B-431F-AC7F-A6469710D11F}.Debug|iPhoneSimulator.ActiveCfg = Debug|Any CPU
		{BEF71536-787B-431F-AC7F-A6469710D11F}.Debug|iPhoneSimulator.Build.0 = Debug|Any CPU
		{BEF71536-787B-431F-AC7F-A6469710D11F}.Release|iPhone.ActiveCfg = Release|Any CPU
		{BEF71536-787B-431F-AC7F-A6469710D11F}.Release|iPhone.Build.0 = Release|Any CPU
		{BEF71536-787B-431F-AC7F-A6469710D11F}.Release|iPhoneSimulator.ActiveCfg = Release|Any CPU
		{BEF71536-787B-431F-AC7F-A6469710D11F}.Release|iPhoneSimulator.Build.0 = Release|Any CPU
	EndGlobalSection
	GlobalSection(MonoDevelopProperties) = preSolution
		StartupItem = Sample.iOS.csproj
	EndGlobalSection
EndGlobal
