
Microsoft Visual Studio Solution File, Format Version 11.00
# Visual Studio 2010
Project("{FAE04EC0-301F-11D3-BF4B-00C04F79EFBC}") = "Sample", "Sample.csproj", "{733E5CA3-D51E-48A9-81C8-5509C0BA90CF}"
EndProject
Global
	GlobalSection(SolutionConfigurationPlatforms) = preSolution
		Debug|iPhoneSimulator = Debug|iPhoneSimulator
		Release|iPhoneSimulator = Release|iPhoneSimulator
		Debug|iPhone = Debug|iPhone
		Release|iPhone = Release|iPhone
		Ad-Hoc|iPhone = Ad-Hoc|iPhone
		AppStore|iPhone = AppStore|iPhone
	EndGlobalSection
	GlobalSection(ProjectConfigurationPlatforms) = postSolution
		{1E112A81-4384-42E3-84CF-CDEDC5FD1B24}.Ad-Hoc|iPhone.ActiveCfg = Release|Any CPU
		{1E112A81-4384-42E3-84CF-CDEDC5FD1B24}.Ad-Hoc|iPhone.Build.0 = Release|Any CPU
		{1E112A81-4384-42E3-84CF-CDEDC5FD1B24}.AppStore|iPhone.ActiveCfg = Release|Any CPU
		{1E112A81-4384-42E3-84CF-CDEDC5FD1B24}.AppStore|iPhone.Build.0 = Release|Any CPU
		{1E112A81-4384-42E3-84CF-CDEDC5FD1B24}.Debug|iPhone.ActiveCfg = Debug|Any CPU
		{1E112A81-4384-42E3-84CF-CDEDC5FD1B24}.Debug|iPhone.Build.0 = Debug|Any CPU
		{1E112A81-4384-42E3-84CF-CDEDC5FD1B24}.Debug|iPhoneSimulator.ActiveCfg = Debug|Any CPU
		{1E112A81-4384-42E3-84CF-CDEDC5FD1B24}.Debug|iPhoneSimulator.Build.0 = Debug|Any CPU
		{1E112A81-4384-42E3-84CF-CDEDC5FD1B24}.Release|iPhone.ActiveCfg = Release|Any CPU
		{1E112A81-4384-42E3-84CF-CDEDC5FD1B24}.Release|iPhone.Build.0 = Release|Any CPU
		{1E112A81-4384-42E3-84CF-CDEDC5FD1B24}.Release|iPhoneSimulator.ActiveCfg = Release|Any CPU
		{1E112A81-4384-42E3-84CF-CDEDC5FD1B24}.Release|iPhoneSimulator.Build.0 = Release|Any CPU
		{733E5CA3-D51E-48A9-81C8-5509C0BA90CF}.Ad-Hoc|iPhone.ActiveCfg = Ad-Hoc|iPhone
		{733E5CA3-D51E-48A9-81C8-5509C0BA90CF}.Ad-Hoc|iPhone.Build.0 = Ad-Hoc|iPhone
		{733E5CA3-D51E-48A9-81C8-5509C0BA90CF}.AppStore|iPhone.ActiveCfg = AppStore|iPhone
		{733E5CA3-D51E-48A9-81C8-5509C0BA90CF}.AppStore|iPhone.Build.0 = AppStore|iPhone
		{733E5CA3-D51E-48A9-81C8-5509C0BA90CF}.Debug|iPhone.ActiveCfg = Debug|iPhone
		{733E5CA3-D51E-48A9-81C8-5509C0BA90CF}.Debug|iPhone.Build.0 = Debug|iPhone
		{733E5CA3-D51E-48A9-81C8-5509C0BA90CF}.Debug|iPhoneSimulator.ActiveCfg = Debug|iPhoneSimulator
		{733E5CA3-D51E-48A9-81C8-5509C0BA90CF}.Debug|iPhoneSimulator.Build.0 = Debug|iPhoneSimulator
		{733E5CA3-D51E-48A9-81C8-5509C0BA90CF}.Release|iPhone.ActiveCfg = Release|iPhone
		{733E5CA3-D51E-48A9-81C8-5509C0BA90CF}.Release|iPhone.Build.0 = Release|iPhone
		{733E5CA3-D51E-48A9-81C8-5509C0BA90CF}.Release|iPhoneSimulator.ActiveCfg = Release|iPhoneSimulator
		{733E5CA3-D51E-48A9-81C8-5509C0BA90CF}.Release|iPhoneSimulator.Build.0 = Release|iPhoneSimulator
	EndGlobalSection
	GlobalSection(MonoDevelopProperties) = preSolution
		StartupItem = Sample.csproj
	EndGlobalSection
EndGlobal
